// !$*UTF8*$!
{
	archiveVersion = 1;
	classes = {
	};
	objectVersion = 46;
	objects = {

/* Begin PBXBuildFile section */
		32243AF116CDD4460077EDC8 /* Foundation.framework in Frameworks */ = {isa = PBXBuildFile; fileRef = 326FD0CE16CB6209004248F9 /* Foundation.framework */; };
		32243B0216CDE3C80077EDC8 /* OKBridge.m in Sources */ = {isa = PBXBuildFile; fileRef = 32243AFE16CDE3C80077EDC8 /* OKBridge.m */; };
		32243B0316CDE3C80077EDC8 /* OKUnityHelper.m in Sources */ = {isa = PBXBuildFile; fileRef = 32243B0016CDE3C80077EDC8 /* OKUnityHelper.m */; };
		32243B0516CDE3EF0077EDC8 /* libmono.0.dylib in Frameworks */ = {isa = PBXBuildFile; fileRef = 32243B0416CDE3EF0077EDC8 /* libmono.0.dylib */; };
		324C830818281A9D008B59B6 /* libOpenKit.a in Frameworks */ = {isa = PBXBuildFile; fileRef = 326FD0CB16CB6209004248F9 /* libOpenKit.a */; };
		324C830918281A9D008B59B6 /* libsqlite3.dylib in Frameworks */ = {isa = PBXBuildFile; fileRef = 32CAD0EA16CB74DF00E8F185 /* libsqlite3.dylib */; };
		324C830A18281A9D008B59B6 /* GameKit.framework in Frameworks */ = {isa = PBXBuildFile; fileRef = 445B3BFB1767F5D300952456 /* GameKit.framework */; };
		324C830C18281A9D008B59B6 /* MessageUI.framework in Frameworks */ = {isa = PBXBuildFile; fileRef = 2CD025EC17A8A1A7001ECD84 /* MessageUI.framework */; };
		324C830D18281A9D008B59B6 /* Security.framework in Frameworks */ = {isa = PBXBuildFile; fileRef = 32CAD0E616CB74CB00E8F185 /* Security.framework */; };
		324C830E18281A9D008B59B6 /* QuartzCore.framework in Frameworks */ = {isa = PBXBuildFile; fileRef = 32CAD0E416CB74B000E8F185 /* QuartzCore.framework */; };
		324C831018281A9D008B59B6 /* Accounts.framework in Frameworks */ = {isa = PBXBuildFile; fileRef = 32CAD0DD16CB743600E8F185 /* Accounts.framework */; };
		324C831118281A9D008B59B6 /* Social.framework in Frameworks */ = {isa = PBXBuildFile; fileRef = 32CAD0DB16CB742500E8F185 /* Social.framework */; };
		324C831318281A9D008B59B6 /* SystemConfiguration.framework in Frameworks */ = {isa = PBXBuildFile; fileRef = 32CAD0D516CB732200E8F185 /* SystemConfiguration.framework */; };
		324C831418281A9D008B59B6 /* Foundation.framework in Frameworks */ = {isa = PBXBuildFile; fileRef = 326FD0CE16CB6209004248F9 /* Foundation.framework */; };
		324C831518281A9D008B59B6 /* UIKit.framework in Frameworks */ = {isa = PBXBuildFile; fileRef = 32CAD05016CB698C00E8F185 /* UIKit.framework */; };
		324C831618281A9D008B59B6 /* CoreGraphics.framework in Frameworks */ = {isa = PBXBuildFile; fileRef = 32CAD05316CB698C00E8F185 /* CoreGraphics.framework */; };
		324C83EB18281AF5008B59B6 /* OKAuth.m in Sources */ = {isa = PBXBuildFile; fileRef = 324C83AC18281AF5008B59B6 /* OKAuth.m */; };
		324C83EC18281AF5008B59B6 /* OKChallenge.m in Sources */ = {isa = PBXBuildFile; fileRef = 324C83AE18281AF5008B59B6 /* OKChallenge.m */; };
		324C83ED18281AF5008B59B6 /* OKCrypto.m in Sources */ = {isa = PBXBuildFile; fileRef = 324C83B018281AF5008B59B6 /* OKCrypto.m */; };
		324C83EE18281AF5008B59B6 /* OKDBConnection.m in Sources */ = {isa = PBXBuildFile; fileRef = 324C83B218281AF5008B59B6 /* OKDBConnection.m */; };
		324C83EF18281AF5008B59B6 /* OKDBScore.m in Sources */ = {isa = PBXBuildFile; fileRef = 324C83B418281AF5008B59B6 /* OKDBScore.m */; };
		324C83F118281AF5008B59B6 /* OKError.m in Sources */ = {isa = PBXBuildFile; fileRef = 324C83B918281AF5008B59B6 /* OKError.m */; };
		324C83F218281AF5008B59B6 /* OKFileUtil.m in Sources */ = {isa = PBXBuildFile; fileRef = 324C83BB18281AF5008B59B6 /* OKFileUtil.m */; };
		324C83F318281AF5008B59B6 /* OKGame.m in Sources */ = {isa = PBXBuildFile; fileRef = 324C83BD18281AF5008B59B6 /* OKGame.m */; };
		324C83F418281AF5008B59B6 /* OKHelper.m in Sources */ = {isa = PBXBuildFile; fileRef = 324C83BF18281AF5008B59B6 /* OKHelper.m */; };
		324C83F518281AF5008B59B6 /* OKLeaderboard.m in Sources */ = {isa = PBXBuildFile; fileRef = 324C83C118281AF5008B59B6 /* OKLeaderboard.m */; };
		324C83F618281AF5008B59B6 /* OKManager.m in Sources */ = {isa = PBXBuildFile; fileRef = 324C83C418281AF5008B59B6 /* OKManager.m */; };
		324C83F718281AF5008B59B6 /* OKNetworker.m in Sources */ = {isa = PBXBuildFile; fileRef = 324C83C618281AF5008B59B6 /* OKNetworker.m */; };
		324C83F818281AF5008B59B6 /* OKRequest.m in Sources */ = {isa = PBXBuildFile; fileRef = 324C83CA18281AF5008B59B6 /* OKRequest.m */; };
		324C83F918281AF5008B59B6 /* OKRequestUtils.m in Sources */ = {isa = PBXBuildFile; fileRef = 324C83CC18281AF5008B59B6 /* OKRequestUtils.m */; };
		324C83FA18281AF5008B59B6 /* OKResponse.m in Sources */ = {isa = PBXBuildFile; fileRef = 324C83CE18281AF5008B59B6 /* OKResponse.m */; };
		324C83FB18281AF5008B59B6 /* OKScore.m in Sources */ = {isa = PBXBuildFile; fileRef = 324C83D018281AF5008B59B6 /* OKScore.m */; };
		324C83FE18281AF5008B59B6 /* OKUpload.m in Sources */ = {isa = PBXBuildFile; fileRef = 324C83D618281AF5008B59B6 /* OKUpload.m */; };
		324C83FF18281AF5008B59B6 /* OKUser.m in Sources */ = {isa = PBXBuildFile; fileRef = 324C83D818281AF5008B59B6 /* OKUser.m */; };
		324C840018281AF5008B59B6 /* OKUtils.m in Sources */ = {isa = PBXBuildFile; fileRef = 324C83DA18281AF5008B59B6 /* OKUtils.m */; };
		324C844C18281B10008B59B6 /* AbstractActionSheetPicker.m in Sources */ = {isa = PBXBuildFile; fileRef = 324C840A18281B10008B59B6 /* AbstractActionSheetPicker.m */; };
		324C844D18281B10008B59B6 /* ActionSheetStringPicker.m in Sources */ = {isa = PBXBuildFile; fileRef = 324C840C18281B10008B59B6 /* ActionSheetStringPicker.m */; };
		324C844E18281B10008B59B6 /* KGModal.m in Sources */ = {isa = PBXBuildFile; fileRef = 324C840E18281B10008B59B6 /* KGModal.m */; };
		324C844F18281B10008B59B6 /* OKBaseViewController.m in Sources */ = {isa = PBXBuildFile; fileRef = 324C841018281B10008B59B6 /* OKBaseViewController.m */; };
		324C845018281B10008B59B6 /* OKFBLoginCell.m in Sources */ = {isa = PBXBuildFile; fileRef = 324C841218281B10008B59B6 /* OKFBLoginCell.m */; };
		324C845118281B10008B59B6 /* OKGUI.m in Sources */ = {isa = PBXBuildFile; fileRef = 324C841418281B10008B59B6 /* OKGUI.m */; };
		324C845218281B10008B59B6 /* OKLeaderboardListCell.m in Sources */ = {isa = PBXBuildFile; fileRef = 324C841618281B10008B59B6 /* OKLeaderboardListCell.m */; };
		324C845318281B10008B59B6 /* OKLeaderboardsListViewController.m in Sources */ = {isa = PBXBuildFile; fileRef = 324C841818281B10008B59B6 /* OKLeaderboardsListViewController.m */; };
		324C845418281B10008B59B6 /* OKLoginView.m in Sources */ = {isa = PBXBuildFile; fileRef = 324C841A18281B10008B59B6 /* OKLoginView.m */; };
		324C845518281B10008B59B6 /* OKProfileViewController.m in Sources */ = {isa = PBXBuildFile; fileRef = 324C841C18281B10008B59B6 /* OKProfileViewController.m */; };
		324C845618281B10008B59B6 /* OKScoreCell.m in Sources */ = {isa = PBXBuildFile; fileRef = 324C841E18281B10008B59B6 /* OKScoreCell.m */; };
		324C845718281B10008B59B6 /* OKSocialLeaderboardViewController.m in Sources */ = {isa = PBXBuildFile; fileRef = 324C842018281B10008B59B6 /* OKSocialLeaderboardViewController.m */; };
		324C845818281B10008B59B6 /* OKSpinnerCell.m in Sources */ = {isa = PBXBuildFile; fileRef = 324C842218281B10008B59B6 /* OKSpinnerCell.m */; };
		324C845918281B10008B59B6 /* back_button.png in Resources */ = {isa = PBXBuildFile; fileRef = 324C842518281B10008B59B6 /* back_button.png */; };
		324C845A18281B10008B59B6 /* back_button@2x.png in Resources */ = {isa = PBXBuildFile; fileRef = 324C842618281B10008B59B6 /* back_button@2x.png */; };
		324C845B18281B10008B59B6 /* close.png in Resources */ = {isa = PBXBuildFile; fileRef = 324C842718281B10008B59B6 /* close.png */; };
		324C845C18281B10008B59B6 /* close@2x.png in Resources */ = {isa = PBXBuildFile; fileRef = 324C842818281B10008B59B6 /* close@2x.png */; };
		324C845D18281B10008B59B6 /* facebook_icon.png in Resources */ = {isa = PBXBuildFile; fileRef = 324C842918281B10008B59B6 /* facebook_icon.png */; };
		324C845E18281B10008B59B6 /* facebook_icon@2x.png in Resources */ = {isa = PBXBuildFile; fileRef = 324C842A18281B10008B59B6 /* facebook_icon@2x.png */; };
		324C845F18281B10008B59B6 /* gamecenter_icon.png in Resources */ = {isa = PBXBuildFile; fileRef = 324C842B18281B10008B59B6 /* gamecenter_icon.png */; };
		324C846018281B10008B59B6 /* gamecenter_icon@2x.png in Resources */ = {isa = PBXBuildFile; fileRef = 324C842C18281B10008B59B6 /* gamecenter_icon@2x.png */; };
		324C846118281B10008B59B6 /* gear.png in Resources */ = {isa = PBXBuildFile; fileRef = 324C842D18281B10008B59B6 /* gear.png */; };
		324C846218281B10008B59B6 /* gear@2x.png in Resources */ = {isa = PBXBuildFile; fileRef = 324C842E18281B10008B59B6 /* gear@2x.png */; };
		324C846318281B10008B59B6 /* include_fb_off.png in Resources */ = {isa = PBXBuildFile; fileRef = 324C842F18281B10008B59B6 /* include_fb_off.png */; };
		324C846418281B10008B59B6 /* include_fb_off@2x.png in Resources */ = {isa = PBXBuildFile; fileRef = 324C843018281B10008B59B6 /* include_fb_off@2x.png */; };
		324C846518281B10008B59B6 /* include_fb_on.png in Resources */ = {isa = PBXBuildFile; fileRef = 324C843118281B10008B59B6 /* include_fb_on.png */; };
		324C846618281B10008B59B6 /* include_fb_on@2x.png in Resources */ = {isa = PBXBuildFile; fileRef = 324C843218281B10008B59B6 /* include_fb_on@2x.png */; };
		324C846718281B10008B59B6 /* include_gc_off.png in Resources */ = {isa = PBXBuildFile; fileRef = 324C843318281B10008B59B6 /* include_gc_off.png */; };
		324C846818281B10008B59B6 /* include_gc_off@2x.png in Resources */ = {isa = PBXBuildFile; fileRef = 324C843418281B10008B59B6 /* include_gc_off@2x.png */; };
		324C846918281B10008B59B6 /* include_gc_on.png in Resources */ = {isa = PBXBuildFile; fileRef = 324C843518281B10008B59B6 /* include_gc_on.png */; };
		324C846A18281B10008B59B6 /* include_gc_on@2x.png in Resources */ = {isa = PBXBuildFile; fileRef = 324C843618281B10008B59B6 /* include_gc_on@2x.png */; };
		324C846B18281B10008B59B6 /* invite.png in Resources */ = {isa = PBXBuildFile; fileRef = 324C843718281B10008B59B6 /* invite.png */; };
		324C846C18281B10008B59B6 /* invite@2x.png in Resources */ = {isa = PBXBuildFile; fileRef = 324C843818281B10008B59B6 /* invite@2x.png */; };
		324C846D18281B10008B59B6 /* ok_facebook_off.png in Resources */ = {isa = PBXBuildFile; fileRef = 324C843918281B10008B59B6 /* ok_facebook_off.png */; };
		324C846E18281B10008B59B6 /* ok_facebook_off@2x.png in Resources */ = {isa = PBXBuildFile; fileRef = 324C843A18281B10008B59B6 /* ok_facebook_off@2x.png */; };
		324C846F18281B10008B59B6 /* ok_facebook_on.png in Resources */ = {isa = PBXBuildFile; fileRef = 324C843B18281B10008B59B6 /* ok_facebook_on.png */; };
		324C847018281B10008B59B6 /* ok_facebook_on@2x.png in Resources */ = {isa = PBXBuildFile; fileRef = 324C843C18281B10008B59B6 /* ok_facebook_on@2x.png */; };
		324C847118281B10008B59B6 /* ok_gamecenter_off.png in Resources */ = {isa = PBXBuildFile; fileRef = 324C843D18281B10008B59B6 /* ok_gamecenter_off.png */; };
		324C847218281B10008B59B6 /* ok_gamecenter_off@2x.png in Resources */ = {isa = PBXBuildFile; fileRef = 324C843E18281B10008B59B6 /* ok_gamecenter_off@2x.png */; };
		324C847318281B10008B59B6 /* ok_gamecenter_on.png in Resources */ = {isa = PBXBuildFile; fileRef = 324C843F18281B10008B59B6 /* ok_gamecenter_on.png */; };
		324C847418281B10008B59B6 /* ok_gamecenter_on@2x.png in Resources */ = {isa = PBXBuildFile; fileRef = 324C844018281B10008B59B6 /* ok_gamecenter_on@2x.png */; };
		324C847518281B10008B59B6 /* settings.png in Resources */ = {isa = PBXBuildFile; fileRef = 324C844118281B10008B59B6 /* settings.png */; };
		324C847618281B10008B59B6 /* settings@2x.png in Resources */ = {isa = PBXBuildFile; fileRef = 324C844218281B10008B59B6 /* settings@2x.png */; };
		324C847718281B10008B59B6 /* OKFBLoginCell.xib in Resources */ = {isa = PBXBuildFile; fileRef = 324C844418281B10008B59B6 /* OKFBLoginCell.xib */; };
		324C847818281B10008B59B6 /* OKLeaderboardsListViewController.xib in Resources */ = {isa = PBXBuildFile; fileRef = 324C844518281B10008B59B6 /* OKLeaderboardsListViewController.xib */; };
		324C847918281B10008B59B6 /* OKLoginView.xib in Resources */ = {isa = PBXBuildFile; fileRef = 324C844618281B10008B59B6 /* OKLoginView.xib */; };
		324C847A18281B10008B59B6 /* OKProfileViewController.xib in Resources */ = {isa = PBXBuildFile; fileRef = 324C844718281B10008B59B6 /* OKProfileViewController.xib */; };
		324C847B18281B10008B59B6 /* OKScoreCell.xib in Resources */ = {isa = PBXBuildFile; fileRef = 324C844818281B10008B59B6 /* OKScoreCell.xib */; };
		324C847C18281B10008B59B6 /* OKSocialLeaderboardVC.xib in Resources */ = {isa = PBXBuildFile; fileRef = 324C844918281B10008B59B6 /* OKSocialLeaderboardVC.xib */; };
		324C847D18281B10008B59B6 /* UIImageView+Openkit.m in Sources */ = {isa = PBXBuildFile; fileRef = 324C844B18281B10008B59B6 /* UIImageView+Openkit.m */; };
		324C848418281B1E008B59B6 /* ok_wildcard.der in Resources */ = {isa = PBXBuildFile; fileRef = 324C847E18281B1E008B59B6 /* ok_wildcard.der */; };
		324C848518281B1E008B59B6 /* ok_wildcard.der in Resources */ = {isa = PBXBuildFile; fileRef = 324C847E18281B1E008B59B6 /* ok_wildcard.der */; };
		324C848618281B1E008B59B6 /* OKFacebookPlugin.m in Sources */ = {isa = PBXBuildFile; fileRef = 324C848118281B1E008B59B6 /* OKFacebookPlugin.m */; };
		324C848718281B1E008B59B6 /* OKFacebookPlugin.m in Sources */ = {isa = PBXBuildFile; fileRef = 324C848118281B1E008B59B6 /* OKFacebookPlugin.m */; };
		324C848818281B1E008B59B6 /* OKGameCenterPlugin.m in Sources */ = {isa = PBXBuildFile; fileRef = 324C848318281B1E008B59B6 /* OKGameCenterPlugin.m */; };
		324C848918281B1E008B59B6 /* OKGameCenterPlugin.m in Sources */ = {isa = PBXBuildFile; fileRef = 324C848318281B1E008B59B6 /* OKGameCenterPlugin.m */; };
		324C84AD18281B95008B59B6 /* Images.xcassets in Resources */ = {isa = PBXBuildFile; fileRef = 324C849518281B8C008B59B6 /* Images.xcassets */; };
		324C84AE18281B95008B59B6 /* Images.xcassets in Resources */ = {isa = PBXBuildFile; fileRef = 324C849518281B8C008B59B6 /* Images.xcassets */; };
		324C84AF18281B9C008B59B6 /* AppDelegate.m in Sources */ = {isa = PBXBuildFile; fileRef = 324C848D18281B8C008B59B6 /* AppDelegate.m */; };
		324C84B018281BA2008B59B6 /* main.m in Sources */ = {isa = PBXBuildFile; fileRef = 324C848F18281B8C008B59B6 /* main.m */; };
		324C84B118281BA5008B59B6 /* ViewController.m in Sources */ = {isa = PBXBuildFile; fileRef = 324C849418281B8C008B59B6 /* ViewController.m */; };
		324C84B218281BAC008B59B6 /* ViewController.xib in Resources */ = {isa = PBXBuildFile; fileRef = 324C849218281B8C008B59B6 /* ViewController.xib */; };
		324C84B518281BD2008B59B6 /* OKViewController.m in Sources */ = {isa = PBXBuildFile; fileRef = 324C84A318281B8C008B59B6 /* OKViewController.m */; };
		324C84B618281BD5008B59B6 /* ScoreSubmitterVC.m in Sources */ = {isa = PBXBuildFile; fileRef = 324C84AC18281B8C008B59B6 /* ScoreSubmitterVC.m */; };
		324C84B718281BD8008B59B6 /* OKAppDelegate.m in Sources */ = {isa = PBXBuildFile; fileRef = 324C84A118281B8C008B59B6 /* OKAppDelegate.m */; };
		324C84B918281BEA008B59B6 /* ScoreSubmitterVC.xib in Resources */ = {isa = PBXBuildFile; fileRef = 324C84A818281B8C008B59B6 /* ScoreSubmitterVC.xib */; };
		324C84BA18281BED008B59B6 /* ViewController.xib in Resources */ = {isa = PBXBuildFile; fileRef = 324C84A918281B8C008B59B6 /* ViewController.xib */; };
		324C84BD18281C2F008B59B6 /* main.m in Sources */ = {isa = PBXBuildFile; fileRef = 324C849F18281B8C008B59B6 /* main.m */; };
		326DA8B3185F83BA00AA8A84 /* OKUUIDPlugin.m in Sources */ = {isa = PBXBuildFile; fileRef = 3279F43C18459C8F00B58A1C /* OKUUIDPlugin.m */; };
		326DA8B4185F83BF00AA8A84 /* OKFacebookPlugin.m in Sources */ = {isa = PBXBuildFile; fileRef = 324C848118281B1E008B59B6 /* OKFacebookPlugin.m */; };
		326DA8B5185F83C100AA8A84 /* OKGameCenterPlugin.m in Sources */ = {isa = PBXBuildFile; fileRef = 324C848318281B1E008B59B6 /* OKGameCenterPlugin.m */; };
		326FD0CF16CB6209004248F9 /* Foundation.framework in Frameworks */ = {isa = PBXBuildFile; fileRef = 326FD0CE16CB6209004248F9 /* Foundation.framework */; };
		3279F43D18459C8F00B58A1C /* OKUUIDPlugin.m in Sources */ = {isa = PBXBuildFile; fileRef = 3279F43C18459C8F00B58A1C /* OKUUIDPlugin.m */; };
		3279F43E18459CB000B58A1C /* OKUUIDPlugin.m in Sources */ = {isa = PBXBuildFile; fileRef = 3279F43C18459C8F00B58A1C /* OKUUIDPlugin.m */; };
		3279F43F18459CB100B58A1C /* OKUUIDPlugin.m in Sources */ = {isa = PBXBuildFile; fileRef = 3279F43C18459C8F00B58A1C /* OKUUIDPlugin.m */; };
		3284E16416CE4AFC00624827 /* OKUnityHelper.m in Sources */ = {isa = PBXBuildFile; fileRef = 32243B0016CDE3C80077EDC8 /* OKUnityHelper.m */; };
		3284E16516CE4AFE00624827 /* OKBridge.m in Sources */ = {isa = PBXBuildFile; fileRef = 32243AFE16CDE3C80077EDC8 /* OKBridge.m */; };
		3284E16616CE4B0400624827 /* libmono.0.dylib in Frameworks */ = {isa = PBXBuildFile; fileRef = 32243B0416CDE3EF0077EDC8 /* libmono.0.dylib */; };
		3295C14B1819D76F0044783E /* MessageUI.framework in Frameworks */ = {isa = PBXBuildFile; fileRef = 2CD025EC17A8A1A7001ECD84 /* MessageUI.framework */; };
		3295C14C1819D76F0044783E /* Security.framework in Frameworks */ = {isa = PBXBuildFile; fileRef = 32CAD0E616CB74CB00E8F185 /* Security.framework */; };
		3295C14D1819D76F0044783E /* QuartzCore.framework in Frameworks */ = {isa = PBXBuildFile; fileRef = 32CAD0E416CB74B000E8F185 /* QuartzCore.framework */; };
		3295C14F1819D76F0044783E /* Accounts.framework in Frameworks */ = {isa = PBXBuildFile; fileRef = 32CAD0DD16CB743600E8F185 /* Accounts.framework */; };
		3295C1501819D76F0044783E /* Social.framework in Frameworks */ = {isa = PBXBuildFile; fileRef = 32CAD0DB16CB742500E8F185 /* Social.framework */; };
		3295C1521819D76F0044783E /* SystemConfiguration.framework in Frameworks */ = {isa = PBXBuildFile; fileRef = 32CAD0D516CB732200E8F185 /* SystemConfiguration.framework */; };
		3295C1531819D76F0044783E /* UIKit.framework in Frameworks */ = {isa = PBXBuildFile; fileRef = 32CAD05016CB698C00E8F185 /* UIKit.framework */; };
		3295C1541819D76F0044783E /* CoreGraphics.framework in Frameworks */ = {isa = PBXBuildFile; fileRef = 32CAD05316CB698C00E8F185 /* CoreGraphics.framework */; };
		3295F163184D441800E99585 /* libz.dylib in Frameworks */ = {isa = PBXBuildFile; fileRef = 3295F161184D440700E99585 /* libz.dylib */; };
		3295F164184D441D00E99585 /* libz.dylib in Frameworks */ = {isa = PBXBuildFile; fileRef = 3295F161184D440700E99585 /* libz.dylib */; };
		3295F165184D441F00E99585 /* libz.dylib in Frameworks */ = {isa = PBXBuildFile; fileRef = 3295F161184D440700E99585 /* libz.dylib */; };
		32ACE391182826AC00A40568 /* FacebookSDK.framework in Frameworks */ = {isa = PBXBuildFile; fileRef = 32ACE390182826AB00A40568 /* FacebookSDK.framework */; };
		32ACE392182826AC00A40568 /* FacebookSDK.framework in Frameworks */ = {isa = PBXBuildFile; fileRef = 32ACE390182826AB00A40568 /* FacebookSDK.framework */; };
		32ACE39E182826BA00A40568 /* OKFMDatabase.m in Sources */ = {isa = PBXBuildFile; fileRef = 32ACE395182826BA00A40568 /* OKFMDatabase.m */; };
		32ACE39F182826BA00A40568 /* OKFMDatabaseAdditions.m in Sources */ = {isa = PBXBuildFile; fileRef = 32ACE397182826BA00A40568 /* OKFMDatabaseAdditions.m */; };
		32ACE3A0182826BA00A40568 /* OKFMDatabasePool.m in Sources */ = {isa = PBXBuildFile; fileRef = 32ACE399182826BA00A40568 /* OKFMDatabasePool.m */; };
		32ACE3A1182826BA00A40568 /* OKFMDatabaseQueue.m in Sources */ = {isa = PBXBuildFile; fileRef = 32ACE39B182826BA00A40568 /* OKFMDatabaseQueue.m */; };
		32ACE3A2182826BA00A40568 /* OKFMResultSet.m in Sources */ = {isa = PBXBuildFile; fileRef = 32ACE39D182826BA00A40568 /* OKFMResultSet.m */; };
		32CCB721181B1A34000193D5 /* Foundation.framework in Frameworks */ = {isa = PBXBuildFile; fileRef = 326FD0CE16CB6209004248F9 /* Foundation.framework */; };
		32CCB722181B1A34000193D5 /* CoreGraphics.framework in Frameworks */ = {isa = PBXBuildFile; fileRef = 32CAD05316CB698C00E8F185 /* CoreGraphics.framework */; };
		32CCB723181B1A34000193D5 /* UIKit.framework in Frameworks */ = {isa = PBXBuildFile; fileRef = 32CAD05016CB698C00E8F185 /* UIKit.framework */; };
		32CCB77A181B1ACC000193D5 /* libsqlite3.dylib in Frameworks */ = {isa = PBXBuildFile; fileRef = 32CAD0EA16CB74DF00E8F185 /* libsqlite3.dylib */; };
		32CCB77B181B1ACC000193D5 /* GameKit.framework in Frameworks */ = {isa = PBXBuildFile; fileRef = 445B3BFB1767F5D300952456 /* GameKit.framework */; };
		32CCB77D181B1ACC000193D5 /* MessageUI.framework in Frameworks */ = {isa = PBXBuildFile; fileRef = 2CD025EC17A8A1A7001ECD84 /* MessageUI.framework */; };
		32CCB77E181B1ACC000193D5 /* Security.framework in Frameworks */ = {isa = PBXBuildFile; fileRef = 32CAD0E616CB74CB00E8F185 /* Security.framework */; };
		32CCB77F181B1ACC000193D5 /* QuartzCore.framework in Frameworks */ = {isa = PBXBuildFile; fileRef = 32CAD0E416CB74B000E8F185 /* QuartzCore.framework */; };
		32CCB781181B1ACC000193D5 /* Accounts.framework in Frameworks */ = {isa = PBXBuildFile; fileRef = 32CAD0DD16CB743600E8F185 /* Accounts.framework */; };
		32CCB782181B1ACC000193D5 /* Social.framework in Frameworks */ = {isa = PBXBuildFile; fileRef = 32CAD0DB16CB742500E8F185 /* Social.framework */; };
		32CCB784181B1ACC000193D5 /* SystemConfiguration.framework in Frameworks */ = {isa = PBXBuildFile; fileRef = 32CAD0D516CB732200E8F185 /* SystemConfiguration.framework */; };
		32CCB78B181B23F8000193D5 /* libOpenKit.a in Frameworks */ = {isa = PBXBuildFile; fileRef = 326FD0CB16CB6209004248F9 /* libOpenKit.a */; };
		32CE7C12184D1F9500F2193E /* GameReplay.m in Sources */ = {isa = PBXBuildFile; fileRef = 32CE7C0F184D1F9500F2193E /* GameReplay.m */; };
		32CE7C13184D1F9500F2193E /* GameView.m in Sources */ = {isa = PBXBuildFile; fileRef = 32CE7C11184D1F9500F2193E /* GameView.m */; };
		32CE7C16184D1F9F00F2193E /* GameReplayView.xib in Resources */ = {isa = PBXBuildFile; fileRef = 32CE7C14184D1F9F00F2193E /* GameReplayView.xib */; };
		32CE7C17184D1F9F00F2193E /* GameView.xib in Resources */ = {isa = PBXBuildFile; fileRef = 32CE7C15184D1F9F00F2193E /* GameView.xib */; };
		32DB0EFD18730BF500964AA3 /* OKAuthPlugin.m in Sources */ = {isa = PBXBuildFile; fileRef = 32DB0EFC18730BF500964AA3 /* OKAuthPlugin.m */; };
		445B3BFC1767F5D300952456 /* GameKit.framework in Frameworks */ = {isa = PBXBuildFile; fileRef = 445B3BFB1767F5D300952456 /* GameKit.framework */; };
/* End PBXBuildFile section */

/* Begin PBXContainerItemProxy section */
		324C830518281A9D008B59B6 /* PBXContainerItemProxy */ = {
			isa = PBXContainerItemProxy;
			containerPortal = 326FD0C316CB6209004248F9 /* Project object */;
			proxyType = 1;
			remoteGlobalIDString = 326FD0CA16CB6209004248F9;
			remoteInfo = OpenKit;
		};
		32CCB778181B1AB5000193D5 /* PBXContainerItemProxy */ = {
			isa = PBXContainerItemProxy;
			containerPortal = 326FD0C316CB6209004248F9 /* Project object */;
			proxyType = 1;
			remoteGlobalIDString = 326FD0CA16CB6209004248F9;
			remoteInfo = OpenKit;
		};
/* End PBXContainerItemProxy section */

/* Begin PBXCopyFilesBuildPhase section */
		32243AEE16CDD4460077EDC8 /* CopyFiles */ = {
			isa = PBXCopyFilesBuildPhase;
			buildActionMask = 2147483647;
			dstPath = "include/${PRODUCT_NAME}";
			dstSubfolderSpec = 16;
			files = (
			);
			runOnlyForDeploymentPostprocessing = 0;
		};
/* End PBXCopyFilesBuildPhase section */

/* Begin PBXFileReference section */
		2CD025EC17A8A1A7001ECD84 /* MessageUI.framework */ = {isa = PBXFileReference; lastKnownFileType = wrapper.framework; name = MessageUI.framework; path = System/Library/Frameworks/MessageUI.framework; sourceTree = SDKROOT; };
		32243AF016CDD4460077EDC8 /* libOpenKitUnity.a */ = {isa = PBXFileReference; explicitFileType = archive.ar; includeInIndex = 0; path = libOpenKitUnity.a; sourceTree = BUILT_PRODUCTS_DIR; };
		32243AF416CDD4460077EDC8 /* UnityPlugin-Prefix.pch */ = {isa = PBXFileReference; lastKnownFileType = sourcecode.c.h; path = "UnityPlugin-Prefix.pch"; sourceTree = "<group>"; };
		32243AFC16CDE3C80077EDC8 /* OK_SynthesizeSingleton.h */ = {isa = PBXFileReference; fileEncoding = 4; lastKnownFileType = sourcecode.c.h; path = OK_SynthesizeSingleton.h; sourceTree = "<group>"; };
		32243AFD16CDE3C80077EDC8 /* OKBridge.h */ = {isa = PBXFileReference; fileEncoding = 4; lastKnownFileType = sourcecode.c.h; path = OKBridge.h; sourceTree = "<group>"; };
		32243AFE16CDE3C80077EDC8 /* OKBridge.m */ = {isa = PBXFileReference; fileEncoding = 4; lastKnownFileType = sourcecode.c.objc; path = OKBridge.m; sourceTree = "<group>"; };
		32243AFF16CDE3C80077EDC8 /* OKUnityHelper.h */ = {isa = PBXFileReference; fileEncoding = 4; lastKnownFileType = sourcecode.c.h; path = OKUnityHelper.h; sourceTree = "<group>"; };
		32243B0016CDE3C80077EDC8 /* OKUnityHelper.m */ = {isa = PBXFileReference; fileEncoding = 4; lastKnownFileType = sourcecode.c.objc; path = OKUnityHelper.m; sourceTree = "<group>"; };
		32243B0416CDE3EF0077EDC8 /* libmono.0.dylib */ = {isa = PBXFileReference; lastKnownFileType = "compiled.mach-o.dylib"; path = libmono.0.dylib; sourceTree = "<group>"; };
		324C831B18281A9D008B59B6 /* CoreTest.app */ = {isa = PBXFileReference; explicitFileType = wrapper.application; includeInIndex = 0; path = CoreTest.app; sourceTree = BUILT_PRODUCTS_DIR; };
		324C83AB18281AF5008B59B6 /* OKAuth.h */ = {isa = PBXFileReference; fileEncoding = 4; lastKnownFileType = sourcecode.c.h; path = OKAuth.h; sourceTree = "<group>"; };
		324C83AC18281AF5008B59B6 /* OKAuth.m */ = {isa = PBXFileReference; fileEncoding = 4; lastKnownFileType = sourcecode.c.objc; path = OKAuth.m; sourceTree = "<group>"; };
		324C83AD18281AF5008B59B6 /* OKChallenge.h */ = {isa = PBXFileReference; fileEncoding = 4; lastKnownFileType = sourcecode.c.h; path = OKChallenge.h; sourceTree = "<group>"; };
		324C83AE18281AF5008B59B6 /* OKChallenge.m */ = {isa = PBXFileReference; fileEncoding = 4; lastKnownFileType = sourcecode.c.objc; path = OKChallenge.m; sourceTree = "<group>"; };
		324C83AF18281AF5008B59B6 /* OKCrypto.h */ = {isa = PBXFileReference; fileEncoding = 4; lastKnownFileType = sourcecode.c.h; path = OKCrypto.h; sourceTree = "<group>"; };
		324C83B018281AF5008B59B6 /* OKCrypto.m */ = {isa = PBXFileReference; fileEncoding = 4; lastKnownFileType = sourcecode.c.objc; path = OKCrypto.m; sourceTree = "<group>"; };
		324C83B118281AF5008B59B6 /* OKDBConnection.h */ = {isa = PBXFileReference; fileEncoding = 4; lastKnownFileType = sourcecode.c.h; path = OKDBConnection.h; sourceTree = "<group>"; };
		324C83B218281AF5008B59B6 /* OKDBConnection.m */ = {isa = PBXFileReference; fileEncoding = 4; lastKnownFileType = sourcecode.c.objc; path = OKDBConnection.m; sourceTree = "<group>"; };
		324C83B318281AF5008B59B6 /* OKDBScore.h */ = {isa = PBXFileReference; fileEncoding = 4; lastKnownFileType = sourcecode.c.h; path = OKDBScore.h; sourceTree = "<group>"; };
		324C83B418281AF5008B59B6 /* OKDBScore.m */ = {isa = PBXFileReference; fileEncoding = 4; lastKnownFileType = sourcecode.c.objc; path = OKDBScore.m; sourceTree = "<group>"; };
		324C83B718281AF5008B59B6 /* OKDefines.h */ = {isa = PBXFileReference; fileEncoding = 4; lastKnownFileType = sourcecode.c.h; path = OKDefines.h; sourceTree = "<group>"; };
		324C83B818281AF5008B59B6 /* OKError.h */ = {isa = PBXFileReference; fileEncoding = 4; lastKnownFileType = sourcecode.c.h; path = OKError.h; sourceTree = "<group>"; };
		324C83B918281AF5008B59B6 /* OKError.m */ = {isa = PBXFileReference; fileEncoding = 4; lastKnownFileType = sourcecode.c.objc; path = OKError.m; sourceTree = "<group>"; };
		324C83BA18281AF5008B59B6 /* OKFileUtil.h */ = {isa = PBXFileReference; fileEncoding = 4; lastKnownFileType = sourcecode.c.h; path = OKFileUtil.h; sourceTree = "<group>"; };
		324C83BB18281AF5008B59B6 /* OKFileUtil.m */ = {isa = PBXFileReference; fileEncoding = 4; lastKnownFileType = sourcecode.c.objc; path = OKFileUtil.m; sourceTree = "<group>"; };
		324C83BC18281AF5008B59B6 /* OKGame.h */ = {isa = PBXFileReference; fileEncoding = 4; lastKnownFileType = sourcecode.c.h; path = OKGame.h; sourceTree = "<group>"; };
		324C83BD18281AF5008B59B6 /* OKGame.m */ = {isa = PBXFileReference; fileEncoding = 4; lastKnownFileType = sourcecode.c.objc; path = OKGame.m; sourceTree = "<group>"; };
		324C83BE18281AF5008B59B6 /* OKHelper.h */ = {isa = PBXFileReference; fileEncoding = 4; lastKnownFileType = sourcecode.c.h; path = OKHelper.h; sourceTree = "<group>"; };
		324C83BF18281AF5008B59B6 /* OKHelper.m */ = {isa = PBXFileReference; fileEncoding = 4; lastKnownFileType = sourcecode.c.objc; path = OKHelper.m; sourceTree = "<group>"; };
		324C83C018281AF5008B59B6 /* OKLeaderboard.h */ = {isa = PBXFileReference; fileEncoding = 4; lastKnownFileType = sourcecode.c.h; path = OKLeaderboard.h; sourceTree = "<group>"; };
		324C83C118281AF5008B59B6 /* OKLeaderboard.m */ = {isa = PBXFileReference; fileEncoding = 4; lastKnownFileType = sourcecode.c.objc; path = OKLeaderboard.m; sourceTree = "<group>"; };
		324C83C218281AF5008B59B6 /* OKMacros.h */ = {isa = PBXFileReference; fileEncoding = 4; lastKnownFileType = sourcecode.c.h; path = OKMacros.h; sourceTree = "<group>"; };
		324C83C318281AF5008B59B6 /* OKManager.h */ = {isa = PBXFileReference; fileEncoding = 4; lastKnownFileType = sourcecode.c.h; path = OKManager.h; sourceTree = "<group>"; };
		324C83C418281AF5008B59B6 /* OKManager.m */ = {isa = PBXFileReference; fileEncoding = 4; lastKnownFileType = sourcecode.c.objc; path = OKManager.m; sourceTree = "<group>"; };
		324C83C518281AF5008B59B6 /* OKNetworker.h */ = {isa = PBXFileReference; fileEncoding = 4; lastKnownFileType = sourcecode.c.h; path = OKNetworker.h; sourceTree = "<group>"; };
		324C83C618281AF5008B59B6 /* OKNetworker.m */ = {isa = PBXFileReference; fileEncoding = 4; lastKnownFileType = sourcecode.c.objc; path = OKNetworker.m; sourceTree = "<group>"; };
		324C83C718281AF5008B59B6 /* OKNotifications.h */ = {isa = PBXFileReference; fileEncoding = 4; lastKnownFileType = sourcecode.c.h; path = OKNotifications.h; sourceTree = "<group>"; };
		324C83C818281AF5008B59B6 /* OKPrivate.h */ = {isa = PBXFileReference; fileEncoding = 4; lastKnownFileType = sourcecode.c.h; path = OKPrivate.h; sourceTree = "<group>"; };
		324C83C918281AF5008B59B6 /* OKRequest.h */ = {isa = PBXFileReference; fileEncoding = 4; lastKnownFileType = sourcecode.c.h; path = OKRequest.h; sourceTree = "<group>"; };
		324C83CA18281AF5008B59B6 /* OKRequest.m */ = {isa = PBXFileReference; fileEncoding = 4; lastKnownFileType = sourcecode.c.objc; path = OKRequest.m; sourceTree = "<group>"; };
		324C83CB18281AF5008B59B6 /* OKRequestUtils.h */ = {isa = PBXFileReference; fileEncoding = 4; lastKnownFileType = sourcecode.c.h; path = OKRequestUtils.h; sourceTree = "<group>"; };
		324C83CC18281AF5008B59B6 /* OKRequestUtils.m */ = {isa = PBXFileReference; fileEncoding = 4; lastKnownFileType = sourcecode.c.objc; path = OKRequestUtils.m; sourceTree = "<group>"; };
		324C83CD18281AF5008B59B6 /* OKResponse.h */ = {isa = PBXFileReference; fileEncoding = 4; lastKnownFileType = sourcecode.c.h; path = OKResponse.h; sourceTree = "<group>"; };
		324C83CE18281AF5008B59B6 /* OKResponse.m */ = {isa = PBXFileReference; fileEncoding = 4; lastKnownFileType = sourcecode.c.objc; path = OKResponse.m; sourceTree = "<group>"; };
		324C83CF18281AF5008B59B6 /* OKScore.h */ = {isa = PBXFileReference; fileEncoding = 4; lastKnownFileType = sourcecode.c.h; path = OKScore.h; sourceTree = "<group>"; };
		324C83D018281AF5008B59B6 /* OKScore.m */ = {isa = PBXFileReference; fileEncoding = 4; lastKnownFileType = sourcecode.c.objc; path = OKScore.m; sourceTree = "<group>"; };
		324C83D518281AF5008B59B6 /* OKUpload.h */ = {isa = PBXFileReference; fileEncoding = 4; lastKnownFileType = sourcecode.c.h; path = OKUpload.h; sourceTree = "<group>"; };
		324C83D618281AF5008B59B6 /* OKUpload.m */ = {isa = PBXFileReference; fileEncoding = 4; lastKnownFileType = sourcecode.c.objc; path = OKUpload.m; sourceTree = "<group>"; };
		324C83D718281AF5008B59B6 /* OKUser.h */ = {isa = PBXFileReference; fileEncoding = 4; lastKnownFileType = sourcecode.c.h; path = OKUser.h; sourceTree = "<group>"; };
		324C83D818281AF5008B59B6 /* OKUser.m */ = {isa = PBXFileReference; fileEncoding = 4; lastKnownFileType = sourcecode.c.objc; path = OKUser.m; sourceTree = "<group>"; };
		324C83D918281AF5008B59B6 /* OKUtils.h */ = {isa = PBXFileReference; fileEncoding = 4; lastKnownFileType = sourcecode.c.h; path = OKUtils.h; sourceTree = "<group>"; };
		324C83DA18281AF5008B59B6 /* OKUtils.m */ = {isa = PBXFileReference; fileEncoding = 4; lastKnownFileType = sourcecode.c.objc; path = OKUtils.m; sourceTree = "<group>"; };
		324C83DD18281AF5008B59B6 /* OpenKit.h */ = {isa = PBXFileReference; fileEncoding = 4; lastKnownFileType = sourcecode.c.h; path = OpenKit.h; sourceTree = "<group>"; };
		324C840918281B10008B59B6 /* AbstractActionSheetPicker.h */ = {isa = PBXFileReference; fileEncoding = 4; lastKnownFileType = sourcecode.c.h; path = AbstractActionSheetPicker.h; sourceTree = "<group>"; };
		324C840A18281B10008B59B6 /* AbstractActionSheetPicker.m */ = {isa = PBXFileReference; fileEncoding = 4; lastKnownFileType = sourcecode.c.objc; path = AbstractActionSheetPicker.m; sourceTree = "<group>"; };
		324C840B18281B10008B59B6 /* ActionSheetStringPicker.h */ = {isa = PBXFileReference; fileEncoding = 4; lastKnownFileType = sourcecode.c.h; path = ActionSheetStringPicker.h; sourceTree = "<group>"; };
		324C840C18281B10008B59B6 /* ActionSheetStringPicker.m */ = {isa = PBXFileReference; fileEncoding = 4; lastKnownFileType = sourcecode.c.objc; path = ActionSheetStringPicker.m; sourceTree = "<group>"; };
		324C840D18281B10008B59B6 /* KGModal.h */ = {isa = PBXFileReference; fileEncoding = 4; lastKnownFileType = sourcecode.c.h; path = KGModal.h; sourceTree = "<group>"; };
		324C840E18281B10008B59B6 /* KGModal.m */ = {isa = PBXFileReference; fileEncoding = 4; lastKnownFileType = sourcecode.c.objc; path = KGModal.m; sourceTree = "<group>"; };
		324C840F18281B10008B59B6 /* OKBaseViewController.h */ = {isa = PBXFileReference; fileEncoding = 4; lastKnownFileType = sourcecode.c.h; path = OKBaseViewController.h; sourceTree = "<group>"; };
		324C841018281B10008B59B6 /* OKBaseViewController.m */ = {isa = PBXFileReference; fileEncoding = 4; lastKnownFileType = sourcecode.c.objc; path = OKBaseViewController.m; sourceTree = "<group>"; };
		324C841118281B10008B59B6 /* OKFBLoginCell.h */ = {isa = PBXFileReference; fileEncoding = 4; lastKnownFileType = sourcecode.c.h; path = OKFBLoginCell.h; sourceTree = "<group>"; };
		324C841218281B10008B59B6 /* OKFBLoginCell.m */ = {isa = PBXFileReference; fileEncoding = 4; lastKnownFileType = sourcecode.c.objc; path = OKFBLoginCell.m; sourceTree = "<group>"; };
		324C841318281B10008B59B6 /* OKGUI.h */ = {isa = PBXFileReference; fileEncoding = 4; lastKnownFileType = sourcecode.c.h; path = OKGUI.h; sourceTree = "<group>"; };
		324C841418281B10008B59B6 /* OKGUI.m */ = {isa = PBXFileReference; fileEncoding = 4; lastKnownFileType = sourcecode.c.objc; path = OKGUI.m; sourceTree = "<group>"; };
		324C841518281B10008B59B6 /* OKLeaderboardListCell.h */ = {isa = PBXFileReference; fileEncoding = 4; lastKnownFileType = sourcecode.c.h; path = OKLeaderboardListCell.h; sourceTree = "<group>"; };
		324C841618281B10008B59B6 /* OKLeaderboardListCell.m */ = {isa = PBXFileReference; fileEncoding = 4; lastKnownFileType = sourcecode.c.objc; path = OKLeaderboardListCell.m; sourceTree = "<group>"; };
		324C841718281B10008B59B6 /* OKLeaderboardsListViewController.h */ = {isa = PBXFileReference; fileEncoding = 4; lastKnownFileType = sourcecode.c.h; path = OKLeaderboardsListViewController.h; sourceTree = "<group>"; };
		324C841818281B10008B59B6 /* OKLeaderboardsListViewController.m */ = {isa = PBXFileReference; fileEncoding = 4; lastKnownFileType = sourcecode.c.objc; path = OKLeaderboardsListViewController.m; sourceTree = "<group>"; };
		324C841918281B10008B59B6 /* OKLoginView.h */ = {isa = PBXFileReference; fileEncoding = 4; lastKnownFileType = sourcecode.c.h; path = OKLoginView.h; sourceTree = "<group>"; };
		324C841A18281B10008B59B6 /* OKLoginView.m */ = {isa = PBXFileReference; fileEncoding = 4; lastKnownFileType = sourcecode.c.objc; path = OKLoginView.m; sourceTree = "<group>"; };
		324C841B18281B10008B59B6 /* OKProfileViewController.h */ = {isa = PBXFileReference; fileEncoding = 4; lastKnownFileType = sourcecode.c.h; path = OKProfileViewController.h; sourceTree = "<group>"; };
		324C841C18281B10008B59B6 /* OKProfileViewController.m */ = {isa = PBXFileReference; fileEncoding = 4; lastKnownFileType = sourcecode.c.objc; path = OKProfileViewController.m; sourceTree = "<group>"; };
		324C841D18281B10008B59B6 /* OKScoreCell.h */ = {isa = PBXFileReference; fileEncoding = 4; lastKnownFileType = sourcecode.c.h; path = OKScoreCell.h; sourceTree = "<group>"; };
		324C841E18281B10008B59B6 /* OKScoreCell.m */ = {isa = PBXFileReference; fileEncoding = 4; lastKnownFileType = sourcecode.c.objc; path = OKScoreCell.m; sourceTree = "<group>"; };
		324C841F18281B10008B59B6 /* OKSocialLeaderboardViewController.h */ = {isa = PBXFileReference; fileEncoding = 4; lastKnownFileType = sourcecode.c.h; path = OKSocialLeaderboardViewController.h; sourceTree = "<group>"; };
		324C842018281B10008B59B6 /* OKSocialLeaderboardViewController.m */ = {isa = PBXFileReference; fileEncoding = 4; lastKnownFileType = sourcecode.c.objc; path = OKSocialLeaderboardViewController.m; sourceTree = "<group>"; };
		324C842118281B10008B59B6 /* OKSpinnerCell.h */ = {isa = PBXFileReference; fileEncoding = 4; lastKnownFileType = sourcecode.c.h; path = OKSpinnerCell.h; sourceTree = "<group>"; };
		324C842218281B10008B59B6 /* OKSpinnerCell.m */ = {isa = PBXFileReference; fileEncoding = 4; lastKnownFileType = sourcecode.c.objc; path = OKSpinnerCell.m; sourceTree = "<group>"; };
		324C842518281B10008B59B6 /* back_button.png */ = {isa = PBXFileReference; lastKnownFileType = image.png; path = back_button.png; sourceTree = "<group>"; };
		324C842618281B10008B59B6 /* back_button@2x.png */ = {isa = PBXFileReference; lastKnownFileType = image.png; path = "back_button@2x.png"; sourceTree = "<group>"; };
		324C842718281B10008B59B6 /* close.png */ = {isa = PBXFileReference; lastKnownFileType = image.png; path = close.png; sourceTree = "<group>"; };
		324C842818281B10008B59B6 /* close@2x.png */ = {isa = PBXFileReference; lastKnownFileType = image.png; path = "close@2x.png"; sourceTree = "<group>"; };
		324C842918281B10008B59B6 /* facebook_icon.png */ = {isa = PBXFileReference; lastKnownFileType = image.png; path = facebook_icon.png; sourceTree = "<group>"; };
		324C842A18281B10008B59B6 /* facebook_icon@2x.png */ = {isa = PBXFileReference; lastKnownFileType = image.png; path = "facebook_icon@2x.png"; sourceTree = "<group>"; };
		324C842B18281B10008B59B6 /* gamecenter_icon.png */ = {isa = PBXFileReference; lastKnownFileType = image.png; path = gamecenter_icon.png; sourceTree = "<group>"; };
		324C842C18281B10008B59B6 /* gamecenter_icon@2x.png */ = {isa = PBXFileReference; lastKnownFileType = image.png; path = "gamecenter_icon@2x.png"; sourceTree = "<group>"; };
		324C842D18281B10008B59B6 /* gear.png */ = {isa = PBXFileReference; lastKnownFileType = image.png; path = gear.png; sourceTree = "<group>"; };
		324C842E18281B10008B59B6 /* gear@2x.png */ = {isa = PBXFileReference; lastKnownFileType = image.png; path = "gear@2x.png"; sourceTree = "<group>"; };
		324C842F18281B10008B59B6 /* include_fb_off.png */ = {isa = PBXFileReference; lastKnownFileType = image.png; path = include_fb_off.png; sourceTree = "<group>"; };
		324C843018281B10008B59B6 /* include_fb_off@2x.png */ = {isa = PBXFileReference; lastKnownFileType = image.png; path = "include_fb_off@2x.png"; sourceTree = "<group>"; };
		324C843118281B10008B59B6 /* include_fb_on.png */ = {isa = PBXFileReference; lastKnownFileType = image.png; path = include_fb_on.png; sourceTree = "<group>"; };
		324C843218281B10008B59B6 /* include_fb_on@2x.png */ = {isa = PBXFileReference; lastKnownFileType = image.png; path = "include_fb_on@2x.png"; sourceTree = "<group>"; };
		324C843318281B10008B59B6 /* include_gc_off.png */ = {isa = PBXFileReference; lastKnownFileType = image.png; path = include_gc_off.png; sourceTree = "<group>"; };
		324C843418281B10008B59B6 /* include_gc_off@2x.png */ = {isa = PBXFileReference; lastKnownFileType = image.png; path = "include_gc_off@2x.png"; sourceTree = "<group>"; };
		324C843518281B10008B59B6 /* include_gc_on.png */ = {isa = PBXFileReference; lastKnownFileType = image.png; path = include_gc_on.png; sourceTree = "<group>"; };
		324C843618281B10008B59B6 /* include_gc_on@2x.png */ = {isa = PBXFileReference; lastKnownFileType = image.png; path = "include_gc_on@2x.png"; sourceTree = "<group>"; };
		324C843718281B10008B59B6 /* invite.png */ = {isa = PBXFileReference; lastKnownFileType = image.png; path = invite.png; sourceTree = "<group>"; };
		324C843818281B10008B59B6 /* invite@2x.png */ = {isa = PBXFileReference; lastKnownFileType = image.png; path = "invite@2x.png"; sourceTree = "<group>"; };
		324C843918281B10008B59B6 /* ok_facebook_off.png */ = {isa = PBXFileReference; lastKnownFileType = image.png; path = ok_facebook_off.png; sourceTree = "<group>"; };
		324C843A18281B10008B59B6 /* ok_facebook_off@2x.png */ = {isa = PBXFileReference; lastKnownFileType = image.png; path = "ok_facebook_off@2x.png"; sourceTree = "<group>"; };
		324C843B18281B10008B59B6 /* ok_facebook_on.png */ = {isa = PBXFileReference; lastKnownFileType = image.png; path = ok_facebook_on.png; sourceTree = "<group>"; };
		324C843C18281B10008B59B6 /* ok_facebook_on@2x.png */ = {isa = PBXFileReference; lastKnownFileType = image.png; path = "ok_facebook_on@2x.png"; sourceTree = "<group>"; };
		324C843D18281B10008B59B6 /* ok_gamecenter_off.png */ = {isa = PBXFileReference; lastKnownFileType = image.png; path = ok_gamecenter_off.png; sourceTree = "<group>"; };
		324C843E18281B10008B59B6 /* ok_gamecenter_off@2x.png */ = {isa = PBXFileReference; lastKnownFileType = image.png; path = "ok_gamecenter_off@2x.png"; sourceTree = "<group>"; };
		324C843F18281B10008B59B6 /* ok_gamecenter_on.png */ = {isa = PBXFileReference; lastKnownFileType = image.png; path = ok_gamecenter_on.png; sourceTree = "<group>"; };
		324C844018281B10008B59B6 /* ok_gamecenter_on@2x.png */ = {isa = PBXFileReference; lastKnownFileType = image.png; path = "ok_gamecenter_on@2x.png"; sourceTree = "<group>"; };
		324C844118281B10008B59B6 /* settings.png */ = {isa = PBXFileReference; lastKnownFileType = image.png; path = settings.png; sourceTree = "<group>"; };
		324C844218281B10008B59B6 /* settings@2x.png */ = {isa = PBXFileReference; lastKnownFileType = image.png; path = "settings@2x.png"; sourceTree = "<group>"; };
		324C844418281B10008B59B6 /* OKFBLoginCell.xib */ = {isa = PBXFileReference; fileEncoding = 4; lastKnownFileType = file.xib; path = OKFBLoginCell.xib; sourceTree = "<group>"; };
		324C844518281B10008B59B6 /* OKLeaderboardsListViewController.xib */ = {isa = PBXFileReference; fileEncoding = 4; lastKnownFileType = file.xib; path = OKLeaderboardsListViewController.xib; sourceTree = "<group>"; };
		324C844618281B10008B59B6 /* OKLoginView.xib */ = {isa = PBXFileReference; fileEncoding = 4; lastKnownFileType = file.xib; path = OKLoginView.xib; sourceTree = "<group>"; };
		324C844718281B10008B59B6 /* OKProfileViewController.xib */ = {isa = PBXFileReference; fileEncoding = 4; lastKnownFileType = file.xib; path = OKProfileViewController.xib; sourceTree = "<group>"; };
		324C844818281B10008B59B6 /* OKScoreCell.xib */ = {isa = PBXFileReference; fileEncoding = 4; lastKnownFileType = file.xib; path = OKScoreCell.xib; sourceTree = "<group>"; };
		324C844918281B10008B59B6 /* OKSocialLeaderboardVC.xib */ = {isa = PBXFileReference; fileEncoding = 4; lastKnownFileType = file.xib; path = OKSocialLeaderboardVC.xib; sourceTree = "<group>"; };
		324C844A18281B10008B59B6 /* UIImageView+Openkit.h */ = {isa = PBXFileReference; fileEncoding = 4; lastKnownFileType = sourcecode.c.h; path = "UIImageView+Openkit.h"; sourceTree = "<group>"; };
		324C844B18281B10008B59B6 /* UIImageView+Openkit.m */ = {isa = PBXFileReference; fileEncoding = 4; lastKnownFileType = sourcecode.c.objc; path = "UIImageView+Openkit.m"; sourceTree = "<group>"; };
		324C847E18281B1E008B59B6 /* ok_wildcard.der */ = {isa = PBXFileReference; lastKnownFileType = file; path = ok_wildcard.der; sourceTree = "<group>"; };
		324C848018281B1E008B59B6 /* OKFacebookPlugin.h */ = {isa = PBXFileReference; fileEncoding = 4; lastKnownFileType = sourcecode.c.h; path = OKFacebookPlugin.h; sourceTree = "<group>"; };
		324C848118281B1E008B59B6 /* OKFacebookPlugin.m */ = {isa = PBXFileReference; fileEncoding = 4; lastKnownFileType = sourcecode.c.objc; path = OKFacebookPlugin.m; sourceTree = "<group>"; };
		324C848218281B1E008B59B6 /* OKGameCenterPlugin.h */ = {isa = PBXFileReference; fileEncoding = 4; lastKnownFileType = sourcecode.c.h; path = OKGameCenterPlugin.h; sourceTree = "<group>"; };
		324C848318281B1E008B59B6 /* OKGameCenterPlugin.m */ = {isa = PBXFileReference; fileEncoding = 4; lastKnownFileType = sourcecode.c.objc; path = OKGameCenterPlugin.m; sourceTree = "<group>"; };
		324C848C18281B8C008B59B6 /* AppDelegate.h */ = {isa = PBXFileReference; lastKnownFileType = sourcecode.c.h; path = AppDelegate.h; sourceTree = "<group>"; };
		324C848D18281B8C008B59B6 /* AppDelegate.m */ = {isa = PBXFileReference; lastKnownFileType = sourcecode.c.objc; path = AppDelegate.m; sourceTree = "<group>"; };
		324C848E18281B8C008B59B6 /* CoreTest-Prefix.pch */ = {isa = PBXFileReference; lastKnownFileType = sourcecode.c.h; path = "CoreTest-Prefix.pch"; sourceTree = "<group>"; };
		324C848F18281B8C008B59B6 /* main.m */ = {isa = PBXFileReference; lastKnownFileType = sourcecode.c.objc; path = main.m; sourceTree = "<group>"; };
		324C849118281B8C008B59B6 /* CoreTest-Info.plist */ = {isa = PBXFileReference; lastKnownFileType = text.plist.xml; path = "CoreTest-Info.plist"; sourceTree = "<group>"; };
		324C849218281B8C008B59B6 /* ViewController.xib */ = {isa = PBXFileReference; lastKnownFileType = file.xib; path = ViewController.xib; sourceTree = "<group>"; };
		324C849318281B8C008B59B6 /* ViewController.h */ = {isa = PBXFileReference; lastKnownFileType = sourcecode.c.h; path = ViewController.h; sourceTree = "<group>"; };
		324C849418281B8C008B59B6 /* ViewController.m */ = {isa = PBXFileReference; lastKnownFileType = sourcecode.c.objc; path = ViewController.m; sourceTree = "<group>"; };
		324C849518281B8C008B59B6 /* Images.xcassets */ = {isa = PBXFileReference; lastKnownFileType = folder.assetcatalog; path = Images.xcassets; sourceTree = "<group>"; };
		324C849F18281B8C008B59B6 /* main.m */ = {isa = PBXFileReference; lastKnownFileType = sourcecode.c.objc; path = main.m; sourceTree = "<group>"; };
		324C84A018281B8C008B59B6 /* OKAppDelegate.h */ = {isa = PBXFileReference; lastKnownFileType = sourcecode.c.h; path = OKAppDelegate.h; sourceTree = "<group>"; };
		324C84A118281B8C008B59B6 /* OKAppDelegate.m */ = {isa = PBXFileReference; lastKnownFileType = sourcecode.c.objc; path = OKAppDelegate.m; sourceTree = "<group>"; };
		324C84A218281B8C008B59B6 /* OKViewController.h */ = {isa = PBXFileReference; lastKnownFileType = sourcecode.c.h; path = OKViewController.h; sourceTree = "<group>"; };
		324C84A318281B8C008B59B6 /* OKViewController.m */ = {isa = PBXFileReference; lastKnownFileType = sourcecode.c.objc; path = OKViewController.m; sourceTree = "<group>"; };
		324C84A718281B8C008B59B6 /* SampleApp-Info.plist */ = {isa = PBXFileReference; lastKnownFileType = text.plist.xml; path = "SampleApp-Info.plist"; sourceTree = "<group>"; };
		324C84A818281B8C008B59B6 /* ScoreSubmitterVC.xib */ = {isa = PBXFileReference; lastKnownFileType = file.xib; path = ScoreSubmitterVC.xib; sourceTree = "<group>"; };
		324C84A918281B8C008B59B6 /* ViewController.xib */ = {isa = PBXFileReference; lastKnownFileType = file.xib; path = ViewController.xib; sourceTree = "<group>"; };
		324C84AA18281B8C008B59B6 /* SampleApp-Prefix.pch */ = {isa = PBXFileReference; lastKnownFileType = sourcecode.c.h; path = "SampleApp-Prefix.pch"; sourceTree = "<group>"; };
		324C84AB18281B8C008B59B6 /* ScoreSubmitterVC.h */ = {isa = PBXFileReference; lastKnownFileType = sourcecode.c.h; path = ScoreSubmitterVC.h; sourceTree = "<group>"; };
		324C84AC18281B8C008B59B6 /* ScoreSubmitterVC.m */ = {isa = PBXFileReference; lastKnownFileType = sourcecode.c.objc; path = ScoreSubmitterVC.m; sourceTree = "<group>"; };
		326FD0CB16CB6209004248F9 /* libOpenKit.a */ = {isa = PBXFileReference; explicitFileType = archive.ar; includeInIndex = 0; path = libOpenKit.a; sourceTree = BUILT_PRODUCTS_DIR; };
		326FD0CE16CB6209004248F9 /* Foundation.framework */ = {isa = PBXFileReference; lastKnownFileType = wrapper.framework; name = Foundation.framework; path = System/Library/Frameworks/Foundation.framework; sourceTree = SDKROOT; };
		3279F43B18459C8F00B58A1C /* OKUUIDPlugin.h */ = {isa = PBXFileReference; fileEncoding = 4; lastKnownFileType = sourcecode.c.h; path = OKUUIDPlugin.h; sourceTree = "<group>"; };
		3279F43C18459C8F00B58A1C /* OKUUIDPlugin.m */ = {isa = PBXFileReference; fileEncoding = 4; lastKnownFileType = sourcecode.c.objc; path = OKUUIDPlugin.m; sourceTree = "<group>"; };
		3284E14916CE49AB00624827 /* UnityPluginMac.bundle */ = {isa = PBXFileReference; explicitFileType = wrapper.cfbundle; includeInIndex = 0; path = UnityPluginMac.bundle; sourceTree = BUILT_PRODUCTS_DIR; };
		3284E15A16CE4A6F00624827 /* UnityPluginMac-Info.plist */ = {isa = PBXFileReference; fileEncoding = 4; lastKnownFileType = text.plist.xml; path = "UnityPluginMac-Info.plist"; sourceTree = "<group>"; };
		3284E15B16CE4A6F00624827 /* UnityPluginMac-Prefix.pch */ = {isa = PBXFileReference; fileEncoding = 4; lastKnownFileType = sourcecode.c.h; path = "UnityPluginMac-Prefix.pch"; sourceTree = "<group>"; };
		3295F161184D440700E99585 /* libz.dylib */ = {isa = PBXFileReference; lastKnownFileType = "compiled.mach-o.dylib"; name = libz.dylib; path = usr/lib/libz.dylib; sourceTree = SDKROOT; };
		32ACE390182826AB00A40568 /* FacebookSDK.framework */ = {isa = PBXFileReference; lastKnownFileType = wrapper.framework; path = FacebookSDK.framework; sourceTree = "<group>"; };
		32ACE394182826BA00A40568 /* OKFMDatabase.h */ = {isa = PBXFileReference; fileEncoding = 4; lastKnownFileType = sourcecode.c.h; path = OKFMDatabase.h; sourceTree = "<group>"; };
		32ACE395182826BA00A40568 /* OKFMDatabase.m */ = {isa = PBXFileReference; fileEncoding = 4; lastKnownFileType = sourcecode.c.objc; path = OKFMDatabase.m; sourceTree = "<group>"; };
		32ACE396182826BA00A40568 /* OKFMDatabaseAdditions.h */ = {isa = PBXFileReference; fileEncoding = 4; lastKnownFileType = sourcecode.c.h; path = OKFMDatabaseAdditions.h; sourceTree = "<group>"; };
		32ACE397182826BA00A40568 /* OKFMDatabaseAdditions.m */ = {isa = PBXFileReference; fileEncoding = 4; lastKnownFileType = sourcecode.c.objc; path = OKFMDatabaseAdditions.m; sourceTree = "<group>"; };
		32ACE398182826BA00A40568 /* OKFMDatabasePool.h */ = {isa = PBXFileReference; fileEncoding = 4; lastKnownFileType = sourcecode.c.h; path = OKFMDatabasePool.h; sourceTree = "<group>"; };
		32ACE399182826BA00A40568 /* OKFMDatabasePool.m */ = {isa = PBXFileReference; fileEncoding = 4; lastKnownFileType = sourcecode.c.objc; path = OKFMDatabasePool.m; sourceTree = "<group>"; };
		32ACE39A182826BA00A40568 /* OKFMDatabaseQueue.h */ = {isa = PBXFileReference; fileEncoding = 4; lastKnownFileType = sourcecode.c.h; path = OKFMDatabaseQueue.h; sourceTree = "<group>"; };
		32ACE39B182826BA00A40568 /* OKFMDatabaseQueue.m */ = {isa = PBXFileReference; fileEncoding = 4; lastKnownFileType = sourcecode.c.objc; path = OKFMDatabaseQueue.m; sourceTree = "<group>"; };
		32ACE39C182826BA00A40568 /* OKFMResultSet.h */ = {isa = PBXFileReference; fileEncoding = 4; lastKnownFileType = sourcecode.c.h; path = OKFMResultSet.h; sourceTree = "<group>"; };
		32ACE39D182826BA00A40568 /* OKFMResultSet.m */ = {isa = PBXFileReference; fileEncoding = 4; lastKnownFileType = sourcecode.c.objc; path = OKFMResultSet.m; sourceTree = "<group>"; };
		32CAD04F16CB698C00E8F185 /* SampleApp.app */ = {isa = PBXFileReference; explicitFileType = wrapper.application; includeInIndex = 0; path = SampleApp.app; sourceTree = BUILT_PRODUCTS_DIR; };
		32CAD05016CB698C00E8F185 /* UIKit.framework */ = {isa = PBXFileReference; lastKnownFileType = wrapper.framework; name = UIKit.framework; path = System/Library/Frameworks/UIKit.framework; sourceTree = SDKROOT; };
		32CAD05316CB698C00E8F185 /* CoreGraphics.framework */ = {isa = PBXFileReference; lastKnownFileType = wrapper.framework; name = CoreGraphics.framework; path = System/Library/Frameworks/CoreGraphics.framework; sourceTree = SDKROOT; };
		32CAD0D516CB732200E8F185 /* SystemConfiguration.framework */ = {isa = PBXFileReference; lastKnownFileType = wrapper.framework; name = SystemConfiguration.framework; path = System/Library/Frameworks/SystemConfiguration.framework; sourceTree = SDKROOT; };
		32CAD0DB16CB742500E8F185 /* Social.framework */ = {isa = PBXFileReference; lastKnownFileType = wrapper.framework; name = Social.framework; path = System/Library/Frameworks/Social.framework; sourceTree = SDKROOT; };
		32CAD0DD16CB743600E8F185 /* Accounts.framework */ = {isa = PBXFileReference; lastKnownFileType = wrapper.framework; name = Accounts.framework; path = System/Library/Frameworks/Accounts.framework; sourceTree = SDKROOT; };
		32CAD0E416CB74B000E8F185 /* QuartzCore.framework */ = {isa = PBXFileReference; lastKnownFileType = wrapper.framework; name = QuartzCore.framework; path = System/Library/Frameworks/QuartzCore.framework; sourceTree = SDKROOT; };
		32CAD0E616CB74CB00E8F185 /* Security.framework */ = {isa = PBXFileReference; lastKnownFileType = wrapper.framework; name = Security.framework; path = System/Library/Frameworks/Security.framework; sourceTree = SDKROOT; };
		32CAD0EA16CB74DF00E8F185 /* libsqlite3.dylib */ = {isa = PBXFileReference; lastKnownFileType = "compiled.mach-o.dylib"; name = libsqlite3.dylib; path = usr/lib/libsqlite3.dylib; sourceTree = SDKROOT; };
		32CCB720181B1A34000193D5 /* SampleApp.app */ = {isa = PBXFileReference; explicitFileType = wrapper.application; includeInIndex = 0; path = SampleApp.app; sourceTree = BUILT_PRODUCTS_DIR; };
		32CE7C0E184D1F9500F2193E /* GameReplay.h */ = {isa = PBXFileReference; fileEncoding = 4; lastKnownFileType = sourcecode.c.h; path = GameReplay.h; sourceTree = "<group>"; };
		32CE7C0F184D1F9500F2193E /* GameReplay.m */ = {isa = PBXFileReference; fileEncoding = 4; lastKnownFileType = sourcecode.c.objc; path = GameReplay.m; sourceTree = "<group>"; };
		32CE7C10184D1F9500F2193E /* GameView.h */ = {isa = PBXFileReference; fileEncoding = 4; lastKnownFileType = sourcecode.c.h; path = GameView.h; sourceTree = "<group>"; };
		32CE7C11184D1F9500F2193E /* GameView.m */ = {isa = PBXFileReference; fileEncoding = 4; lastKnownFileType = sourcecode.c.objc; path = GameView.m; sourceTree = "<group>"; };
		32CE7C14184D1F9F00F2193E /* GameReplayView.xib */ = {isa = PBXFileReference; fileEncoding = 4; lastKnownFileType = file.xib; path = GameReplayView.xib; sourceTree = "<group>"; };
		32CE7C15184D1F9F00F2193E /* GameView.xib */ = {isa = PBXFileReference; fileEncoding = 4; lastKnownFileType = file.xib; path = GameView.xib; sourceTree = "<group>"; };
		32DB0EFB18730BF500964AA3 /* OKAuthPlugin.h */ = {isa = PBXFileReference; fileEncoding = 4; lastKnownFileType = sourcecode.c.h; path = OKAuthPlugin.h; sourceTree = "<group>"; };
		32DB0EFC18730BF500964AA3 /* OKAuthPlugin.m */ = {isa = PBXFileReference; fileEncoding = 4; lastKnownFileType = sourcecode.c.objc; path = OKAuthPlugin.m; sourceTree = "<group>"; };
		445B3BFB1767F5D300952456 /* GameKit.framework */ = {isa = PBXFileReference; lastKnownFileType = wrapper.framework; name = GameKit.framework; path = System/Library/Frameworks/GameKit.framework; sourceTree = SDKROOT; };
/* End PBXFileReference section */

/* Begin PBXFrameworksBuildPhase section */
		32243AED16CDD4460077EDC8 /* Frameworks */ = {
			isa = PBXFrameworksBuildPhase;
			buildActionMask = 2147483647;
			files = (
				32243AF116CDD4460077EDC8 /* Foundation.framework in Frameworks */,
				32243B0516CDE3EF0077EDC8 /* libmono.0.dylib in Frameworks */,
			);
			runOnlyForDeploymentPostprocessing = 0;
		};
		324C830718281A9D008B59B6 /* Frameworks */ = {
			isa = PBXFrameworksBuildPhase;
			buildActionMask = 2147483647;
			files = (
				324C830818281A9D008B59B6 /* libOpenKit.a in Frameworks */,
				324C830918281A9D008B59B6 /* libsqlite3.dylib in Frameworks */,
				324C830A18281A9D008B59B6 /* GameKit.framework in Frameworks */,
				324C830C18281A9D008B59B6 /* MessageUI.framework in Frameworks */,
				324C830D18281A9D008B59B6 /* Security.framework in Frameworks */,
				324C830E18281A9D008B59B6 /* QuartzCore.framework in Frameworks */,
				32ACE392182826AC00A40568 /* FacebookSDK.framework in Frameworks */,
				324C831018281A9D008B59B6 /* Accounts.framework in Frameworks */,
				324C831118281A9D008B59B6 /* Social.framework in Frameworks */,
				3295F165184D441F00E99585 /* libz.dylib in Frameworks */,
				324C831318281A9D008B59B6 /* SystemConfiguration.framework in Frameworks */,
				324C831418281A9D008B59B6 /* Foundation.framework in Frameworks */,
				324C831518281A9D008B59B6 /* UIKit.framework in Frameworks */,
				324C831618281A9D008B59B6 /* CoreGraphics.framework in Frameworks */,
			);
			runOnlyForDeploymentPostprocessing = 0;
		};
		326FD0C816CB6209004248F9 /* Frameworks */ = {
			isa = PBXFrameworksBuildPhase;
			buildActionMask = 2147483647;
			files = (
				3295F163184D441800E99585 /* libz.dylib in Frameworks */,
				445B3BFC1767F5D300952456 /* GameKit.framework in Frameworks */,
				3295C14B1819D76F0044783E /* MessageUI.framework in Frameworks */,
				3295C14C1819D76F0044783E /* Security.framework in Frameworks */,
				3295C14D1819D76F0044783E /* QuartzCore.framework in Frameworks */,
				3295C14F1819D76F0044783E /* Accounts.framework in Frameworks */,
				3295C1501819D76F0044783E /* Social.framework in Frameworks */,
				3295C1521819D76F0044783E /* SystemConfiguration.framework in Frameworks */,
				326FD0CF16CB6209004248F9 /* Foundation.framework in Frameworks */,
				3295C1531819D76F0044783E /* UIKit.framework in Frameworks */,
				3295C1541819D76F0044783E /* CoreGraphics.framework in Frameworks */,
			);
			runOnlyForDeploymentPostprocessing = 0;
		};
		3284E14616CE49AB00624827 /* Frameworks */ = {
			isa = PBXFrameworksBuildPhase;
			buildActionMask = 2147483647;
			files = (
				3284E16616CE4B0400624827 /* libmono.0.dylib in Frameworks */,
			);
			runOnlyForDeploymentPostprocessing = 0;
		};
		32CCB71D181B1A34000193D5 /* Frameworks */ = {
			isa = PBXFrameworksBuildPhase;
			buildActionMask = 2147483647;
			files = (
				32CCB78B181B23F8000193D5 /* libOpenKit.a in Frameworks */,
				32CCB77A181B1ACC000193D5 /* libsqlite3.dylib in Frameworks */,
				32CCB77B181B1ACC000193D5 /* GameKit.framework in Frameworks */,
				32CCB77D181B1ACC000193D5 /* MessageUI.framework in Frameworks */,
				32CCB77E181B1ACC000193D5 /* Security.framework in Frameworks */,
				32CCB77F181B1ACC000193D5 /* QuartzCore.framework in Frameworks */,
				32ACE391182826AC00A40568 /* FacebookSDK.framework in Frameworks */,
				32CCB781181B1ACC000193D5 /* Accounts.framework in Frameworks */,
				32CCB782181B1ACC000193D5 /* Social.framework in Frameworks */,
				3295F164184D441D00E99585 /* libz.dylib in Frameworks */,
				32CCB784181B1ACC000193D5 /* SystemConfiguration.framework in Frameworks */,
				32CCB721181B1A34000193D5 /* Foundation.framework in Frameworks */,
				32CCB723181B1A34000193D5 /* UIKit.framework in Frameworks */,
				32CCB722181B1A34000193D5 /* CoreGraphics.framework in Frameworks */,
			);
			runOnlyForDeploymentPostprocessing = 0;
		};
/* End PBXFrameworksBuildPhase section */

/* Begin PBXGroup section */
		32243AF216CDD4460077EDC8 /* UnityPlugin */ = {
			isa = PBXGroup;
			children = (
				32243B0416CDE3EF0077EDC8 /* libmono.0.dylib */,
				32243AFC16CDE3C80077EDC8 /* OK_SynthesizeSingleton.h */,
				32243AFD16CDE3C80077EDC8 /* OKBridge.h */,
				32243AFE16CDE3C80077EDC8 /* OKBridge.m */,
				32243AFF16CDE3C80077EDC8 /* OKUnityHelper.h */,
				32243B0016CDE3C80077EDC8 /* OKUnityHelper.m */,
				32243AF316CDD4460077EDC8 /* Supporting Files */,
			);
			path = UnityPlugin;
			sourceTree = "<group>";
		};
		32243AF316CDD4460077EDC8 /* Supporting Files */ = {
			isa = PBXGroup;
			children = (
				3284E15A16CE4A6F00624827 /* UnityPluginMac-Info.plist */,
				3284E15B16CE4A6F00624827 /* UnityPluginMac-Prefix.pch */,
				32243AF416CDD4460077EDC8 /* UnityPlugin-Prefix.pch */,
			);
			name = "Supporting Files";
			sourceTree = "<group>";
		};
		324C831E18281AD4008B59B6 /* OpenKit */ = {
			isa = PBXGroup;
			children = (
				324C847E18281B1E008B59B6 /* ok_wildcard.der */,
				324C83AA18281AF5008B59B6 /* Core */,
				324C840818281B10008B59B6 /* GUI */,
				324C847F18281B1E008B59B6 /* Plugins */,
			);
			path = OpenKit;
			sourceTree = "<group>";
		};
		324C83AA18281AF5008B59B6 /* Core */ = {
			isa = PBXGroup;
			children = (
				324C83AB18281AF5008B59B6 /* OKAuth.h */,
				324C83AC18281AF5008B59B6 /* OKAuth.m */,
				32DB0EFB18730BF500964AA3 /* OKAuthPlugin.h */,
				32DB0EFC18730BF500964AA3 /* OKAuthPlugin.m */,
				324C83AD18281AF5008B59B6 /* OKChallenge.h */,
				324C83AE18281AF5008B59B6 /* OKChallenge.m */,
				324C83B718281AF5008B59B6 /* OKDefines.h */,
				324C83BC18281AF5008B59B6 /* OKGame.h */,
				324C83BD18281AF5008B59B6 /* OKGame.m */,
				324C83C018281AF5008B59B6 /* OKLeaderboard.h */,
				324C83C118281AF5008B59B6 /* OKLeaderboard.m */,
				324C83C218281AF5008B59B6 /* OKMacros.h */,
				324C83C318281AF5008B59B6 /* OKManager.h */,
				324C83C418281AF5008B59B6 /* OKManager.m */,
				324C83C718281AF5008B59B6 /* OKNotifications.h */,
				324C83C818281AF5008B59B6 /* OKPrivate.h */,
				324C83CF18281AF5008B59B6 /* OKScore.h */,
				324C83D018281AF5008B59B6 /* OKScore.m */,
				324C83D718281AF5008B59B6 /* OKUser.h */,
				324C83D818281AF5008B59B6 /* OKUser.m */,
				324C83DD18281AF5008B59B6 /* OpenKit.h */,
				32ACE3A51828298F00A40568 /* Cache */,
				32ACE3A41828295400A40568 /* Networking */,
				32ACE3A3182827DE00A40568 /* Support */,
				324C83DE18281AF5008B59B6 /* Vendor */,
			);
			path = Core;
			sourceTree = "<group>";
		};
		324C83DE18281AF5008B59B6 /* Vendor */ = {
			isa = PBXGroup;
			children = (
				32ACE393182826BA00A40568 /* fmdb */,
			);
			path = Vendor;
			sourceTree = "<group>";
		};
		324C840818281B10008B59B6 /* GUI */ = {
			isa = PBXGroup;
			children = (
				324C840918281B10008B59B6 /* AbstractActionSheetPicker.h */,
				324C840A18281B10008B59B6 /* AbstractActionSheetPicker.m */,
				324C840B18281B10008B59B6 /* ActionSheetStringPicker.h */,
				324C840C18281B10008B59B6 /* ActionSheetStringPicker.m */,
				324C840D18281B10008B59B6 /* KGModal.h */,
				324C840E18281B10008B59B6 /* KGModal.m */,
				324C840F18281B10008B59B6 /* OKBaseViewController.h */,
				324C841018281B10008B59B6 /* OKBaseViewController.m */,
				324C841118281B10008B59B6 /* OKFBLoginCell.h */,
				324C841218281B10008B59B6 /* OKFBLoginCell.m */,
				324C841318281B10008B59B6 /* OKGUI.h */,
				324C841418281B10008B59B6 /* OKGUI.m */,
				324C841518281B10008B59B6 /* OKLeaderboardListCell.h */,
				324C841618281B10008B59B6 /* OKLeaderboardListCell.m */,
				324C841718281B10008B59B6 /* OKLeaderboardsListViewController.h */,
				324C841818281B10008B59B6 /* OKLeaderboardsListViewController.m */,
				324C841918281B10008B59B6 /* OKLoginView.h */,
				324C841A18281B10008B59B6 /* OKLoginView.m */,
				324C841B18281B10008B59B6 /* OKProfileViewController.h */,
				324C841C18281B10008B59B6 /* OKProfileViewController.m */,
				324C841D18281B10008B59B6 /* OKScoreCell.h */,
				324C841E18281B10008B59B6 /* OKScoreCell.m */,
				324C841F18281B10008B59B6 /* OKSocialLeaderboardViewController.h */,
				324C842018281B10008B59B6 /* OKSocialLeaderboardViewController.m */,
				324C842118281B10008B59B6 /* OKSpinnerCell.h */,
				324C842218281B10008B59B6 /* OKSpinnerCell.m */,
				324C842318281B10008B59B6 /* Resources */,
				324C844A18281B10008B59B6 /* UIImageView+Openkit.h */,
				324C844B18281B10008B59B6 /* UIImageView+Openkit.m */,
			);
			path = GUI;
			sourceTree = "<group>";
		};
		324C842318281B10008B59B6 /* Resources */ = {
			isa = PBXGroup;
			children = (
				324C842418281B10008B59B6 /* Images */,
				324C844318281B10008B59B6 /* Xib */,
			);
			path = Resources;
			sourceTree = "<group>";
		};
		324C842418281B10008B59B6 /* Images */ = {
			isa = PBXGroup;
			children = (
				324C842518281B10008B59B6 /* back_button.png */,
				324C842618281B10008B59B6 /* back_button@2x.png */,
				324C842718281B10008B59B6 /* close.png */,
				324C842818281B10008B59B6 /* close@2x.png */,
				324C842918281B10008B59B6 /* facebook_icon.png */,
				324C842A18281B10008B59B6 /* facebook_icon@2x.png */,
				324C842B18281B10008B59B6 /* gamecenter_icon.png */,
				324C842C18281B10008B59B6 /* gamecenter_icon@2x.png */,
				324C842D18281B10008B59B6 /* gear.png */,
				324C842E18281B10008B59B6 /* gear@2x.png */,
				324C842F18281B10008B59B6 /* include_fb_off.png */,
				324C843018281B10008B59B6 /* include_fb_off@2x.png */,
				324C843118281B10008B59B6 /* include_fb_on.png */,
				324C843218281B10008B59B6 /* include_fb_on@2x.png */,
				324C843318281B10008B59B6 /* include_gc_off.png */,
				324C843418281B10008B59B6 /* include_gc_off@2x.png */,
				324C843518281B10008B59B6 /* include_gc_on.png */,
				324C843618281B10008B59B6 /* include_gc_on@2x.png */,
				324C843718281B10008B59B6 /* invite.png */,
				324C843818281B10008B59B6 /* invite@2x.png */,
				324C843918281B10008B59B6 /* ok_facebook_off.png */,
				324C843A18281B10008B59B6 /* ok_facebook_off@2x.png */,
				324C843B18281B10008B59B6 /* ok_facebook_on.png */,
				324C843C18281B10008B59B6 /* ok_facebook_on@2x.png */,
				324C843D18281B10008B59B6 /* ok_gamecenter_off.png */,
				324C843E18281B10008B59B6 /* ok_gamecenter_off@2x.png */,
				324C843F18281B10008B59B6 /* ok_gamecenter_on.png */,
				324C844018281B10008B59B6 /* ok_gamecenter_on@2x.png */,
				324C844118281B10008B59B6 /* settings.png */,
				324C844218281B10008B59B6 /* settings@2x.png */,
			);
			path = Images;
			sourceTree = "<group>";
		};
		324C844318281B10008B59B6 /* Xib */ = {
			isa = PBXGroup;
			children = (
				324C844418281B10008B59B6 /* OKFBLoginCell.xib */,
				324C844518281B10008B59B6 /* OKLeaderboardsListViewController.xib */,
				324C844618281B10008B59B6 /* OKLoginView.xib */,
				324C844718281B10008B59B6 /* OKProfileViewController.xib */,
				324C844818281B10008B59B6 /* OKScoreCell.xib */,
				324C844918281B10008B59B6 /* OKSocialLeaderboardVC.xib */,
			);
			path = Xib;
			sourceTree = "<group>";
		};
		324C847F18281B1E008B59B6 /* Plugins */ = {
			isa = PBXGroup;
			children = (
				32ACE390182826AB00A40568 /* FacebookSDK.framework */,
				3279F43B18459C8F00B58A1C /* OKUUIDPlugin.h */,
				3279F43C18459C8F00B58A1C /* OKUUIDPlugin.m */,
				324C848018281B1E008B59B6 /* OKFacebookPlugin.h */,
				324C848118281B1E008B59B6 /* OKFacebookPlugin.m */,
				324C848218281B1E008B59B6 /* OKGameCenterPlugin.h */,
				324C848318281B1E008B59B6 /* OKGameCenterPlugin.m */,
			);
			path = Plugins;
			sourceTree = "<group>";
		};
		324C848A18281B8C008B59B6 /* Samples */ = {
			isa = PBXGroup;
			children = (
				324C849518281B8C008B59B6 /* Images.xcassets */,
				324C848B18281B8C008B59B6 /* CoreTest */,
				324C849A18281B8C008B59B6 /* SampleApp */,
			);
			path = Samples;
			sourceTree = "<group>";
		};
		324C848B18281B8C008B59B6 /* CoreTest */ = {
			isa = PBXGroup;
			children = (
				324C848C18281B8C008B59B6 /* AppDelegate.h */,
				324C848D18281B8C008B59B6 /* AppDelegate.m */,
				324C848E18281B8C008B59B6 /* CoreTest-Prefix.pch */,
				324C848F18281B8C008B59B6 /* main.m */,
				324C849318281B8C008B59B6 /* ViewController.h */,
				324C849418281B8C008B59B6 /* ViewController.m */,
				324C849018281B8C008B59B6 /* Resources */,
			);
			path = CoreTest;
			sourceTree = "<group>";
		};
		324C849018281B8C008B59B6 /* Resources */ = {
			isa = PBXGroup;
			children = (
				324C849118281B8C008B59B6 /* CoreTest-Info.plist */,
				324C849218281B8C008B59B6 /* ViewController.xib */,
			);
			path = Resources;
			sourceTree = "<group>";
		};
		324C849A18281B8C008B59B6 /* SampleApp */ = {
			isa = PBXGroup;
			children = (
				32CE7C0E184D1F9500F2193E /* GameReplay.h */,
				32CE7C0F184D1F9500F2193E /* GameReplay.m */,
				32CE7C10184D1F9500F2193E /* GameView.h */,
				32CE7C11184D1F9500F2193E /* GameView.m */,
				324C849F18281B8C008B59B6 /* main.m */,
				324C84A018281B8C008B59B6 /* OKAppDelegate.h */,
				324C84A118281B8C008B59B6 /* OKAppDelegate.m */,
				324C84A218281B8C008B59B6 /* OKViewController.h */,
				324C84A318281B8C008B59B6 /* OKViewController.m */,
				324C84A418281B8C008B59B6 /* Resources */,
				324C84AA18281B8C008B59B6 /* SampleApp-Prefix.pch */,
				324C84AB18281B8C008B59B6 /* ScoreSubmitterVC.h */,
				324C84AC18281B8C008B59B6 /* ScoreSubmitterVC.m */,
			);
			path = SampleApp;
			sourceTree = "<group>";
		};
		324C84A418281B8C008B59B6 /* Resources */ = {
			isa = PBXGroup;
			children = (
				32CE7C14184D1F9F00F2193E /* GameReplayView.xib */,
				32CE7C15184D1F9F00F2193E /* GameView.xib */,
				324C84A718281B8C008B59B6 /* SampleApp-Info.plist */,
				324C84A818281B8C008B59B6 /* ScoreSubmitterVC.xib */,
				324C84A918281B8C008B59B6 /* ViewController.xib */,
			);
			path = Resources;
			sourceTree = "<group>";
		};
		326FD0C216CB6209004248F9 = {
			isa = PBXGroup;
			children = (
				324C831E18281AD4008B59B6 /* OpenKit */,
				32243AF216CDD4460077EDC8 /* UnityPlugin */,
				324C848A18281B8C008B59B6 /* Samples */,
				326FD0CD16CB6209004248F9 /* Frameworks */,
				326FD0CC16CB6209004248F9 /* Products */,
			);
			sourceTree = "<group>";
		};
		326FD0CC16CB6209004248F9 /* Products */ = {
			isa = PBXGroup;
			children = (
				326FD0CB16CB6209004248F9 /* libOpenKit.a */,
				32CAD04F16CB698C00E8F185 /* SampleApp.app */,
				32243AF016CDD4460077EDC8 /* libOpenKitUnity.a */,
				3284E14916CE49AB00624827 /* UnityPluginMac.bundle */,
				32CCB720181B1A34000193D5 /* SampleApp.app */,
				324C831B18281A9D008B59B6 /* CoreTest.app */,
			);
			name = Products;
			sourceTree = "<group>";
		};
		326FD0CD16CB6209004248F9 /* Frameworks */ = {
			isa = PBXGroup;
			children = (
				3295F161184D440700E99585 /* libz.dylib */,
				32CAD0EA16CB74DF00E8F185 /* libsqlite3.dylib */,
				445B3BFB1767F5D300952456 /* GameKit.framework */,
				2CD025EC17A8A1A7001ECD84 /* MessageUI.framework */,
				32CAD0E616CB74CB00E8F185 /* Security.framework */,
				32CAD0E416CB74B000E8F185 /* QuartzCore.framework */,
				32CAD0DD16CB743600E8F185 /* Accounts.framework */,
				32CAD0DB16CB742500E8F185 /* Social.framework */,
				32CAD0D516CB732200E8F185 /* SystemConfiguration.framework */,
				326FD0CE16CB6209004248F9 /* Foundation.framework */,
				32CAD05016CB698C00E8F185 /* UIKit.framework */,
				32CAD05316CB698C00E8F185 /* CoreGraphics.framework */,
			);
			name = Frameworks;
			sourceTree = "<group>";
		};
		32ACE393182826BA00A40568 /* fmdb */ = {
			isa = PBXGroup;
			children = (
				32ACE394182826BA00A40568 /* OKFMDatabase.h */,
				32ACE395182826BA00A40568 /* OKFMDatabase.m */,
				32ACE396182826BA00A40568 /* OKFMDatabaseAdditions.h */,
				32ACE397182826BA00A40568 /* OKFMDatabaseAdditions.m */,
				32ACE398182826BA00A40568 /* OKFMDatabasePool.h */,
				32ACE399182826BA00A40568 /* OKFMDatabasePool.m */,
				32ACE39A182826BA00A40568 /* OKFMDatabaseQueue.h */,
				32ACE39B182826BA00A40568 /* OKFMDatabaseQueue.m */,
				32ACE39C182826BA00A40568 /* OKFMResultSet.h */,
				32ACE39D182826BA00A40568 /* OKFMResultSet.m */,
			);
			path = fmdb;
			sourceTree = "<group>";
		};
		32ACE3A3182827DE00A40568 /* Support */ = {
			isa = PBXGroup;
			children = (
				324C83AF18281AF5008B59B6 /* OKCrypto.h */,
				324C83B018281AF5008B59B6 /* OKCrypto.m */,
				324C83B818281AF5008B59B6 /* OKError.h */,
				324C83B918281AF5008B59B6 /* OKError.m */,
				324C83BA18281AF5008B59B6 /* OKFileUtil.h */,
				324C83BB18281AF5008B59B6 /* OKFileUtil.m */,
				324C83BE18281AF5008B59B6 /* OKHelper.h */,
				324C83BF18281AF5008B59B6 /* OKHelper.m */,
				324C83CB18281AF5008B59B6 /* OKRequestUtils.h */,
				324C83CC18281AF5008B59B6 /* OKRequestUtils.m */,
				324C83D918281AF5008B59B6 /* OKUtils.h */,
				324C83DA18281AF5008B59B6 /* OKUtils.m */,
			);
			name = Support;
			sourceTree = "<group>";
		};
		32ACE3A41828295400A40568 /* Networking */ = {
			isa = PBXGroup;
			children = (
				324C83C518281AF5008B59B6 /* OKNetworker.h */,
				324C83C618281AF5008B59B6 /* OKNetworker.m */,
				324C83C918281AF5008B59B6 /* OKRequest.h */,
				324C83CA18281AF5008B59B6 /* OKRequest.m */,
				324C83CD18281AF5008B59B6 /* OKResponse.h */,
				324C83CE18281AF5008B59B6 /* OKResponse.m */,
				324C83D518281AF5008B59B6 /* OKUpload.h */,
				324C83D618281AF5008B59B6 /* OKUpload.m */,
			);
			name = Networking;
			sourceTree = "<group>";
		};
		32ACE3A51828298F00A40568 /* Cache */ = {
			isa = PBXGroup;
			children = (
				324C83B118281AF5008B59B6 /* OKDBConnection.h */,
				324C83B218281AF5008B59B6 /* OKDBConnection.m */,
				324C83B318281AF5008B59B6 /* OKDBScore.h */,
				324C83B418281AF5008B59B6 /* OKDBScore.m */,
			);
			name = Cache;
			sourceTree = "<group>";
		};
/* End PBXGroup section */

/* Begin PBXNativeTarget section */
		32243AEF16CDD4460077EDC8 /* OpenKitUnity */ = {
			isa = PBXNativeTarget;
			buildConfigurationList = 32243AFB16CDD4460077EDC8 /* Build configuration list for PBXNativeTarget "OpenKitUnity" */;
			buildPhases = (
				32243AEC16CDD4460077EDC8 /* Sources */,
				32243AED16CDD4460077EDC8 /* Frameworks */,
				32243AEE16CDD4460077EDC8 /* CopyFiles */,
			);
			buildRules = (
			);
			dependencies = (
			);
			name = OpenKitUnity;
			productName = UnityPlugin;
			productReference = 32243AF016CDD4460077EDC8 /* libOpenKitUnity.a */;
			productType = "com.apple.product-type.library.static";
		};
		324C830318281A9D008B59B6 /* CoreTest */ = {
			isa = PBXNativeTarget;
			buildConfigurationList = 324C831818281A9D008B59B6 /* Build configuration list for PBXNativeTarget "CoreTest" */;
			buildPhases = (
				324C830618281A9D008B59B6 /* Sources */,
				324C830718281A9D008B59B6 /* Frameworks */,
				324C831718281A9D008B59B6 /* Resources */,
			);
			buildRules = (
			);
			dependencies = (
				324C830418281A9D008B59B6 /* PBXTargetDependency */,
			);
			name = CoreTest;
			productName = SampleApp;
			productReference = 324C831B18281A9D008B59B6 /* CoreTest.app */;
			productType = "com.apple.product-type.application";
		};
		326FD0CA16CB6209004248F9 /* OpenKit */ = {
			isa = PBXNativeTarget;
			buildConfigurationList = 326FD0D916CB6209004248F9 /* Build configuration list for PBXNativeTarget "OpenKit" */;
			buildPhases = (
				326FD0C716CB6209004248F9 /* Sources */,
				326FD0C816CB6209004248F9 /* Frameworks */,
			);
			buildRules = (
			);
			dependencies = (
			);
			name = OpenKit;
			productName = OpenKit;
			productReference = 326FD0CB16CB6209004248F9 /* libOpenKit.a */;
			productType = "com.apple.product-type.library.static";
		};
		3284E14816CE49AB00624827 /* UnityPluginMac */ = {
			isa = PBXNativeTarget;
			buildConfigurationList = 3284E15916CE49AB00624827 /* Build configuration list for PBXNativeTarget "UnityPluginMac" */;
			buildPhases = (
				3284E14516CE49AB00624827 /* Sources */,
				3284E14616CE49AB00624827 /* Frameworks */,
				3284E14716CE49AB00624827 /* Resources */,
			);
			buildRules = (
			);
			dependencies = (
			);
			name = UnityPluginMac;
			productName = UnityPluginMac;
			productReference = 3284E14916CE49AB00624827 /* UnityPluginMac.bundle */;
			productType = "com.apple.product-type.bundle";
		};
		32CCB71F181B1A34000193D5 /* SampleApp */ = {
			isa = PBXNativeTarget;
			buildConfigurationList = 32CCB749181B1A34000193D5 /* Build configuration list for PBXNativeTarget "SampleApp" */;
			buildPhases = (
				32CCB71C181B1A34000193D5 /* Sources */,
				32CCB71D181B1A34000193D5 /* Frameworks */,
				32CCB71E181B1A34000193D5 /* Resources */,
			);
			buildRules = (
			);
			dependencies = (
				32CCB779181B1AB5000193D5 /* PBXTargetDependency */,
			);
			name = SampleApp;
			productName = SampleApp;
			productReference = 32CCB720181B1A34000193D5 /* SampleApp.app */;
			productType = "com.apple.product-type.application";
		};
/* End PBXNativeTarget section */

/* Begin PBXProject section */
		326FD0C316CB6209004248F9 /* Project object */ = {
			isa = PBXProject;
			attributes = {
				LastUpgradeCheck = 0500;
				ORGANIZATIONNAME = OpenKit;
			};
			buildConfigurationList = 326FD0C616CB6209004248F9 /* Build configuration list for PBXProject "OpenKit" */;
			compatibilityVersion = "Xcode 3.2";
			developmentRegion = English;
			hasScannedForEncodings = 0;
			knownRegions = (
				en,
			);
			mainGroup = 326FD0C216CB6209004248F9;
			productRefGroup = 326FD0CC16CB6209004248F9 /* Products */;
			projectDirPath = "";
			projectRoot = "";
			targets = (
				326FD0CA16CB6209004248F9 /* OpenKit */,
				32243AEF16CDD4460077EDC8 /* OpenKitUnity */,
				3284E14816CE49AB00624827 /* UnityPluginMac */,
				32CCB71F181B1A34000193D5 /* SampleApp */,
				324C830318281A9D008B59B6 /* CoreTest */,
			);
		};
/* End PBXProject section */

/* Begin PBXResourcesBuildPhase section */
		324C831718281A9D008B59B6 /* Resources */ = {
			isa = PBXResourcesBuildPhase;
			buildActionMask = 2147483647;
			files = (
				324C848518281B1E008B59B6 /* ok_wildcard.der in Resources */,
				324C84B218281BAC008B59B6 /* ViewController.xib in Resources */,
				324C84AE18281B95008B59B6 /* Images.xcassets in Resources */,
			);
			runOnlyForDeploymentPostprocessing = 0;
		};
		3284E14716CE49AB00624827 /* Resources */ = {
			isa = PBXResourcesBuildPhase;
			buildActionMask = 2147483647;
			files = (
			);
			runOnlyForDeploymentPostprocessing = 0;
		};
		32CCB71E181B1A34000193D5 /* Resources */ = {
			isa = PBXResourcesBuildPhase;
			buildActionMask = 2147483647;
			files = (
				324C846718281B10008B59B6 /* include_gc_off.png in Resources */,
				324C847018281B10008B59B6 /* ok_facebook_on@2x.png in Resources */,
				324C846D18281B10008B59B6 /* ok_facebook_off.png in Resources */,
				324C846C18281B10008B59B6 /* invite@2x.png in Resources */,
				32CE7C16184D1F9F00F2193E /* GameReplayView.xib in Resources */,
				324C847118281B10008B59B6 /* ok_gamecenter_off.png in Resources */,
				324C845B18281B10008B59B6 /* close.png in Resources */,
				324C845D18281B10008B59B6 /* facebook_icon.png in Resources */,
				324C846118281B10008B59B6 /* gear.png in Resources */,
				324C846F18281B10008B59B6 /* ok_facebook_on.png in Resources */,
				324C846A18281B10008B59B6 /* include_gc_on@2x.png in Resources */,
				324C84BA18281BED008B59B6 /* ViewController.xib in Resources */,
				324C846218281B10008B59B6 /* gear@2x.png in Resources */,
				324C846318281B10008B59B6 /* include_fb_off.png in Resources */,
				324C847518281B10008B59B6 /* settings.png in Resources */,
				324C845918281B10008B59B6 /* back_button.png in Resources */,
				324C847A18281B10008B59B6 /* OKProfileViewController.xib in Resources */,
				324C84AD18281B95008B59B6 /* Images.xcassets in Resources */,
				324C847218281B10008B59B6 /* ok_gamecenter_off@2x.png in Resources */,
				324C847718281B10008B59B6 /* OKFBLoginCell.xib in Resources */,
				324C847C18281B10008B59B6 /* OKSocialLeaderboardVC.xib in Resources */,
				324C846E18281B10008B59B6 /* ok_facebook_off@2x.png in Resources */,
				324C845A18281B10008B59B6 /* back_button@2x.png in Resources */,
				324C847818281B10008B59B6 /* OKLeaderboardsListViewController.xib in Resources */,
				32CE7C17184D1F9F00F2193E /* GameView.xib in Resources */,
				324C846918281B10008B59B6 /* include_gc_on.png in Resources */,
				324C847318281B10008B59B6 /* ok_gamecenter_on.png in Resources */,
				324C846418281B10008B59B6 /* include_fb_off@2x.png in Resources */,
				324C847B18281B10008B59B6 /* OKScoreCell.xib in Resources */,
				324C846818281B10008B59B6 /* include_gc_off@2x.png in Resources */,
				324C84B918281BEA008B59B6 /* ScoreSubmitterVC.xib in Resources */,
				324C846618281B10008B59B6 /* include_fb_on@2x.png in Resources */,
				324C846B18281B10008B59B6 /* invite.png in Resources */,
				324C845F18281B10008B59B6 /* gamecenter_icon.png in Resources */,
				324C848418281B1E008B59B6 /* ok_wildcard.der in Resources */,
				324C846518281B10008B59B6 /* include_fb_on.png in Resources */,
				324C847618281B10008B59B6 /* settings@2x.png in Resources */,
				324C847418281B10008B59B6 /* ok_gamecenter_on@2x.png in Resources */,
				324C845C18281B10008B59B6 /* close@2x.png in Resources */,
				324C846018281B10008B59B6 /* gamecenter_icon@2x.png in Resources */,
				324C845E18281B10008B59B6 /* facebook_icon@2x.png in Resources */,
				324C847918281B10008B59B6 /* OKLoginView.xib in Resources */,
			);
			runOnlyForDeploymentPostprocessing = 0;
		};
/* End PBXResourcesBuildPhase section */

/* Begin PBXSourcesBuildPhase section */
		32243AEC16CDD4460077EDC8 /* Sources */ = {
			isa = PBXSourcesBuildPhase;
			buildActionMask = 2147483647;
			files = (
				32243B0216CDE3C80077EDC8 /* OKBridge.m in Sources */,
				32243B0316CDE3C80077EDC8 /* OKUnityHelper.m in Sources */,
			);
			runOnlyForDeploymentPostprocessing = 0;
		};
		324C830618281A9D008B59B6 /* Sources */ = {
			isa = PBXSourcesBuildPhase;
			buildActionMask = 2147483647;
			files = (
				324C848718281B1E008B59B6 /* OKFacebookPlugin.m in Sources */,
				324C848918281B1E008B59B6 /* OKGameCenterPlugin.m in Sources */,
				324C84B018281BA2008B59B6 /* main.m in Sources */,
				3279F43F18459CB100B58A1C /* OKUUIDPlugin.m in Sources */,
				324C84AF18281B9C008B59B6 /* AppDelegate.m in Sources */,
				324C84B118281BA5008B59B6 /* ViewController.m in Sources */,
			);
			runOnlyForDeploymentPostprocessing = 0;
		};
		326FD0C716CB6209004248F9 /* Sources */ = {
			isa = PBXSourcesBuildPhase;
			buildActionMask = 2147483647;
			files = (
				3279F43D18459C8F00B58A1C /* OKUUIDPlugin.m in Sources */,
				324C83FE18281AF5008B59B6 /* OKUpload.m in Sources */,
				32ACE3A1182826BA00A40568 /* OKFMDatabaseQueue.m in Sources */,
				324C83FF18281AF5008B59B6 /* OKUser.m in Sources */,
				324C83FA18281AF5008B59B6 /* OKResponse.m in Sources */,
				32ACE39E182826BA00A40568 /* OKFMDatabase.m in Sources */,
				324C83F118281AF5008B59B6 /* OKError.m in Sources */,
				324C83F418281AF5008B59B6 /* OKHelper.m in Sources */,
				32ACE39F182826BA00A40568 /* OKFMDatabaseAdditions.m in Sources */,
				324C83ED18281AF5008B59B6 /* OKCrypto.m in Sources */,
				324C83EB18281AF5008B59B6 /* OKAuth.m in Sources */,
				32ACE3A2182826BA00A40568 /* OKFMResultSet.m in Sources */,
				324C83EF18281AF5008B59B6 /* OKDBScore.m in Sources */,
				32DB0EFD18730BF500964AA3 /* OKAuthPlugin.m in Sources */,
				324C83EC18281AF5008B59B6 /* OKChallenge.m in Sources */,
				324C840018281AF5008B59B6 /* OKUtils.m in Sources */,
				324C83F718281AF5008B59B6 /* OKNetworker.m in Sources */,
				32ACE3A0182826BA00A40568 /* OKFMDatabasePool.m in Sources */,
				324C83FB18281AF5008B59B6 /* OKScore.m in Sources */,
				324C83F518281AF5008B59B6 /* OKLeaderboard.m in Sources */,
				324C83EE18281AF5008B59B6 /* OKDBConnection.m in Sources */,
				324C83F318281AF5008B59B6 /* OKGame.m in Sources */,
				324C83F218281AF5008B59B6 /* OKFileUtil.m in Sources */,
				324C83F618281AF5008B59B6 /* OKManager.m in Sources */,
				324C83F918281AF5008B59B6 /* OKRequestUtils.m in Sources */,
				324C83F818281AF5008B59B6 /* OKRequest.m in Sources */,
			);
			runOnlyForDeploymentPostprocessing = 0;
		};
		3284E14516CE49AB00624827 /* Sources */ = {
			isa = PBXSourcesBuildPhase;
			buildActionMask = 2147483647;
			files = (
				326DA8B4185F83BF00AA8A84 /* OKFacebookPlugin.m in Sources */,
				326DA8B3185F83BA00AA8A84 /* OKUUIDPlugin.m in Sources */,
				3284E16416CE4AFC00624827 /* OKUnityHelper.m in Sources */,
				3284E16516CE4AFE00624827 /* OKBridge.m in Sources */,
				326DA8B5185F83C100AA8A84 /* OKGameCenterPlugin.m in Sources */,
			);
			runOnlyForDeploymentPostprocessing = 0;
		};
		32CCB71C181B1A34000193D5 /* Sources */ = {
			isa = PBXSourcesBuildPhase;
			buildActionMask = 2147483647;
			files = (
				324C845418281B10008B59B6 /* OKLoginView.m in Sources */,
				324C847D18281B10008B59B6 /* UIImageView+Openkit.m in Sources */,
				324C84B718281BD8008B59B6 /* OKAppDelegate.m in Sources */,
				324C845818281B10008B59B6 /* OKSpinnerCell.m in Sources */,
				324C84B618281BD5008B59B6 /* ScoreSubmitterVC.m in Sources */,
				32CE7C13184D1F9500F2193E /* GameView.m in Sources */,
				324C848818281B1E008B59B6 /* OKGameCenterPlugin.m in Sources */,
				3279F43E18459CB000B58A1C /* OKUUIDPlugin.m in Sources */,
				324C84B518281BD2008B59B6 /* OKViewController.m in Sources */,
				324C845218281B10008B59B6 /* OKLeaderboardListCell.m in Sources */,
				324C845018281B10008B59B6 /* OKFBLoginCell.m in Sources */,
				324C845618281B10008B59B6 /* OKScoreCell.m in Sources */,
				324C84BD18281C2F008B59B6 /* main.m in Sources */,
				32CE7C12184D1F9500F2193E /* GameReplay.m in Sources */,
				324C845318281B10008B59B6 /* OKLeaderboardsListViewController.m in Sources */,
				324C845518281B10008B59B6 /* OKProfileViewController.m in Sources */,
				324C848618281B1E008B59B6 /* OKFacebookPlugin.m in Sources */,
				324C844E18281B10008B59B6 /* KGModal.m in Sources */,
				324C845718281B10008B59B6 /* OKSocialLeaderboardViewController.m in Sources */,
				324C844F18281B10008B59B6 /* OKBaseViewController.m in Sources */,
				324C845118281B10008B59B6 /* OKGUI.m in Sources */,
				324C844D18281B10008B59B6 /* ActionSheetStringPicker.m in Sources */,
				324C844C18281B10008B59B6 /* AbstractActionSheetPicker.m in Sources */,
			);
			runOnlyForDeploymentPostprocessing = 0;
		};
/* End PBXSourcesBuildPhase section */

/* Begin PBXTargetDependency section */
		324C830418281A9D008B59B6 /* PBXTargetDependency */ = {
			isa = PBXTargetDependency;
			target = 326FD0CA16CB6209004248F9 /* OpenKit */;
			targetProxy = 324C830518281A9D008B59B6 /* PBXContainerItemProxy */;
		};
		32CCB779181B1AB5000193D5 /* PBXTargetDependency */ = {
			isa = PBXTargetDependency;
			target = 326FD0CA16CB6209004248F9 /* OpenKit */;
			targetProxy = 32CCB778181B1AB5000193D5 /* PBXContainerItemProxy */;
		};
/* End PBXTargetDependency section */

/* Begin XCBuildConfiguration section */
		32243AF916CDD4460077EDC8 /* Debug */ = {
			isa = XCBuildConfiguration;
			buildSettings = {
				CLANG_ENABLE_OBJC_ARC = NO;
				DSTROOT = /tmp/UnityPlugin.dst;
				FRAMEWORK_SEARCH_PATHS = (
					"$(inherited)",
					"\"$(SRCROOT)/Vendor\"",
				);
				GCC_PRECOMPILE_PREFIX_HEADER = YES;
				GCC_PREFIX_HEADER = "UnityPlugin/UnityPlugin-Prefix.pch";
				LIBRARY_SEARCH_PATHS = (
					"$(inherited)",
					"\"$(SRCROOT)/UnityPlugin\"",
				);
				OTHER_LDFLAGS = "-ObjC";
				PRODUCT_NAME = "$(TARGET_NAME)";
				SKIP_INSTALL = YES;
			};
			name = Debug;
		};
		32243AFA16CDD4460077EDC8 /* Release */ = {
			isa = XCBuildConfiguration;
			buildSettings = {
				CLANG_ENABLE_OBJC_ARC = NO;
				DSTROOT = /tmp/UnityPlugin.dst;
				FRAMEWORK_SEARCH_PATHS = (
					"$(inherited)",
					"\"$(SRCROOT)/Vendor\"",
				);
				GCC_PRECOMPILE_PREFIX_HEADER = YES;
				GCC_PREFIX_HEADER = "UnityPlugin/UnityPlugin-Prefix.pch";
				LIBRARY_SEARCH_PATHS = (
					"$(inherited)",
					"\"$(SRCROOT)/UnityPlugin\"",
				);
				OTHER_LDFLAGS = "-ObjC";
				PRODUCT_NAME = "$(TARGET_NAME)";
				SKIP_INSTALL = YES;
			};
			name = Release;
		};
		324C831918281A9D008B59B6 /* Debug */ = {
			isa = XCBuildConfiguration;
			buildSettings = {
				ASSETCATALOG_COMPILER_APPICON_NAME = AppIcon;
				ASSETCATALOG_COMPILER_LAUNCHIMAGE_NAME = LaunchImage;
				CODE_SIGN_IDENTITY = "iPhone Developer";
				FRAMEWORK_SEARCH_PATHS = (
					"$(inherited)",
					OpenKit/Plugins,
				);
				GCC_PRECOMPILE_PREFIX_HEADER = YES;
				GCC_PREFIX_HEADER = "Samples/CoreTest/CoreTest-Prefix.pch";
				INFOPLIST_FILE = "$(SRCROOT)/Samples/CoreTest/Resources/CoreTest-Info.plist";
				PRODUCT_NAME = CoreTest;
				WRAPPER_EXTENSION = app;
			};
			name = Debug;
		};
		324C831A18281A9D008B59B6 /* Release */ = {
			isa = XCBuildConfiguration;
			buildSettings = {
				ASSETCATALOG_COMPILER_APPICON_NAME = AppIcon;
				ASSETCATALOG_COMPILER_LAUNCHIMAGE_NAME = LaunchImage;
				CODE_SIGN_IDENTITY = "iPhone Developer";
				FRAMEWORK_SEARCH_PATHS = (
					"$(inherited)",
					OpenKit/Plugins,
				);
				GCC_PRECOMPILE_PREFIX_HEADER = YES;
				GCC_PREFIX_HEADER = "Samples/CoreTest/CoreTest-Prefix.pch";
				INFOPLIST_FILE = "$(SRCROOT)/Samples/CoreTest/Resources/CoreTest-Info.plist";
				PRODUCT_NAME = CoreTest;
				WRAPPER_EXTENSION = app;
			};
			name = Release;
		};
		326FD0D716CB6209004248F9 /* Debug */ = {
			isa = XCBuildConfiguration;
			buildSettings = {
				CLANG_ENABLE_OBJC_ARC = YES;
				CLANG_WARN_CONSTANT_CONVERSION = YES;
				CLANG_WARN_DEPRECATED_OBJC_IMPLEMENTATIONS = YES;
				CLANG_WARN_EMPTY_BODY = YES;
				CLANG_WARN_INT_CONVERSION = YES;
				CLANG_WARN__DUPLICATE_METHOD_MATCH = YES;
				CODE_SIGN_IDENTITY = "iPhone Developer";
				COPY_PHASE_STRIP = NO;
				GCC_C_LANGUAGE_STANDARD = gnu99;
				GCC_OPTIMIZATION_LEVEL = 0;
				GCC_PREPROCESSOR_DEFINITIONS = (
					"DEBUG=1",
					"$(inherited)",
				);
				GCC_SYMBOLS_PRIVATE_EXTERN = NO;
				GCC_WARN_ABOUT_RETURN_TYPE = YES;
				GCC_WARN_UNINITIALIZED_AUTOS = YES;
				GCC_WARN_UNUSED_VARIABLE = YES;
				IPHONEOS_DEPLOYMENT_TARGET = 6.0;
				ONLY_ACTIVE_ARCH = YES;
				SDKROOT = iphoneos;
				TARGETED_DEVICE_FAMILY = "1,2";
			};
			name = Debug;
		};
		326FD0D816CB6209004248F9 /* Release */ = {
			isa = XCBuildConfiguration;
			buildSettings = {
				CLANG_ENABLE_OBJC_ARC = YES;
				CLANG_WARN_CONSTANT_CONVERSION = YES;
				CLANG_WARN_DEPRECATED_OBJC_IMPLEMENTATIONS = YES;
				CLANG_WARN_EMPTY_BODY = YES;
				CLANG_WARN_INT_CONVERSION = YES;
				CLANG_WARN__DUPLICATE_METHOD_MATCH = YES;
				CODE_SIGN_IDENTITY = "iPhone Developer";
				COPY_PHASE_STRIP = YES;
				ENABLE_NS_ASSERTIONS = NO;
				GCC_C_LANGUAGE_STANDARD = gnu99;
				GCC_WARN_ABOUT_RETURN_TYPE = YES;
				GCC_WARN_UNINITIALIZED_AUTOS = YES;
				GCC_WARN_UNUSED_VARIABLE = YES;
				IPHONEOS_DEPLOYMENT_TARGET = 6.0;
				SDKROOT = iphoneos;
				TARGETED_DEVICE_FAMILY = "1,2";
				VALIDATE_PRODUCT = YES;
			};
			name = Release;
		};
		326FD0DA16CB6209004248F9 /* Debug */ = {
			isa = XCBuildConfiguration;
			buildSettings = {
				FRAMEWORK_SEARCH_PATHS = (
					"$(inherited)",
					"/Users/manu/repos/openkit-ios/OpenKit/Vendor",
					"/Users/manu/repos/openkit-ios/OpenKit/Core/Vendor",
				);
				PRODUCT_NAME = "$(TARGET_NAME)";
			};
			name = Debug;
		};
		326FD0DB16CB6209004248F9 /* Release */ = {
			isa = XCBuildConfiguration;
			buildSettings = {
				FRAMEWORK_SEARCH_PATHS = (
					"$(inherited)",
					"/Users/manu/repos/openkit-ios/OpenKit/Vendor",
					"/Users/manu/repos/openkit-ios/OpenKit/Core/Vendor",
				);
				PRODUCT_NAME = "$(TARGET_NAME)";
			};
			name = Release;
		};
		3284E15716CE49AB00624827 /* Debug */ = {
			isa = XCBuildConfiguration;
			buildSettings = {
				CLANG_ENABLE_OBJC_ARC = NO;
				COMBINE_HIDPI_IMAGES = YES;
				FRAMEWORK_SEARCH_PATHS = (
					"$(inherited)",
					"\"$(SYSTEM_APPS_DIR)/Xcode46-DP2.app/Contents/Developer/Library/Frameworks\"",
				);
				GCC_ENABLE_OBJC_EXCEPTIONS = YES;
				GCC_PRECOMPILE_PREFIX_HEADER = YES;
				GCC_PREFIX_HEADER = "UnityPlugin/UnityPluginMac-Prefix.pch";
				GCC_WARN_64_TO_32_BIT_CONVERSION = YES;
				INFOPLIST_FILE = "UnityPlugin/UnityPluginMac-Info.plist";
				INSTALL_PATH = "$(LOCAL_LIBRARY_DIR)/Bundles";
				LIBRARY_SEARCH_PATHS = (
					"$(inherited)",
					"\"$(SRCROOT)/UnityPlugin\"",
				);
				MACOSX_DEPLOYMENT_TARGET = 10.6;
				PRODUCT_NAME = "$(TARGET_NAME)";
				SDKROOT = macosx;
				VERSION_INFO_BUILDER = lou;
				WRAPPER_EXTENSION = bundle;
			};
			name = Debug;
		};
		3284E15816CE49AB00624827 /* Release */ = {
			isa = XCBuildConfiguration;
			buildSettings = {
				CLANG_ENABLE_OBJC_ARC = NO;
				COMBINE_HIDPI_IMAGES = YES;
				DEBUG_INFORMATION_FORMAT = "dwarf-with-dsym";
				FRAMEWORK_SEARCH_PATHS = (
					"$(inherited)",
					"\"$(SYSTEM_APPS_DIR)/Xcode46-DP2.app/Contents/Developer/Library/Frameworks\"",
				);
				GCC_ENABLE_OBJC_EXCEPTIONS = YES;
				GCC_PRECOMPILE_PREFIX_HEADER = YES;
				GCC_PREFIX_HEADER = "UnityPlugin/UnityPluginMac-Prefix.pch";
				GCC_WARN_64_TO_32_BIT_CONVERSION = YES;
				INFOPLIST_FILE = "UnityPlugin/UnityPluginMac-Info.plist";
				INSTALL_PATH = "$(LOCAL_LIBRARY_DIR)/Bundles";
				LIBRARY_SEARCH_PATHS = (
					"$(inherited)",
					"\"$(SRCROOT)/UnityPlugin\"",
				);
				MACOSX_DEPLOYMENT_TARGET = 10.6;
				PRODUCT_NAME = "$(TARGET_NAME)";
				SDKROOT = macosx;
				VERSION_INFO_BUILDER = lou;
				WRAPPER_EXTENSION = bundle;
			};
			name = Release;
		};
		32CCB745181B1A34000193D5 /* Debug */ = {
			isa = XCBuildConfiguration;
			buildSettings = {
				ASSETCATALOG_COMPILER_APPICON_NAME = AppIcon;
				ASSETCATALOG_COMPILER_LAUNCHIMAGE_NAME = LaunchImage;
				CODE_SIGN_IDENTITY = "iPhone Developer";
				"CODE_SIGN_IDENTITY[sdk=iphoneos*]" = "iPhone Developer";
				FRAMEWORK_SEARCH_PATHS = (
					"$(inherited)",
					OpenKit/Plugins,
				);
				GCC_PRECOMPILE_PREFIX_HEADER = YES;
				GCC_PREFIX_HEADER = "Samples/SampleApp/SampleApp-Prefix.pch";
				INFOPLIST_FILE = "$(SRCROOT)/Samples/SampleApp/Resources/SampleApp-Info.plist";
				PRODUCT_NAME = "$(TARGET_NAME)";
				PROVISIONING_PROFILE = "";
				WRAPPER_EXTENSION = app;
			};
			name = Debug;
		};
		32CCB746181B1A34000193D5 /* Release */ = {
			isa = XCBuildConfiguration;
			buildSettings = {
				ASSETCATALOG_COMPILER_APPICON_NAME = AppIcon;
				ASSETCATALOG_COMPILER_LAUNCHIMAGE_NAME = LaunchImage;
				CODE_SIGN_IDENTITY = "iPhone Developer";
				"CODE_SIGN_IDENTITY[sdk=iphoneos*]" = "iPhone Developer";
				FRAMEWORK_SEARCH_PATHS = (
					"$(inherited)",
					OpenKit/Plugins,
				);
				GCC_PRECOMPILE_PREFIX_HEADER = YES;
				GCC_PREFIX_HEADER = "Samples/SampleApp/SampleApp-Prefix.pch";
				INFOPLIST_FILE = "$(SRCROOT)/Samples/SampleApp/Resources/SampleApp-Info.plist";
				PRODUCT_NAME = "$(TARGET_NAME)";
				PROVISIONING_PROFILE = "";
				WRAPPER_EXTENSION = app;
			};
			name = Release;
		};
/* End XCBuildConfiguration section */

/* Begin XCConfigurationList section */
		32243AFB16CDD4460077EDC8 /* Build configuration list for PBXNativeTarget "OpenKitUnity" */ = {
			isa = XCConfigurationList;
			buildConfigurations = (
				32243AF916CDD4460077EDC8 /* Debug */,
				32243AFA16CDD4460077EDC8 /* Release */,
			);
			defaultConfigurationIsVisible = 0;
			defaultConfigurationName = Release;
		};
		324C831818281A9D008B59B6 /* Build configuration list for PBXNativeTarget "CoreTest" */ = {
			isa = XCConfigurationList;
			buildConfigurations = (
				324C831918281A9D008B59B6 /* Debug */,
				324C831A18281A9D008B59B6 /* Release */,
			);
			defaultConfigurationIsVisible = 0;
			defaultConfigurationName = Release;
		};
		326FD0C616CB6209004248F9 /* Build configuration list for PBXProject "OpenKit" */ = {
			isa = XCConfigurationList;
			buildConfigurations = (
				326FD0D716CB6209004248F9 /* Debug */,
				326FD0D816CB6209004248F9 /* Release */,
			);
			defaultConfigurationIsVisible = 0;
			defaultConfigurationName = Release;
		};
		326FD0D916CB6209004248F9 /* Build configuration list for PBXNativeTarget "OpenKit" */ = {
			isa = XCConfigurationList;
			buildConfigurations = (
				326FD0DA16CB6209004248F9 /* Debug */,
				326FD0DB16CB6209004248F9 /* Release */,
			);
			defaultConfigurationIsVisible = 0;
			defaultConfigurationName = Release;
		};
		3284E15916CE49AB00624827 /* Build configuration list for PBXNativeTarget "UnityPluginMac" */ = {
			isa = XCConfigurationList;
			buildConfigurations = (
				3284E15716CE49AB00624827 /* Debug */,
				3284E15816CE49AB00624827 /* Release */,
			);
			defaultConfigurationIsVisible = 0;
			defaultConfigurationName = Release;
		};
		32CCB749181B1A34000193D5 /* Build configuration list for PBXNativeTarget "SampleApp" */ = {
			isa = XCConfigurationList;
			buildConfigurations = (
				32CCB745181B1A34000193D5 /* Debug */,
				32CCB746181B1A34000193D5 /* Release */,
			);
			defaultConfigurationIsVisible = 0;
			defaultConfigurationName = Release;
		};
/* End XCConfigurationList section */
	};
	rootObject = 326FD0C316CB6209004248F9 /* Project object */;
}
