// !$*UTF8*$!
{
	archiveVersion = 1;
	classes = {
	};
	objectVersion = 46;
	objects = {

/* Begin PBXBuildFile section */
		2C87C14D16B746D4004A4F81 /* QuartzCore.framework in Frameworks */ = {isa = PBXBuildFile; fileRef = 2C87C14C16B746D4004A4F81 /* QuartzCore.framework */; };
		320906BA16C396F800878B49 /* KJBindingManager.m in Sources */ = {isa = PBXBuildFile; fileRef = 320906B916C396F800878B49 /* KJBindingManager.m */; settings = {COMPILER_FLAGS = "-fno-objc-arc"; }; };
		321CA7D516C75C9D00240C0F /* main.m in Sources */ = {isa = PBXBuildFile; fileRef = 44A317CA168BD1EF00D9C90E /* main.m */; };
		321CA7D616C75C9D00240C0F /* OKAppDelegate.m in Sources */ = {isa = PBXBuildFile; fileRef = 44A317CE168BD1EF00D9C90E /* OKAppDelegate.m */; };
		321CA7D716C75C9D00240C0F /* OKViewController.m in Sources */ = {isa = PBXBuildFile; fileRef = 44A317D7168BD1EF00D9C90E /* OKViewController.m */; };
		321CA7D816C75C9D00240C0F /* ScoreSubmitterVC.m in Sources */ = {isa = PBXBuildFile; fileRef = 44FB02E1169E1500003619DD /* ScoreSubmitterVC.m */; };
		321CA7D916C75C9D00240C0F /* CloudDataTestVC.m in Sources */ = {isa = PBXBuildFile; fileRef = 32C3AA1316BA0D17001423A3 /* CloudDataTestVC.m */; };
		321CA7E616C75C9D00240C0F /* MobileCoreServices.framework in Frameworks */ = {isa = PBXBuildFile; fileRef = 32C3AA0C16B9DA39001423A3 /* MobileCoreServices.framework */; };
		321CA7E716C75C9D00240C0F /* SystemConfiguration.framework in Frameworks */ = {isa = PBXBuildFile; fileRef = 32C3AA0A16B9DA34001423A3 /* SystemConfiguration.framework */; };
		321CA7E816C75C9D00240C0F /* QuartzCore.framework in Frameworks */ = {isa = PBXBuildFile; fileRef = 2C87C14C16B746D4004A4F81 /* QuartzCore.framework */; };
		321CA7E916C75C9D00240C0F /* Security.framework in Frameworks */ = {isa = PBXBuildFile; fileRef = 4403315D169BAA3E0090B4FA /* Security.framework */; };
		321CA7EA16C75C9D00240C0F /* Twitter.framework in Frameworks */ = {isa = PBXBuildFile; fileRef = 44A317F8168D098600D9C90E /* Twitter.framework */; };
		321CA7EB16C75C9D00240C0F /* Social.framework in Frameworks */ = {isa = PBXBuildFile; fileRef = 44A317ED168BD36100D9C90E /* Social.framework */; settings = {ATTRIBUTES = (Weak, ); }; };
		321CA7EC16C75C9D00240C0F /* AdSupport.framework in Frameworks */ = {isa = PBXBuildFile; fileRef = 44A317EB168BD35200D9C90E /* AdSupport.framework */; settings = {ATTRIBUTES = (Weak, ); }; };
		321CA7ED16C75C9D00240C0F /* Accounts.framework in Frameworks */ = {isa = PBXBuildFile; fileRef = 44A317E9168BD34600D9C90E /* Accounts.framework */; settings = {ATTRIBUTES = (Weak, ); }; };
		321CA7EE16C75C9D00240C0F /* UIKit.framework in Frameworks */ = {isa = PBXBuildFile; fileRef = 44A317BE168BD1EF00D9C90E /* UIKit.framework */; };
		321CA7EF16C75C9D00240C0F /* Foundation.framework in Frameworks */ = {isa = PBXBuildFile; fileRef = 44A317C0168BD1EF00D9C90E /* Foundation.framework */; };
		321CA7F016C75C9D00240C0F /* CoreGraphics.framework in Frameworks */ = {isa = PBXBuildFile; fileRef = 44A317C2168BD1EF00D9C90E /* CoreGraphics.framework */; };
		321CA7F416C75C9D00240C0F /* InfoPlist.strings in Resources */ = {isa = PBXBuildFile; fileRef = 44A317C7168BD1EF00D9C90E /* InfoPlist.strings */; };
		321CA7F516C75C9D00240C0F /* Default.png in Resources */ = {isa = PBXBuildFile; fileRef = 44A317D0168BD1EF00D9C90E /* Default.png */; };
		321CA7F616C75C9D00240C0F /* Default@2x.png in Resources */ = {isa = PBXBuildFile; fileRef = 44A317D2168BD1EF00D9C90E /* Default@2x.png */; };
		321CA7F716C75C9D00240C0F /* Default-568h@2x.png in Resources */ = {isa = PBXBuildFile; fileRef = 44A317D4168BD1EF00D9C90E /* Default-568h@2x.png */; };
		321CA7F816C75C9D00240C0F /* OKViewController.xib in Resources */ = {isa = PBXBuildFile; fileRef = 44A317D9168BD1EF00D9C90E /* OKViewController.xib */; };
		321CA7F916C75C9D00240C0F /* ScoreSubmitterVC.xib in Resources */ = {isa = PBXBuildFile; fileRef = 44FB02E2169E1500003619DD /* ScoreSubmitterVC.xib */; };
		321CA7FA16C75C9D00240C0F /* CloudDataTestVC.xib in Resources */ = {isa = PBXBuildFile; fileRef = 32C3AA1416BA0D17001423A3 /* CloudDataTestVC.xib */; };
		321EEC3D16C9EB1000EA0BEF /* BuildOpenKitSDK.framework in Frameworks */ = {isa = PBXBuildFile; fileRef = 321EEC1E16C9EB1000EA0BEF /* BuildOpenKitSDK.framework */; };
		321EEC3E16C9EB1000EA0BEF /* cell_border.png in Resources */ = {isa = PBXBuildFile; fileRef = 321EEC2016C9EB1000EA0BEF /* cell_border.png */; };
		321EEC3F16C9EB1000EA0BEF /* cell_border@2x.png in Resources */ = {isa = PBXBuildFile; fileRef = 321EEC2116C9EB1000EA0BEF /* cell_border@2x.png */; };
		321EEC4016C9EB1000EA0BEF /* close.png in Resources */ = {isa = PBXBuildFile; fileRef = 321EEC2216C9EB1000EA0BEF /* close.png */; };
		321EEC4116C9EB1000EA0BEF /* close@2x.png in Resources */ = {isa = PBXBuildFile; fileRef = 321EEC2316C9EB1000EA0BEF /* close@2x.png */; };
		321EEC4216C9EB1000EA0BEF /* doneBtn.png in Resources */ = {isa = PBXBuildFile; fileRef = 321EEC2416C9EB1000EA0BEF /* doneBtn.png */; };
		321EEC4316C9EB1000EA0BEF /* dontBtn@2x.png in Resources */ = {isa = PBXBuildFile; fileRef = 321EEC2516C9EB1000EA0BEF /* dontBtn@2x.png */; };
		321EEC4416C9EB1000EA0BEF /* fbBtn.png in Resources */ = {isa = PBXBuildFile; fileRef = 321EEC2616C9EB1000EA0BEF /* fbBtn.png */; };
		321EEC4516C9EB1000EA0BEF /* fbBtn@2x.png in Resources */ = {isa = PBXBuildFile; fileRef = 321EEC2716C9EB1000EA0BEF /* fbBtn@2x.png */; };
		321EEC4616C9EB1000EA0BEF /* grayBtn.png in Resources */ = {isa = PBXBuildFile; fileRef = 321EEC2816C9EB1000EA0BEF /* grayBtn.png */; };
		321EEC4716C9EB1000EA0BEF /* grayBtn@2x.png in Resources */ = {isa = PBXBuildFile; fileRef = 321EEC2916C9EB1000EA0BEF /* grayBtn@2x.png */; };
		321EEC4816C9EB1000EA0BEF /* leaderboard_icon.png in Resources */ = {isa = PBXBuildFile; fileRef = 321EEC2A16C9EB1000EA0BEF /* leaderboard_icon.png */; };
		321EEC4916C9EB1000EA0BEF /* leaderboard_icon@2x.png in Resources */ = {isa = PBXBuildFile; fileRef = 321EEC2B16C9EB1000EA0BEF /* leaderboard_icon@2x.png */; };
		321EEC4A16C9EB1000EA0BEF /* noThanksBtn.png in Resources */ = {isa = PBXBuildFile; fileRef = 321EEC2C16C9EB1000EA0BEF /* noThanksBtn.png */; };
		321EEC4B16C9EB1000EA0BEF /* noThanksBtn@2x.png in Resources */ = {isa = PBXBuildFile; fileRef = 321EEC2D16C9EB1000EA0BEF /* noThanksBtn@2x.png */; };
		321EEC4C16C9EB1000EA0BEF /* OKLeaderboardsListViewController.nib in Resources */ = {isa = PBXBuildFile; fileRef = 321EEC2E16C9EB1000EA0BEF /* OKLeaderboardsListViewController.nib */; };
		321EEC4D16C9EB1000EA0BEF /* OKLeaderboardViewController.nib in Resources */ = {isa = PBXBuildFile; fileRef = 321EEC2F16C9EB1000EA0BEF /* OKLeaderboardViewController.nib */; };
		321EEC4E16C9EB1000EA0BEF /* OKNickViewController.nib in Resources */ = {isa = PBXBuildFile; fileRef = 321EEC3016C9EB1000EA0BEF /* OKNickViewController.nib */; };
		321EEC4F16C9EB1000EA0BEF /* OKProfileViewController.nib in Resources */ = {isa = PBXBuildFile; fileRef = 321EEC3116C9EB1000EA0BEF /* OKProfileViewController.nib */; };
		321EEC5016C9EB1000EA0BEF /* OKScoreViewController.nib in Resources */ = {isa = PBXBuildFile; fileRef = 321EEC3216C9EB1000EA0BEF /* OKScoreViewController.nib */; };
		321EEC5116C9EB1000EA0BEF /* profile.png in Resources */ = {isa = PBXBuildFile; fileRef = 321EEC3316C9EB1000EA0BEF /* profile.png */; };
		321EEC5216C9EB1000EA0BEF /* profile@2x.png in Resources */ = {isa = PBXBuildFile; fileRef = 321EEC3416C9EB1000EA0BEF /* profile@2x.png */; };
		321EEC5316C9EB1000EA0BEF /* segmented_bg.png in Resources */ = {isa = PBXBuildFile; fileRef = 321EEC3516C9EB1000EA0BEF /* segmented_bg.png */; };
		321EEC5416C9EB1000EA0BEF /* segmented_bg@2x.png in Resources */ = {isa = PBXBuildFile; fileRef = 321EEC3616C9EB1000EA0BEF /* segmented_bg@2x.png */; };
		321EEC5516C9EB1000EA0BEF /* segmented_highlight.png in Resources */ = {isa = PBXBuildFile; fileRef = 321EEC3716C9EB1000EA0BEF /* segmented_highlight.png */; };
		321EEC5616C9EB1000EA0BEF /* segmented_highlight@2x.png in Resources */ = {isa = PBXBuildFile; fileRef = 321EEC3816C9EB1000EA0BEF /* segmented_highlight@2x.png */; };
		321EEC5716C9EB1000EA0BEF /* twitterBtn.png in Resources */ = {isa = PBXBuildFile; fileRef = 321EEC3916C9EB1000EA0BEF /* twitterBtn.png */; };
		321EEC5816C9EB1000EA0BEF /* twitterBtn@2x.png in Resources */ = {isa = PBXBuildFile; fileRef = 321EEC3A16C9EB1000EA0BEF /* twitterBtn@2x.png */; };
		321EEC5916C9EB1000EA0BEF /* user_icon.png in Resources */ = {isa = PBXBuildFile; fileRef = 321EEC3B16C9EB1000EA0BEF /* user_icon.png */; };
		321EEC5A16C9EB1000EA0BEF /* user_icon@2x.png in Resources */ = {isa = PBXBuildFile; fileRef = 321EEC3C16C9EB1000EA0BEF /* user_icon@2x.png */; };
		326DBE7716C9BA860026FCF4 /* AFHTTPClient.m in Sources */ = {isa = PBXBuildFile; fileRef = 326DBE6116C9BA860026FCF4 /* AFHTTPClient.m */; };
		326DBE7816C9BA860026FCF4 /* AFHTTPClient.m in Sources */ = {isa = PBXBuildFile; fileRef = 326DBE6116C9BA860026FCF4 /* AFHTTPClient.m */; };
		326DBE7916C9BA860026FCF4 /* AFHTTPRequestOperation.m in Sources */ = {isa = PBXBuildFile; fileRef = 326DBE6316C9BA860026FCF4 /* AFHTTPRequestOperation.m */; };
		326DBE7A16C9BA860026FCF4 /* AFHTTPRequestOperation.m in Sources */ = {isa = PBXBuildFile; fileRef = 326DBE6316C9BA860026FCF4 /* AFHTTPRequestOperation.m */; };
		326DBE7B16C9BA860026FCF4 /* AFImageRequestOperation.m in Sources */ = {isa = PBXBuildFile; fileRef = 326DBE6516C9BA860026FCF4 /* AFImageRequestOperation.m */; };
		326DBE7C16C9BA860026FCF4 /* AFImageRequestOperation.m in Sources */ = {isa = PBXBuildFile; fileRef = 326DBE6516C9BA860026FCF4 /* AFImageRequestOperation.m */; };
		326DBE7D16C9BA860026FCF4 /* AFJSONRequestOperation.m in Sources */ = {isa = PBXBuildFile; fileRef = 326DBE6716C9BA860026FCF4 /* AFJSONRequestOperation.m */; };
		326DBE7E16C9BA860026FCF4 /* AFJSONRequestOperation.m in Sources */ = {isa = PBXBuildFile; fileRef = 326DBE6716C9BA860026FCF4 /* AFJSONRequestOperation.m */; };
		326DBE7F16C9BA860026FCF4 /* AFNetworkActivityIndicatorManager.m in Sources */ = {isa = PBXBuildFile; fileRef = 326DBE6916C9BA860026FCF4 /* AFNetworkActivityIndicatorManager.m */; };
		326DBE8016C9BA860026FCF4 /* AFNetworkActivityIndicatorManager.m in Sources */ = {isa = PBXBuildFile; fileRef = 326DBE6916C9BA860026FCF4 /* AFNetworkActivityIndicatorManager.m */; };
		326DBE8116C9BA860026FCF4 /* AFPropertyListRequestOperation.m in Sources */ = {isa = PBXBuildFile; fileRef = 326DBE6C16C9BA860026FCF4 /* AFPropertyListRequestOperation.m */; };
		326DBE8216C9BA860026FCF4 /* AFPropertyListRequestOperation.m in Sources */ = {isa = PBXBuildFile; fileRef = 326DBE6C16C9BA860026FCF4 /* AFPropertyListRequestOperation.m */; };
		326DBE8316C9BA860026FCF4 /* AFURLConnectionOperation.m in Sources */ = {isa = PBXBuildFile; fileRef = 326DBE6E16C9BA860026FCF4 /* AFURLConnectionOperation.m */; };
		326DBE8416C9BA860026FCF4 /* AFURLConnectionOperation.m in Sources */ = {isa = PBXBuildFile; fileRef = 326DBE6E16C9BA860026FCF4 /* AFURLConnectionOperation.m */; };
		326DBE8516C9BA860026FCF4 /* AFXMLRequestOperation.m in Sources */ = {isa = PBXBuildFile; fileRef = 326DBE7016C9BA860026FCF4 /* AFXMLRequestOperation.m */; };
		326DBE8616C9BA860026FCF4 /* AFXMLRequestOperation.m in Sources */ = {isa = PBXBuildFile; fileRef = 326DBE7016C9BA860026FCF4 /* AFXMLRequestOperation.m */; };
		326DBE8716C9BA860026FCF4 /* UIImageView+AFNetworking.m in Sources */ = {isa = PBXBuildFile; fileRef = 326DBE7216C9BA860026FCF4 /* UIImageView+AFNetworking.m */; };
		326DBE8816C9BA860026FCF4 /* UIImageView+AFNetworking.m in Sources */ = {isa = PBXBuildFile; fileRef = 326DBE7216C9BA860026FCF4 /* UIImageView+AFNetworking.m */; };
		326DBE8916C9BA860026FCF4 /* FacebookSDK.framework in Frameworks */ = {isa = PBXBuildFile; fileRef = 326DBE7316C9BA860026FCF4 /* FacebookSDK.framework */; };
		326DBE8A16C9BA860026FCF4 /* FacebookSDK.framework in Frameworks */ = {isa = PBXBuildFile; fileRef = 326DBE7316C9BA860026FCF4 /* FacebookSDK.framework */; };
		326DBE8B16C9BA860026FCF4 /* JSONKit.m in Sources */ = {isa = PBXBuildFile; fileRef = 326DBE7616C9BA860026FCF4 /* JSONKit.m */; settings = {COMPILER_FLAGS = "-fno-objc-arc -w"; }; };
		326DBE8C16C9BA860026FCF4 /* JSONKit.m in Sources */ = {isa = PBXBuildFile; fileRef = 326DBE7616C9BA860026FCF4 /* JSONKit.m */; settings = {COMPILER_FLAGS = "-fno-objc-arc -w"; }; };
		326DBEE616C9BA8F0026FCF4 /* AbstractActionSheetPicker.m in Sources */ = {isa = PBXBuildFile; fileRef = 326DBE9016C9BA8E0026FCF4 /* AbstractActionSheetPicker.m */; settings = {COMPILER_FLAGS = "-fno-objc-arc"; }; };
		326DBEE716C9BA8F0026FCF4 /* ActionSheetStringPicker.m in Sources */ = {isa = PBXBuildFile; fileRef = 326DBE9216C9BA8E0026FCF4 /* ActionSheetStringPicker.m */; settings = {COMPILER_FLAGS = "-fno-objc-arc"; }; };
		326DBEE816C9BA8F0026FCF4 /* KGModal.m in Sources */ = {isa = PBXBuildFile; fileRef = 326DBE9416C9BA8E0026FCF4 /* KGModal.m */; };
		326DBEE916C9BA8F0026FCF4 /* OKBaseLoginViewController.m in Sources */ = {isa = PBXBuildFile; fileRef = 326DBE9616C9BA8E0026FCF4 /* OKBaseLoginViewController.m */; };
		326DBEEA16C9BA8F0026FCF4 /* OKCloud.m in Sources */ = {isa = PBXBuildFile; fileRef = 326DBE9816C9BA8E0026FCF4 /* OKCloud.m */; };
		326DBEEB16C9BA8F0026FCF4 /* OKDirector.m in Sources */ = {isa = PBXBuildFile; fileRef = 326DBE9B16C9BA8E0026FCF4 /* OKDirector.m */; };
		326DBEEC16C9BA8F0026FCF4 /* OKFacebookUtilities.m in Sources */ = {isa = PBXBuildFile; fileRef = 326DBE9D16C9BA8E0026FCF4 /* OKFacebookUtilities.m */; };
		326DBEED16C9BA8F0026FCF4 /* OKHelper.m in Sources */ = {isa = PBXBuildFile; fileRef = 326DBEA016C9BA8E0026FCF4 /* OKHelper.m */; };
		326DBEEE16C9BA8F0026FCF4 /* OKLeaderboard.m in Sources */ = {isa = PBXBuildFile; fileRef = 326DBEA216C9BA8E0026FCF4 /* OKLeaderboard.m */; };
		326DBEEF16C9BA8F0026FCF4 /* OKLeaderboardListCell.m in Sources */ = {isa = PBXBuildFile; fileRef = 326DBEA416C9BA8E0026FCF4 /* OKLeaderboardListCell.m */; };
		326DBEF016C9BA8F0026FCF4 /* OKLeaderboardsListViewController.m in Sources */ = {isa = PBXBuildFile; fileRef = 326DBEA616C9BA8F0026FCF4 /* OKLeaderboardsListViewController.m */; };
		326DBEF116C9BA8F0026FCF4 /* OKLeaderboardsViewController.m in Sources */ = {isa = PBXBuildFile; fileRef = 326DBEA816C9BA8F0026FCF4 /* OKLeaderboardsViewController.m */; };
		326DBEF216C9BA8F0026FCF4 /* OKLeaderboardViewController.m in Sources */ = {isa = PBXBuildFile; fileRef = 326DBEAA16C9BA8F0026FCF4 /* OKLeaderboardViewController.m */; };
		326DBEF316C9BA8F0026FCF4 /* OKLoginView.m in Sources */ = {isa = PBXBuildFile; fileRef = 326DBEAC16C9BA8F0026FCF4 /* OKLoginView.m */; };
		326DBEF416C9BA8F0026FCF4 /* OKNetworker.m in Sources */ = {isa = PBXBuildFile; fileRef = 326DBEAF16C9BA8F0026FCF4 /* OKNetworker.m */; };
		326DBEF516C9BA8F0026FCF4 /* OKNickViewController.m in Sources */ = {isa = PBXBuildFile; fileRef = 326DBEB116C9BA8F0026FCF4 /* OKNickViewController.m */; };
		326DBEF616C9BA8F0026FCF4 /* OKProfileViewController.m in Sources */ = {isa = PBXBuildFile; fileRef = 326DBEB316C9BA8F0026FCF4 /* OKProfileViewController.m */; };
		326DBEF716C9BA8F0026FCF4 /* OKScore.m in Sources */ = {isa = PBXBuildFile; fileRef = 326DBEB516C9BA8F0026FCF4 /* OKScore.m */; };
		326DBEF816C9BA8F0026FCF4 /* OKScoreCell.m in Sources */ = {isa = PBXBuildFile; fileRef = 326DBEB716C9BA8F0026FCF4 /* OKScoreCell.m */; };
		326DBEF916C9BA8F0026FCF4 /* OKScoreViewCell.m in Sources */ = {isa = PBXBuildFile; fileRef = 326DBEB916C9BA8F0026FCF4 /* OKScoreViewCell.m */; };
		326DBEFA16C9BA8F0026FCF4 /* OKScoreViewController.m in Sources */ = {isa = PBXBuildFile; fileRef = 326DBEBB16C9BA8F0026FCF4 /* OKScoreViewController.m */; };
		326DBEFB16C9BA8F0026FCF4 /* OKTwitterUtilities.m in Sources */ = {isa = PBXBuildFile; fileRef = 326DBEBD16C9BA8F0026FCF4 /* OKTwitterUtilities.m */; };
		326DBEFC16C9BA8F0026FCF4 /* OKUser.m in Sources */ = {isa = PBXBuildFile; fileRef = 326DBEBF16C9BA8F0026FCF4 /* OKUser.m */; };
		326DBEFD16C9BA8F0026FCF4 /* OKUserProfileImageView.m in Sources */ = {isa = PBXBuildFile; fileRef = 326DBEC116C9BA8F0026FCF4 /* OKUserProfileImageView.m */; };
		326DBEFE16C9BA8F0026FCF4 /* OKUserUtilities.m in Sources */ = {isa = PBXBuildFile; fileRef = 326DBEC316C9BA8F0026FCF4 /* OKUserUtilities.m */; };
		326DBEFF16C9BA8F0026FCF4 /* SimpleKeychain.m in Sources */ = {isa = PBXBuildFile; fileRef = 326DBEC616C9BA8F0026FCF4 /* SimpleKeychain.m */; settings = {COMPILER_FLAGS = "-fno-objc-arc"; }; };
		326DBF0016C9BA8F0026FCF4 /* cell_border.png in Resources */ = {isa = PBXBuildFile; fileRef = 326DBEC816C9BA8F0026FCF4 /* cell_border.png */; };
		326DBF0116C9BA8F0026FCF4 /* cell_border@2x.png in Resources */ = {isa = PBXBuildFile; fileRef = 326DBEC916C9BA8F0026FCF4 /* cell_border@2x.png */; };
		326DBF0216C9BA8F0026FCF4 /* close.png in Resources */ = {isa = PBXBuildFile; fileRef = 326DBECA16C9BA8F0026FCF4 /* close.png */; };
		326DBF0316C9BA8F0026FCF4 /* close@2x.png in Resources */ = {isa = PBXBuildFile; fileRef = 326DBECB16C9BA8F0026FCF4 /* close@2x.png */; };
		326DBF0416C9BA8F0026FCF4 /* doneBtn.png in Resources */ = {isa = PBXBuildFile; fileRef = 326DBECC16C9BA8F0026FCF4 /* doneBtn.png */; };
		326DBF0516C9BA8F0026FCF4 /* dontBtn@2x.png in Resources */ = {isa = PBXBuildFile; fileRef = 326DBECD16C9BA8F0026FCF4 /* dontBtn@2x.png */; };
		326DBF0616C9BA8F0026FCF4 /* fbBtn.png in Resources */ = {isa = PBXBuildFile; fileRef = 326DBECE16C9BA8F0026FCF4 /* fbBtn.png */; };
		326DBF0716C9BA8F0026FCF4 /* fbBtn@2x.png in Resources */ = {isa = PBXBuildFile; fileRef = 326DBECF16C9BA8F0026FCF4 /* fbBtn@2x.png */; };
		326DBF0816C9BA8F0026FCF4 /* grayBtn.png in Resources */ = {isa = PBXBuildFile; fileRef = 326DBED016C9BA8F0026FCF4 /* grayBtn.png */; };
		326DBF0916C9BA8F0026FCF4 /* grayBtn@2x.png in Resources */ = {isa = PBXBuildFile; fileRef = 326DBED116C9BA8F0026FCF4 /* grayBtn@2x.png */; };
		326DBF0A16C9BA8F0026FCF4 /* leaderboard_icon.png in Resources */ = {isa = PBXBuildFile; fileRef = 326DBED216C9BA8F0026FCF4 /* leaderboard_icon.png */; };
		326DBF0B16C9BA8F0026FCF4 /* leaderboard_icon@2x.png in Resources */ = {isa = PBXBuildFile; fileRef = 326DBED316C9BA8F0026FCF4 /* leaderboard_icon@2x.png */; };
		326DBF0C16C9BA8F0026FCF4 /* noThanksBtn.png in Resources */ = {isa = PBXBuildFile; fileRef = 326DBED416C9BA8F0026FCF4 /* noThanksBtn.png */; };
		326DBF0D16C9BA8F0026FCF4 /* noThanksBtn@2x.png in Resources */ = {isa = PBXBuildFile; fileRef = 326DBED516C9BA8F0026FCF4 /* noThanksBtn@2x.png */; };
		326DBF0E16C9BA8F0026FCF4 /* profile.png in Resources */ = {isa = PBXBuildFile; fileRef = 326DBED616C9BA8F0026FCF4 /* profile.png */; };
		326DBF0F16C9BA8F0026FCF4 /* profile@2x.png in Resources */ = {isa = PBXBuildFile; fileRef = 326DBED716C9BA8F0026FCF4 /* profile@2x.png */; };
		326DBF1016C9BA8F0026FCF4 /* segmented_bg.png in Resources */ = {isa = PBXBuildFile; fileRef = 326DBED816C9BA8F0026FCF4 /* segmented_bg.png */; };
		326DBF1116C9BA8F0026FCF4 /* segmented_bg@2x.png in Resources */ = {isa = PBXBuildFile; fileRef = 326DBED916C9BA8F0026FCF4 /* segmented_bg@2x.png */; };
		326DBF1216C9BA8F0026FCF4 /* segmented_highlight.png in Resources */ = {isa = PBXBuildFile; fileRef = 326DBEDA16C9BA8F0026FCF4 /* segmented_highlight.png */; };
		326DBF1316C9BA8F0026FCF4 /* segmented_highlight@2x.png in Resources */ = {isa = PBXBuildFile; fileRef = 326DBEDB16C9BA8F0026FCF4 /* segmented_highlight@2x.png */; };
		326DBF1416C9BA8F0026FCF4 /* twitterBtn.png in Resources */ = {isa = PBXBuildFile; fileRef = 326DBEDC16C9BA8F0026FCF4 /* twitterBtn.png */; };
		326DBF1516C9BA8F0026FCF4 /* twitterBtn@2x.png in Resources */ = {isa = PBXBuildFile; fileRef = 326DBEDD16C9BA8F0026FCF4 /* twitterBtn@2x.png */; };
		326DBF1616C9BA8F0026FCF4 /* user_icon.png in Resources */ = {isa = PBXBuildFile; fileRef = 326DBEDE16C9BA8F0026FCF4 /* user_icon.png */; };
		326DBF1716C9BA8F0026FCF4 /* user_icon@2x.png in Resources */ = {isa = PBXBuildFile; fileRef = 326DBEDF16C9BA8F0026FCF4 /* user_icon@2x.png */; };
		326DBF1816C9BA8F0026FCF4 /* OKLeaderboardsListViewController.xib in Resources */ = {isa = PBXBuildFile; fileRef = 326DBEE116C9BA8F0026FCF4 /* OKLeaderboardsListViewController.xib */; };
		326DBF1916C9BA8F0026FCF4 /* OKLeaderboardViewController.xib in Resources */ = {isa = PBXBuildFile; fileRef = 326DBEE216C9BA8F0026FCF4 /* OKLeaderboardViewController.xib */; };
		326DBF1A16C9BA8F0026FCF4 /* OKNickViewController.xib in Resources */ = {isa = PBXBuildFile; fileRef = 326DBEE316C9BA8F0026FCF4 /* OKNickViewController.xib */; };
		326DBF1B16C9BA8F0026FCF4 /* OKProfileViewController.xib in Resources */ = {isa = PBXBuildFile; fileRef = 326DBEE416C9BA8F0026FCF4 /* OKProfileViewController.xib */; };
		326DBF1C16C9BA8F0026FCF4 /* OKScoreViewController.xib in Resources */ = {isa = PBXBuildFile; fileRef = 326DBEE516C9BA8F0026FCF4 /* OKScoreViewController.xib */; };
		326DC26716C9BC360026FCF4 /* FacebookSDKResources.bundle in Resources */ = {isa = PBXBuildFile; fileRef = 326DC26616C9BC360026FCF4 /* FacebookSDKResources.bundle */; };
		326DC26816C9BC360026FCF4 /* FacebookSDKResources.bundle in Resources */ = {isa = PBXBuildFile; fileRef = 326DC26616C9BC360026FCF4 /* FacebookSDKResources.bundle */; };
		32C3AA0B16B9DA34001423A3 /* SystemConfiguration.framework in Frameworks */ = {isa = PBXBuildFile; fileRef = 32C3AA0A16B9DA34001423A3 /* SystemConfiguration.framework */; };
		32C3AA0D16B9DA39001423A3 /* MobileCoreServices.framework in Frameworks */ = {isa = PBXBuildFile; fileRef = 32C3AA0C16B9DA39001423A3 /* MobileCoreServices.framework */; };
		32C3AA1516BA0D17001423A3 /* CloudDataTestVC.m in Sources */ = {isa = PBXBuildFile; fileRef = 32C3AA1316BA0D17001423A3 /* CloudDataTestVC.m */; };
		32C3AA1616BA0D17001423A3 /* CloudDataTestVC.xib in Resources */ = {isa = PBXBuildFile; fileRef = 32C3AA1416BA0D17001423A3 /* CloudDataTestVC.xib */; };
		4403315E169BAA3E0090B4FA /* Security.framework in Frameworks */ = {isa = PBXBuildFile; fileRef = 4403315D169BAA3E0090B4FA /* Security.framework */; };
		44A317BF168BD1EF00D9C90E /* UIKit.framework in Frameworks */ = {isa = PBXBuildFile; fileRef = 44A317BE168BD1EF00D9C90E /* UIKit.framework */; };
		44A317C1168BD1EF00D9C90E /* Foundation.framework in Frameworks */ = {isa = PBXBuildFile; fileRef = 44A317C0168BD1EF00D9C90E /* Foundation.framework */; };
		44A317C3168BD1EF00D9C90E /* CoreGraphics.framework in Frameworks */ = {isa = PBXBuildFile; fileRef = 44A317C2168BD1EF00D9C90E /* CoreGraphics.framework */; };
		44A317C9168BD1EF00D9C90E /* InfoPlist.strings in Resources */ = {isa = PBXBuildFile; fileRef = 44A317C7168BD1EF00D9C90E /* InfoPlist.strings */; };
		44A317CB168BD1EF00D9C90E /* main.m in Sources */ = {isa = PBXBuildFile; fileRef = 44A317CA168BD1EF00D9C90E /* main.m */; };
		44A317CF168BD1EF00D9C90E /* OKAppDelegate.m in Sources */ = {isa = PBXBuildFile; fileRef = 44A317CE168BD1EF00D9C90E /* OKAppDelegate.m */; };
		44A317D1168BD1EF00D9C90E /* Default.png in Resources */ = {isa = PBXBuildFile; fileRef = 44A317D0168BD1EF00D9C90E /* Default.png */; };
		44A317D3168BD1EF00D9C90E /* Default@2x.png in Resources */ = {isa = PBXBuildFile; fileRef = 44A317D2168BD1EF00D9C90E /* Default@2x.png */; };
		44A317D5168BD1EF00D9C90E /* Default-568h@2x.png in Resources */ = {isa = PBXBuildFile; fileRef = 44A317D4168BD1EF00D9C90E /* Default-568h@2x.png */; };
		44A317D8168BD1EF00D9C90E /* OKViewController.m in Sources */ = {isa = PBXBuildFile; fileRef = 44A317D7168BD1EF00D9C90E /* OKViewController.m */; };
		44A317DB168BD1EF00D9C90E /* OKViewController.xib in Resources */ = {isa = PBXBuildFile; fileRef = 44A317D9168BD1EF00D9C90E /* OKViewController.xib */; };
		44A317EA168BD34600D9C90E /* Accounts.framework in Frameworks */ = {isa = PBXBuildFile; fileRef = 44A317E9168BD34600D9C90E /* Accounts.framework */; settings = {ATTRIBUTES = (Weak, ); }; };
		44A317EC168BD35200D9C90E /* AdSupport.framework in Frameworks */ = {isa = PBXBuildFile; fileRef = 44A317EB168BD35200D9C90E /* AdSupport.framework */; settings = {ATTRIBUTES = (Weak, ); }; };
		44A317EE168BD36100D9C90E /* Social.framework in Frameworks */ = {isa = PBXBuildFile; fileRef = 44A317ED168BD36100D9C90E /* Social.framework */; settings = {ATTRIBUTES = (Weak, ); }; };
		44A317F9168D098600D9C90E /* Twitter.framework in Frameworks */ = {isa = PBXBuildFile; fileRef = 44A317F8168D098600D9C90E /* Twitter.framework */; };
		44FB02E3169E1500003619DD /* ScoreSubmitterVC.m in Sources */ = {isa = PBXBuildFile; fileRef = 44FB02E1169E1500003619DD /* ScoreSubmitterVC.m */; };
		44FB02E4169E1500003619DD /* ScoreSubmitterVC.xib in Resources */ = {isa = PBXBuildFile; fileRef = 44FB02E2169E1500003619DD /* ScoreSubmitterVC.xib */; };
/* End PBXBuildFile section */

/* Begin PBXFileReference section */
		2C87C14C16B746D4004A4F81 /* QuartzCore.framework */ = {isa = PBXFileReference; lastKnownFileType = wrapper.framework; name = QuartzCore.framework; path = System/Library/Frameworks/QuartzCore.framework; sourceTree = SDKROOT; };
		320906B816C396F800878B49 /* KJBindingManager.h */ = {isa = PBXFileReference; fileEncoding = 4; lastKnownFileType = sourcecode.c.h; path = KJBindingManager.h; sourceTree = "<group>"; };
		320906B916C396F800878B49 /* KJBindingManager.m */ = {isa = PBXFileReference; fileEncoding = 4; lastKnownFileType = sourcecode.c.objc; path = KJBindingManager.m; sourceTree = "<group>"; };
		321CA81C16C75C9D00240C0F /* SampleAppSrc.app */ = {isa = PBXFileReference; explicitFileType = wrapper.application; includeInIndex = 0; path = SampleAppSrc.app; sourceTree = BUILT_PRODUCTS_DIR; };
		321CA8D316C761B500240C0F /* SampleAppSrc-Info.plist */ = {isa = PBXFileReference; fileEncoding = 4; lastKnownFileType = text.plist.xml; path = "SampleAppSrc-Info.plist"; sourceTree = "<group>"; };
		321EEC1E16C9EB1000EA0BEF /* BuildOpenKitSDK.framework */ = {isa = PBXFileReference; lastKnownFileType = wrapper.framework; path = BuildOpenKitSDK.framework; sourceTree = "<group>"; };
		321EEC2016C9EB1000EA0BEF /* cell_border.png */ = {isa = PBXFileReference; lastKnownFileType = image.png; path = cell_border.png; sourceTree = "<group>"; };
		321EEC2116C9EB1000EA0BEF /* cell_border@2x.png */ = {isa = PBXFileReference; lastKnownFileType = image.png; path = "cell_border@2x.png"; sourceTree = "<group>"; };
		321EEC2216C9EB1000EA0BEF /* close.png */ = {isa = PBXFileReference; lastKnownFileType = image.png; path = close.png; sourceTree = "<group>"; };
		321EEC2316C9EB1000EA0BEF /* close@2x.png */ = {isa = PBXFileReference; lastKnownFileType = image.png; path = "close@2x.png"; sourceTree = "<group>"; };
		321EEC2416C9EB1000EA0BEF /* doneBtn.png */ = {isa = PBXFileReference; lastKnownFileType = image.png; path = doneBtn.png; sourceTree = "<group>"; };
		321EEC2516C9EB1000EA0BEF /* dontBtn@2x.png */ = {isa = PBXFileReference; lastKnownFileType = image.png; path = "dontBtn@2x.png"; sourceTree = "<group>"; };
		321EEC2616C9EB1000EA0BEF /* fbBtn.png */ = {isa = PBXFileReference; lastKnownFileType = image.png; path = fbBtn.png; sourceTree = "<group>"; };
		321EEC2716C9EB1000EA0BEF /* fbBtn@2x.png */ = {isa = PBXFileReference; lastKnownFileType = image.png; path = "fbBtn@2x.png"; sourceTree = "<group>"; };
		321EEC2816C9EB1000EA0BEF /* grayBtn.png */ = {isa = PBXFileReference; lastKnownFileType = image.png; path = grayBtn.png; sourceTree = "<group>"; };
		321EEC2916C9EB1000EA0BEF /* grayBtn@2x.png */ = {isa = PBXFileReference; lastKnownFileType = image.png; path = "grayBtn@2x.png"; sourceTree = "<group>"; };
		321EEC2A16C9EB1000EA0BEF /* leaderboard_icon.png */ = {isa = PBXFileReference; lastKnownFileType = image.png; path = leaderboard_icon.png; sourceTree = "<group>"; };
		321EEC2B16C9EB1000EA0BEF /* leaderboard_icon@2x.png */ = {isa = PBXFileReference; lastKnownFileType = image.png; path = "leaderboard_icon@2x.png"; sourceTree = "<group>"; };
		321EEC2C16C9EB1000EA0BEF /* noThanksBtn.png */ = {isa = PBXFileReference; lastKnownFileType = image.png; path = noThanksBtn.png; sourceTree = "<group>"; };
		321EEC2D16C9EB1000EA0BEF /* noThanksBtn@2x.png */ = {isa = PBXFileReference; lastKnownFileType = image.png; path = "noThanksBtn@2x.png"; sourceTree = "<group>"; };
		321EEC2E16C9EB1000EA0BEF /* OKLeaderboardsListViewController.nib */ = {isa = PBXFileReference; lastKnownFileType = file; path = OKLeaderboardsListViewController.nib; sourceTree = "<group>"; };
		321EEC2F16C9EB1000EA0BEF /* OKLeaderboardViewController.nib */ = {isa = PBXFileReference; lastKnownFileType = file; path = OKLeaderboardViewController.nib; sourceTree = "<group>"; };
		321EEC3016C9EB1000EA0BEF /* OKNickViewController.nib */ = {isa = PBXFileReference; lastKnownFileType = file; path = OKNickViewController.nib; sourceTree = "<group>"; };
		321EEC3116C9EB1000EA0BEF /* OKProfileViewController.nib */ = {isa = PBXFileReference; lastKnownFileType = file; path = OKProfileViewController.nib; sourceTree = "<group>"; };
		321EEC3216C9EB1000EA0BEF /* OKScoreViewController.nib */ = {isa = PBXFileReference; lastKnownFileType = file; path = OKScoreViewController.nib; sourceTree = "<group>"; };
		321EEC3316C9EB1000EA0BEF /* profile.png */ = {isa = PBXFileReference; lastKnownFileType = image.png; path = profile.png; sourceTree = "<group>"; };
		321EEC3416C9EB1000EA0BEF /* profile@2x.png */ = {isa = PBXFileReference; lastKnownFileType = image.png; path = "profile@2x.png"; sourceTree = "<group>"; };
		321EEC3516C9EB1000EA0BEF /* segmented_bg.png */ = {isa = PBXFileReference; lastKnownFileType = image.png; path = segmented_bg.png; sourceTree = "<group>"; };
		321EEC3616C9EB1000EA0BEF /* segmented_bg@2x.png */ = {isa = PBXFileReference; lastKnownFileType = image.png; path = "segmented_bg@2x.png"; sourceTree = "<group>"; };
		321EEC3716C9EB1000EA0BEF /* segmented_highlight.png */ = {isa = PBXFileReference; lastKnownFileType = image.png; path = segmented_highlight.png; sourceTree = "<group>"; };
		321EEC3816C9EB1000EA0BEF /* segmented_highlight@2x.png */ = {isa = PBXFileReference; lastKnownFileType = image.png; path = "segmented_highlight@2x.png"; sourceTree = "<group>"; };
		321EEC3916C9EB1000EA0BEF /* twitterBtn.png */ = {isa = PBXFileReference; lastKnownFileType = image.png; path = twitterBtn.png; sourceTree = "<group>"; };
		321EEC3A16C9EB1000EA0BEF /* twitterBtn@2x.png */ = {isa = PBXFileReference; lastKnownFileType = image.png; path = "twitterBtn@2x.png"; sourceTree = "<group>"; };
		321EEC3B16C9EB1000EA0BEF /* user_icon.png */ = {isa = PBXFileReference; lastKnownFileType = image.png; path = user_icon.png; sourceTree = "<group>"; };
		321EEC3C16C9EB1000EA0BEF /* user_icon@2x.png */ = {isa = PBXFileReference; lastKnownFileType = image.png; path = "user_icon@2x.png"; sourceTree = "<group>"; };
		326DBE6016C9BA860026FCF4 /* AFHTTPClient.h */ = {isa = PBXFileReference; fileEncoding = 4; lastKnownFileType = sourcecode.c.h; path = AFHTTPClient.h; sourceTree = "<group>"; };
		326DBE6116C9BA860026FCF4 /* AFHTTPClient.m */ = {isa = PBXFileReference; fileEncoding = 4; lastKnownFileType = sourcecode.c.objc; path = AFHTTPClient.m; sourceTree = "<group>"; };
		326DBE6216C9BA860026FCF4 /* AFHTTPRequestOperation.h */ = {isa = PBXFileReference; fileEncoding = 4; lastKnownFileType = sourcecode.c.h; path = AFHTTPRequestOperation.h; sourceTree = "<group>"; };
		326DBE6316C9BA860026FCF4 /* AFHTTPRequestOperation.m */ = {isa = PBXFileReference; fileEncoding = 4; lastKnownFileType = sourcecode.c.objc; path = AFHTTPRequestOperation.m; sourceTree = "<group>"; };
		326DBE6416C9BA860026FCF4 /* AFImageRequestOperation.h */ = {isa = PBXFileReference; fileEncoding = 4; lastKnownFileType = sourcecode.c.h; path = AFImageRequestOperation.h; sourceTree = "<group>"; };
		326DBE6516C9BA860026FCF4 /* AFImageRequestOperation.m */ = {isa = PBXFileReference; fileEncoding = 4; lastKnownFileType = sourcecode.c.objc; path = AFImageRequestOperation.m; sourceTree = "<group>"; };
		326DBE6616C9BA860026FCF4 /* AFJSONRequestOperation.h */ = {isa = PBXFileReference; fileEncoding = 4; lastKnownFileType = sourcecode.c.h; path = AFJSONRequestOperation.h; sourceTree = "<group>"; };
		326DBE6716C9BA860026FCF4 /* AFJSONRequestOperation.m */ = {isa = PBXFileReference; fileEncoding = 4; lastKnownFileType = sourcecode.c.objc; path = AFJSONRequestOperation.m; sourceTree = "<group>"; };
		326DBE6816C9BA860026FCF4 /* AFNetworkActivityIndicatorManager.h */ = {isa = PBXFileReference; fileEncoding = 4; lastKnownFileType = sourcecode.c.h; path = AFNetworkActivityIndicatorManager.h; sourceTree = "<group>"; };
		326DBE6916C9BA860026FCF4 /* AFNetworkActivityIndicatorManager.m */ = {isa = PBXFileReference; fileEncoding = 4; lastKnownFileType = sourcecode.c.objc; path = AFNetworkActivityIndicatorManager.m; sourceTree = "<group>"; };
		326DBE6A16C9BA860026FCF4 /* AFNetworking.h */ = {isa = PBXFileReference; fileEncoding = 4; lastKnownFileType = sourcecode.c.h; path = AFNetworking.h; sourceTree = "<group>"; };
		326DBE6B16C9BA860026FCF4 /* AFPropertyListRequestOperation.h */ = {isa = PBXFileReference; fileEncoding = 4; lastKnownFileType = sourcecode.c.h; path = AFPropertyListRequestOperation.h; sourceTree = "<group>"; };
		326DBE6C16C9BA860026FCF4 /* AFPropertyListRequestOperation.m */ = {isa = PBXFileReference; fileEncoding = 4; lastKnownFileType = sourcecode.c.objc; path = AFPropertyListRequestOperation.m; sourceTree = "<group>"; };
		326DBE6D16C9BA860026FCF4 /* AFURLConnectionOperation.h */ = {isa = PBXFileReference; fileEncoding = 4; lastKnownFileType = sourcecode.c.h; path = AFURLConnectionOperation.h; sourceTree = "<group>"; };
		326DBE6E16C9BA860026FCF4 /* AFURLConnectionOperation.m */ = {isa = PBXFileReference; fileEncoding = 4; lastKnownFileType = sourcecode.c.objc; path = AFURLConnectionOperation.m; sourceTree = "<group>"; };
		326DBE6F16C9BA860026FCF4 /* AFXMLRequestOperation.h */ = {isa = PBXFileReference; fileEncoding = 4; lastKnownFileType = sourcecode.c.h; path = AFXMLRequestOperation.h; sourceTree = "<group>"; };
		326DBE7016C9BA860026FCF4 /* AFXMLRequestOperation.m */ = {isa = PBXFileReference; fileEncoding = 4; lastKnownFileType = sourcecode.c.objc; path = AFXMLRequestOperation.m; sourceTree = "<group>"; };
		326DBE7116C9BA860026FCF4 /* UIImageView+AFNetworking.h */ = {isa = PBXFileReference; fileEncoding = 4; lastKnownFileType = sourcecode.c.h; path = "UIImageView+AFNetworking.h"; sourceTree = "<group>"; };
		326DBE7216C9BA860026FCF4 /* UIImageView+AFNetworking.m */ = {isa = PBXFileReference; fileEncoding = 4; lastKnownFileType = sourcecode.c.objc; path = "UIImageView+AFNetworking.m"; sourceTree = "<group>"; };
		326DBE7316C9BA860026FCF4 /* FacebookSDK.framework */ = {isa = PBXFileReference; lastKnownFileType = wrapper.framework; path = FacebookSDK.framework; sourceTree = "<group>"; };
		326DBE7516C9BA860026FCF4 /* JSONKit.h */ = {isa = PBXFileReference; fileEncoding = 4; lastKnownFileType = sourcecode.c.h; path = JSONKit.h; sourceTree = "<group>"; };
		326DBE7616C9BA860026FCF4 /* JSONKit.m */ = {isa = PBXFileReference; fileEncoding = 4; lastKnownFileType = sourcecode.c.objc; path = JSONKit.m; sourceTree = "<group>"; };
		326DBE8F16C9BA8E0026FCF4 /* AbstractActionSheetPicker.h */ = {isa = PBXFileReference; fileEncoding = 4; lastKnownFileType = sourcecode.c.h; path = AbstractActionSheetPicker.h; sourceTree = "<group>"; };
		326DBE9016C9BA8E0026FCF4 /* AbstractActionSheetPicker.m */ = {isa = PBXFileReference; fileEncoding = 4; lastKnownFileType = sourcecode.c.objc; path = AbstractActionSheetPicker.m; sourceTree = "<group>"; };
		326DBE9116C9BA8E0026FCF4 /* ActionSheetStringPicker.h */ = {isa = PBXFileReference; fileEncoding = 4; lastKnownFileType = sourcecode.c.h; path = ActionSheetStringPicker.h; sourceTree = "<group>"; };
		326DBE9216C9BA8E0026FCF4 /* ActionSheetStringPicker.m */ = {isa = PBXFileReference; fileEncoding = 4; lastKnownFileType = sourcecode.c.objc; path = ActionSheetStringPicker.m; sourceTree = "<group>"; };
		326DBE9316C9BA8E0026FCF4 /* KGModal.h */ = {isa = PBXFileReference; fileEncoding = 4; lastKnownFileType = sourcecode.c.h; path = KGModal.h; sourceTree = "<group>"; };
		326DBE9416C9BA8E0026FCF4 /* KGModal.m */ = {isa = PBXFileReference; fileEncoding = 4; lastKnownFileType = sourcecode.c.objc; path = KGModal.m; sourceTree = "<group>"; };
		326DBE9516C9BA8E0026FCF4 /* OKBaseLoginViewController.h */ = {isa = PBXFileReference; fileEncoding = 4; lastKnownFileType = sourcecode.c.h; path = OKBaseLoginViewController.h; sourceTree = "<group>"; };
		326DBE9616C9BA8E0026FCF4 /* OKBaseLoginViewController.m */ = {isa = PBXFileReference; fileEncoding = 4; lastKnownFileType = sourcecode.c.objc; path = OKBaseLoginViewController.m; sourceTree = "<group>"; };
		326DBE9716C9BA8E0026FCF4 /* OKCloud.h */ = {isa = PBXFileReference; fileEncoding = 4; lastKnownFileType = sourcecode.c.h; path = OKCloud.h; sourceTree = "<group>"; };
		326DBE9816C9BA8E0026FCF4 /* OKCloud.m */ = {isa = PBXFileReference; fileEncoding = 4; lastKnownFileType = sourcecode.c.objc; path = OKCloud.m; sourceTree = "<group>"; };
		326DBE9916C9BA8E0026FCF4 /* OKDefines.h */ = {isa = PBXFileReference; fileEncoding = 4; lastKnownFileType = sourcecode.c.h; path = OKDefines.h; sourceTree = "<group>"; };
		326DBE9A16C9BA8E0026FCF4 /* OKDirector.h */ = {isa = PBXFileReference; fileEncoding = 4; lastKnownFileType = sourcecode.c.h; path = OKDirector.h; sourceTree = "<group>"; };
		326DBE9B16C9BA8E0026FCF4 /* OKDirector.m */ = {isa = PBXFileReference; fileEncoding = 4; lastKnownFileType = sourcecode.c.objc; path = OKDirector.m; sourceTree = "<group>"; };
		326DBE9C16C9BA8E0026FCF4 /* OKFacebookUtilities.h */ = {isa = PBXFileReference; fileEncoding = 4; lastKnownFileType = sourcecode.c.h; path = OKFacebookUtilities.h; sourceTree = "<group>"; };
		326DBE9D16C9BA8E0026FCF4 /* OKFacebookUtilities.m */ = {isa = PBXFileReference; fileEncoding = 4; lastKnownFileType = sourcecode.c.objc; path = OKFacebookUtilities.m; sourceTree = "<group>"; };
		326DBE9E16C9BA8E0026FCF4 /* OKGUI.h */ = {isa = PBXFileReference; fileEncoding = 4; lastKnownFileType = sourcecode.c.h; path = OKGUI.h; sourceTree = "<group>"; };
		326DBE9F16C9BA8E0026FCF4 /* OKHelper.h */ = {isa = PBXFileReference; fileEncoding = 4; lastKnownFileType = sourcecode.c.h; path = OKHelper.h; sourceTree = "<group>"; };
		326DBEA016C9BA8E0026FCF4 /* OKHelper.m */ = {isa = PBXFileReference; fileEncoding = 4; lastKnownFileType = sourcecode.c.objc; path = OKHelper.m; sourceTree = "<group>"; };
		326DBEA116C9BA8E0026FCF4 /* OKLeaderboard.h */ = {isa = PBXFileReference; fileEncoding = 4; lastKnownFileType = sourcecode.c.h; path = OKLeaderboard.h; sourceTree = "<group>"; };
		326DBEA216C9BA8E0026FCF4 /* OKLeaderboard.m */ = {isa = PBXFileReference; fileEncoding = 4; lastKnownFileType = sourcecode.c.objc; path = OKLeaderboard.m; sourceTree = "<group>"; };
		326DBEA316C9BA8E0026FCF4 /* OKLeaderboardListCell.h */ = {isa = PBXFileReference; fileEncoding = 4; lastKnownFileType = sourcecode.c.h; path = OKLeaderboardListCell.h; sourceTree = "<group>"; };
		326DBEA416C9BA8E0026FCF4 /* OKLeaderboardListCell.m */ = {isa = PBXFileReference; fileEncoding = 4; lastKnownFileType = sourcecode.c.objc; path = OKLeaderboardListCell.m; sourceTree = "<group>"; };
		326DBEA516C9BA8E0026FCF4 /* OKLeaderboardsListViewController.h */ = {isa = PBXFileReference; fileEncoding = 4; lastKnownFileType = sourcecode.c.h; path = OKLeaderboardsListViewController.h; sourceTree = "<group>"; };
		326DBEA616C9BA8F0026FCF4 /* OKLeaderboardsListViewController.m */ = {isa = PBXFileReference; fileEncoding = 4; lastKnownFileType = sourcecode.c.objc; path = OKLeaderboardsListViewController.m; sourceTree = "<group>"; };
		326DBEA716C9BA8F0026FCF4 /* OKLeaderboardsViewController.h */ = {isa = PBXFileReference; fileEncoding = 4; lastKnownFileType = sourcecode.c.h; path = OKLeaderboardsViewController.h; sourceTree = "<group>"; };
		326DBEA816C9BA8F0026FCF4 /* OKLeaderboardsViewController.m */ = {isa = PBXFileReference; fileEncoding = 4; lastKnownFileType = sourcecode.c.objc; path = OKLeaderboardsViewController.m; sourceTree = "<group>"; };
		326DBEA916C9BA8F0026FCF4 /* OKLeaderboardViewController.h */ = {isa = PBXFileReference; fileEncoding = 4; lastKnownFileType = sourcecode.c.h; path = OKLeaderboardViewController.h; sourceTree = "<group>"; };
		326DBEAA16C9BA8F0026FCF4 /* OKLeaderboardViewController.m */ = {isa = PBXFileReference; fileEncoding = 4; lastKnownFileType = sourcecode.c.objc; path = OKLeaderboardViewController.m; sourceTree = "<group>"; };
		326DBEAB16C9BA8F0026FCF4 /* OKLoginView.h */ = {isa = PBXFileReference; fileEncoding = 4; lastKnownFileType = sourcecode.c.h; path = OKLoginView.h; sourceTree = "<group>"; };
		326DBEAC16C9BA8F0026FCF4 /* OKLoginView.m */ = {isa = PBXFileReference; fileEncoding = 4; lastKnownFileType = sourcecode.c.objc; path = OKLoginView.m; sourceTree = "<group>"; };
		326DBEAD16C9BA8F0026FCF4 /* OKMacros.h */ = {isa = PBXFileReference; fileEncoding = 4; lastKnownFileType = sourcecode.c.h; path = OKMacros.h; sourceTree = "<group>"; };
		326DBEAE16C9BA8F0026FCF4 /* OKNetworker.h */ = {isa = PBXFileReference; fileEncoding = 4; lastKnownFileType = sourcecode.c.h; path = OKNetworker.h; sourceTree = "<group>"; };
		326DBEAF16C9BA8F0026FCF4 /* OKNetworker.m */ = {isa = PBXFileReference; fileEncoding = 4; lastKnownFileType = sourcecode.c.objc; path = OKNetworker.m; sourceTree = "<group>"; };
		326DBEB016C9BA8F0026FCF4 /* OKNickViewController.h */ = {isa = PBXFileReference; fileEncoding = 4; lastKnownFileType = sourcecode.c.h; path = OKNickViewController.h; sourceTree = "<group>"; };
		326DBEB116C9BA8F0026FCF4 /* OKNickViewController.m */ = {isa = PBXFileReference; fileEncoding = 4; lastKnownFileType = sourcecode.c.objc; path = OKNickViewController.m; sourceTree = "<group>"; };
		326DBEB216C9BA8F0026FCF4 /* OKProfileViewController.h */ = {isa = PBXFileReference; fileEncoding = 4; lastKnownFileType = sourcecode.c.h; path = OKProfileViewController.h; sourceTree = "<group>"; };
		326DBEB316C9BA8F0026FCF4 /* OKProfileViewController.m */ = {isa = PBXFileReference; fileEncoding = 4; lastKnownFileType = sourcecode.c.objc; path = OKProfileViewController.m; sourceTree = "<group>"; };
		326DBEB416C9BA8F0026FCF4 /* OKScore.h */ = {isa = PBXFileReference; fileEncoding = 4; lastKnownFileType = sourcecode.c.h; path = OKScore.h; sourceTree = "<group>"; };
		326DBEB516C9BA8F0026FCF4 /* OKScore.m */ = {isa = PBXFileReference; fileEncoding = 4; lastKnownFileType = sourcecode.c.objc; path = OKScore.m; sourceTree = "<group>"; };
		326DBEB616C9BA8F0026FCF4 /* OKScoreCell.h */ = {isa = PBXFileReference; fileEncoding = 4; lastKnownFileType = sourcecode.c.h; path = OKScoreCell.h; sourceTree = "<group>"; };
		326DBEB716C9BA8F0026FCF4 /* OKScoreCell.m */ = {isa = PBXFileReference; fileEncoding = 4; lastKnownFileType = sourcecode.c.objc; path = OKScoreCell.m; sourceTree = "<group>"; };
		326DBEB816C9BA8F0026FCF4 /* OKScoreViewCell.h */ = {isa = PBXFileReference; fileEncoding = 4; lastKnownFileType = sourcecode.c.h; path = OKScoreViewCell.h; sourceTree = "<group>"; };
		326DBEB916C9BA8F0026FCF4 /* OKScoreViewCell.m */ = {isa = PBXFileReference; fileEncoding = 4; lastKnownFileType = sourcecode.c.objc; path = OKScoreViewCell.m; sourceTree = "<group>"; };
		326DBEBA16C9BA8F0026FCF4 /* OKScoreViewController.h */ = {isa = PBXFileReference; fileEncoding = 4; lastKnownFileType = sourcecode.c.h; path = OKScoreViewController.h; sourceTree = "<group>"; };
		326DBEBB16C9BA8F0026FCF4 /* OKScoreViewController.m */ = {isa = PBXFileReference; fileEncoding = 4; lastKnownFileType = sourcecode.c.objc; path = OKScoreViewController.m; sourceTree = "<group>"; };
		326DBEBC16C9BA8F0026FCF4 /* OKTwitterUtilities.h */ = {isa = PBXFileReference; fileEncoding = 4; lastKnownFileType = sourcecode.c.h; path = OKTwitterUtilities.h; sourceTree = "<group>"; };
		326DBEBD16C9BA8F0026FCF4 /* OKTwitterUtilities.m */ = {isa = PBXFileReference; fileEncoding = 4; lastKnownFileType = sourcecode.c.objc; path = OKTwitterUtilities.m; sourceTree = "<group>"; };
		326DBEBE16C9BA8F0026FCF4 /* OKUser.h */ = {isa = PBXFileReference; fileEncoding = 4; lastKnownFileType = sourcecode.c.h; path = OKUser.h; sourceTree = "<group>"; };
		326DBEBF16C9BA8F0026FCF4 /* OKUser.m */ = {isa = PBXFileReference; fileEncoding = 4; lastKnownFileType = sourcecode.c.objc; path = OKUser.m; sourceTree = "<group>"; };
		326DBEC016C9BA8F0026FCF4 /* OKUserProfileImageView.h */ = {isa = PBXFileReference; fileEncoding = 4; lastKnownFileType = sourcecode.c.h; path = OKUserProfileImageView.h; sourceTree = "<group>"; };
		326DBEC116C9BA8F0026FCF4 /* OKUserProfileImageView.m */ = {isa = PBXFileReference; fileEncoding = 4; lastKnownFileType = sourcecode.c.objc; path = OKUserProfileImageView.m; sourceTree = "<group>"; };
		326DBEC216C9BA8F0026FCF4 /* OKUserUtilities.h */ = {isa = PBXFileReference; fileEncoding = 4; lastKnownFileType = sourcecode.c.h; path = OKUserUtilities.h; sourceTree = "<group>"; };
		326DBEC316C9BA8F0026FCF4 /* OKUserUtilities.m */ = {isa = PBXFileReference; fileEncoding = 4; lastKnownFileType = sourcecode.c.objc; path = OKUserUtilities.m; sourceTree = "<group>"; };
		326DBEC416C9BA8F0026FCF4 /* OpenKit.h */ = {isa = PBXFileReference; fileEncoding = 4; lastKnownFileType = sourcecode.c.h; path = OpenKit.h; sourceTree = "<group>"; };
		326DBEC516C9BA8F0026FCF4 /* SimpleKeychain.h */ = {isa = PBXFileReference; fileEncoding = 4; lastKnownFileType = sourcecode.c.h; path = SimpleKeychain.h; sourceTree = "<group>"; };
		326DBEC616C9BA8F0026FCF4 /* SimpleKeychain.m */ = {isa = PBXFileReference; fileEncoding = 4; lastKnownFileType = sourcecode.c.objc; path = SimpleKeychain.m; sourceTree = "<group>"; };
		326DBEC816C9BA8F0026FCF4 /* cell_border.png */ = {isa = PBXFileReference; lastKnownFileType = image.png; path = cell_border.png; sourceTree = "<group>"; };
		326DBEC916C9BA8F0026FCF4 /* cell_border@2x.png */ = {isa = PBXFileReference; lastKnownFileType = image.png; path = "cell_border@2x.png"; sourceTree = "<group>"; };
		326DBECA16C9BA8F0026FCF4 /* close.png */ = {isa = PBXFileReference; lastKnownFileType = image.png; path = close.png; sourceTree = "<group>"; };
		326DBECB16C9BA8F0026FCF4 /* close@2x.png */ = {isa = PBXFileReference; lastKnownFileType = image.png; path = "close@2x.png"; sourceTree = "<group>"; };
		326DBECC16C9BA8F0026FCF4 /* doneBtn.png */ = {isa = PBXFileReference; lastKnownFileType = image.png; path = doneBtn.png; sourceTree = "<group>"; };
		326DBECD16C9BA8F0026FCF4 /* dontBtn@2x.png */ = {isa = PBXFileReference; lastKnownFileType = image.png; path = "dontBtn@2x.png"; sourceTree = "<group>"; };
		326DBECE16C9BA8F0026FCF4 /* fbBtn.png */ = {isa = PBXFileReference; lastKnownFileType = image.png; path = fbBtn.png; sourceTree = "<group>"; };
		326DBECF16C9BA8F0026FCF4 /* fbBtn@2x.png */ = {isa = PBXFileReference; lastKnownFileType = image.png; path = "fbBtn@2x.png"; sourceTree = "<group>"; };
		326DBED016C9BA8F0026FCF4 /* grayBtn.png */ = {isa = PBXFileReference; lastKnownFileType = image.png; path = grayBtn.png; sourceTree = "<group>"; };
		326DBED116C9BA8F0026FCF4 /* grayBtn@2x.png */ = {isa = PBXFileReference; lastKnownFileType = image.png; path = "grayBtn@2x.png"; sourceTree = "<group>"; };
		326DBED216C9BA8F0026FCF4 /* leaderboard_icon.png */ = {isa = PBXFileReference; lastKnownFileType = image.png; path = leaderboard_icon.png; sourceTree = "<group>"; };
		326DBED316C9BA8F0026FCF4 /* leaderboard_icon@2x.png */ = {isa = PBXFileReference; lastKnownFileType = image.png; path = "leaderboard_icon@2x.png"; sourceTree = "<group>"; };
		326DBED416C9BA8F0026FCF4 /* noThanksBtn.png */ = {isa = PBXFileReference; lastKnownFileType = image.png; path = noThanksBtn.png; sourceTree = "<group>"; };
		326DBED516C9BA8F0026FCF4 /* noThanksBtn@2x.png */ = {isa = PBXFileReference; lastKnownFileType = image.png; path = "noThanksBtn@2x.png"; sourceTree = "<group>"; };
		326DBED616C9BA8F0026FCF4 /* profile.png */ = {isa = PBXFileReference; lastKnownFileType = image.png; path = profile.png; sourceTree = "<group>"; };
		326DBED716C9BA8F0026FCF4 /* profile@2x.png */ = {isa = PBXFileReference; lastKnownFileType = image.png; path = "profile@2x.png"; sourceTree = "<group>"; };
		326DBED816C9BA8F0026FCF4 /* segmented_bg.png */ = {isa = PBXFileReference; lastKnownFileType = image.png; path = segmented_bg.png; sourceTree = "<group>"; };
		326DBED916C9BA8F0026FCF4 /* segmented_bg@2x.png */ = {isa = PBXFileReference; lastKnownFileType = image.png; path = "segmented_bg@2x.png"; sourceTree = "<group>"; };
		326DBEDA16C9BA8F0026FCF4 /* segmented_highlight.png */ = {isa = PBXFileReference; lastKnownFileType = image.png; path = segmented_highlight.png; sourceTree = "<group>"; };
		326DBEDB16C9BA8F0026FCF4 /* segmented_highlight@2x.png */ = {isa = PBXFileReference; lastKnownFileType = image.png; path = "segmented_highlight@2x.png"; sourceTree = "<group>"; };
		326DBEDC16C9BA8F0026FCF4 /* twitterBtn.png */ = {isa = PBXFileReference; lastKnownFileType = image.png; path = twitterBtn.png; sourceTree = "<group>"; };
		326DBEDD16C9BA8F0026FCF4 /* twitterBtn@2x.png */ = {isa = PBXFileReference; lastKnownFileType = image.png; path = "twitterBtn@2x.png"; sourceTree = "<group>"; };
		326DBEDE16C9BA8F0026FCF4 /* user_icon.png */ = {isa = PBXFileReference; lastKnownFileType = image.png; path = user_icon.png; sourceTree = "<group>"; };
		326DBEDF16C9BA8F0026FCF4 /* user_icon@2x.png */ = {isa = PBXFileReference; lastKnownFileType = image.png; path = "user_icon@2x.png"; sourceTree = "<group>"; };
		326DBEE116C9BA8F0026FCF4 /* OKLeaderboardsListViewController.xib */ = {isa = PBXFileReference; fileEncoding = 4; lastKnownFileType = file.xib; path = OKLeaderboardsListViewController.xib; sourceTree = "<group>"; };
		326DBEE216C9BA8F0026FCF4 /* OKLeaderboardViewController.xib */ = {isa = PBXFileReference; fileEncoding = 4; lastKnownFileType = file.xib; path = OKLeaderboardViewController.xib; sourceTree = "<group>"; };
		326DBEE316C9BA8F0026FCF4 /* OKNickViewController.xib */ = {isa = PBXFileReference; fileEncoding = 4; lastKnownFileType = file.xib; path = OKNickViewController.xib; sourceTree = "<group>"; };
		326DBEE416C9BA8F0026FCF4 /* OKProfileViewController.xib */ = {isa = PBXFileReference; fileEncoding = 4; lastKnownFileType = file.xib; path = OKProfileViewController.xib; sourceTree = "<group>"; };
		326DBEE516C9BA8F0026FCF4 /* OKScoreViewController.xib */ = {isa = PBXFileReference; fileEncoding = 4; lastKnownFileType = file.xib; path = OKScoreViewController.xib; sourceTree = "<group>"; };
		326DC26616C9BC360026FCF4 /* FacebookSDKResources.bundle */ = {isa = PBXFileReference; lastKnownFileType = "wrapper.plug-in"; name = FacebookSDKResources.bundle; path = "../../openkit-vendor/FacebookSDK.framework/Versions/A/Resources/FacebookSDKResources.bundle"; sourceTree = "<group>"; };
		32C3AA0A16B9DA34001423A3 /* SystemConfiguration.framework */ = {isa = PBXFileReference; lastKnownFileType = wrapper.framework; name = SystemConfiguration.framework; path = System/Library/Frameworks/SystemConfiguration.framework; sourceTree = SDKROOT; };
		32C3AA0C16B9DA39001423A3 /* MobileCoreServices.framework */ = {isa = PBXFileReference; lastKnownFileType = wrapper.framework; name = MobileCoreServices.framework; path = System/Library/Frameworks/MobileCoreServices.framework; sourceTree = SDKROOT; };
		32C3AA1216BA0D17001423A3 /* CloudDataTestVC.h */ = {isa = PBXFileReference; fileEncoding = 4; lastKnownFileType = sourcecode.c.h; path = CloudDataTestVC.h; sourceTree = "<group>"; };
		32C3AA1316BA0D17001423A3 /* CloudDataTestVC.m */ = {isa = PBXFileReference; fileEncoding = 4; lastKnownFileType = sourcecode.c.objc; path = CloudDataTestVC.m; sourceTree = "<group>"; };
		32C3AA1416BA0D17001423A3 /* CloudDataTestVC.xib */ = {isa = PBXFileReference; fileEncoding = 4; lastKnownFileType = file.xib; path = CloudDataTestVC.xib; sourceTree = "<group>"; };
		4403315D169BAA3E0090B4FA /* Security.framework */ = {isa = PBXFileReference; lastKnownFileType = wrapper.framework; name = Security.framework; path = System/Library/Frameworks/Security.framework; sourceTree = SDKROOT; };
		44A317BA168BD1EF00D9C90E /* SampleApp.app */ = {isa = PBXFileReference; explicitFileType = wrapper.application; includeInIndex = 0; path = SampleApp.app; sourceTree = BUILT_PRODUCTS_DIR; };
		44A317BE168BD1EF00D9C90E /* UIKit.framework */ = {isa = PBXFileReference; lastKnownFileType = wrapper.framework; name = UIKit.framework; path = System/Library/Frameworks/UIKit.framework; sourceTree = SDKROOT; };
		44A317C0168BD1EF00D9C90E /* Foundation.framework */ = {isa = PBXFileReference; lastKnownFileType = wrapper.framework; name = Foundation.framework; path = System/Library/Frameworks/Foundation.framework; sourceTree = SDKROOT; };
		44A317C2168BD1EF00D9C90E /* CoreGraphics.framework */ = {isa = PBXFileReference; lastKnownFileType = wrapper.framework; name = CoreGraphics.framework; path = System/Library/Frameworks/CoreGraphics.framework; sourceTree = SDKROOT; };
		44A317C6168BD1EF00D9C90E /* SampleApp-Info.plist */ = {isa = PBXFileReference; lastKnownFileType = text.plist.xml; path = "SampleApp-Info.plist"; sourceTree = "<group>"; };
		44A317C8168BD1EF00D9C90E /* en */ = {isa = PBXFileReference; lastKnownFileType = text.plist.strings; name = en; path = en.lproj/InfoPlist.strings; sourceTree = "<group>"; };
		44A317CA168BD1EF00D9C90E /* main.m */ = {isa = PBXFileReference; lastKnownFileType = sourcecode.c.objc; path = main.m; sourceTree = "<group>"; };
		44A317CC168BD1EF00D9C90E /* SampleApp-Prefix.pch */ = {isa = PBXFileReference; lastKnownFileType = sourcecode.c.h; path = "SampleApp-Prefix.pch"; sourceTree = "<group>"; };
		44A317CD168BD1EF00D9C90E /* OKAppDelegate.h */ = {isa = PBXFileReference; lastKnownFileType = sourcecode.c.h; path = OKAppDelegate.h; sourceTree = "<group>"; };
		44A317CE168BD1EF00D9C90E /* OKAppDelegate.m */ = {isa = PBXFileReference; lastKnownFileType = sourcecode.c.objc; path = OKAppDelegate.m; sourceTree = "<group>"; };
		44A317D0168BD1EF00D9C90E /* Default.png */ = {isa = PBXFileReference; lastKnownFileType = image.png; path = Default.png; sourceTree = "<group>"; };
		44A317D2168BD1EF00D9C90E /* Default@2x.png */ = {isa = PBXFileReference; lastKnownFileType = image.png; path = "Default@2x.png"; sourceTree = "<group>"; };
		44A317D4168BD1EF00D9C90E /* Default-568h@2x.png */ = {isa = PBXFileReference; lastKnownFileType = image.png; path = "Default-568h@2x.png"; sourceTree = "<group>"; };
		44A317D6168BD1EF00D9C90E /* OKViewController.h */ = {isa = PBXFileReference; lastKnownFileType = sourcecode.c.h; path = OKViewController.h; sourceTree = "<group>"; };
		44A317D7168BD1EF00D9C90E /* OKViewController.m */ = {isa = PBXFileReference; lastKnownFileType = sourcecode.c.objc; path = OKViewController.m; sourceTree = "<group>"; };
		44A317DA168BD1EF00D9C90E /* en */ = {isa = PBXFileReference; lastKnownFileType = file.xib; name = en; path = en.lproj/OKViewController.xib; sourceTree = "<group>"; };
		44A317E9168BD34600D9C90E /* Accounts.framework */ = {isa = PBXFileReference; lastKnownFileType = wrapper.framework; name = Accounts.framework; path = System/Library/Frameworks/Accounts.framework; sourceTree = SDKROOT; };
		44A317EB168BD35200D9C90E /* AdSupport.framework */ = {isa = PBXFileReference; lastKnownFileType = wrapper.framework; name = AdSupport.framework; path = System/Library/Frameworks/AdSupport.framework; sourceTree = SDKROOT; };
		44A317ED168BD36100D9C90E /* Social.framework */ = {isa = PBXFileReference; lastKnownFileType = wrapper.framework; name = Social.framework; path = System/Library/Frameworks/Social.framework; sourceTree = SDKROOT; };
		44A317F8168D098600D9C90E /* Twitter.framework */ = {isa = PBXFileReference; lastKnownFileType = wrapper.framework; name = Twitter.framework; path = System/Library/Frameworks/Twitter.framework; sourceTree = SDKROOT; };
		44FB02E0169E1500003619DD /* ScoreSubmitterVC.h */ = {isa = PBXFileReference; fileEncoding = 4; lastKnownFileType = sourcecode.c.h; path = ScoreSubmitterVC.h; sourceTree = "<group>"; };
		44FB02E1169E1500003619DD /* ScoreSubmitterVC.m */ = {isa = PBXFileReference; fileEncoding = 4; lastKnownFileType = sourcecode.c.objc; path = ScoreSubmitterVC.m; sourceTree = "<group>"; };
		44FB02E2169E1500003619DD /* ScoreSubmitterVC.xib */ = {isa = PBXFileReference; fileEncoding = 4; lastKnownFileType = file.xib; path = ScoreSubmitterVC.xib; sourceTree = "<group>"; };
/* End PBXFileReference section */

/* Begin PBXFrameworksBuildPhase section */
		321CA7E516C75C9D00240C0F /* Frameworks */ = {
			isa = PBXFrameworksBuildPhase;
			buildActionMask = 2147483647;
			files = (
				321CA7E616C75C9D00240C0F /* MobileCoreServices.framework in Frameworks */,
				321CA7E716C75C9D00240C0F /* SystemConfiguration.framework in Frameworks */,
				321CA7E816C75C9D00240C0F /* QuartzCore.framework in Frameworks */,
				321CA7E916C75C9D00240C0F /* Security.framework in Frameworks */,
				321CA7EA16C75C9D00240C0F /* Twitter.framework in Frameworks */,
				321CA7EB16C75C9D00240C0F /* Social.framework in Frameworks */,
				321CA7EC16C75C9D00240C0F /* AdSupport.framework in Frameworks */,
				321CA7ED16C75C9D00240C0F /* Accounts.framework in Frameworks */,
				321CA7EE16C75C9D00240C0F /* UIKit.framework in Frameworks */,
				321CA7EF16C75C9D00240C0F /* Foundation.framework in Frameworks */,
				321CA7F016C75C9D00240C0F /* CoreGraphics.framework in Frameworks */,
				326DBE8A16C9BA860026FCF4 /* FacebookSDK.framework in Frameworks */,
			);
			runOnlyForDeploymentPostprocessing = 0;
		};
		44A317B7168BD1EF00D9C90E /* Frameworks */ = {
			isa = PBXFrameworksBuildPhase;
			buildActionMask = 2147483647;
			files = (
				32C3AA0D16B9DA39001423A3 /* MobileCoreServices.framework in Frameworks */,
				32C3AA0B16B9DA34001423A3 /* SystemConfiguration.framework in Frameworks */,
				2C87C14D16B746D4004A4F81 /* QuartzCore.framework in Frameworks */,
				4403315E169BAA3E0090B4FA /* Security.framework in Frameworks */,
				44A317F9168D098600D9C90E /* Twitter.framework in Frameworks */,
				44A317EE168BD36100D9C90E /* Social.framework in Frameworks */,
				44A317EC168BD35200D9C90E /* AdSupport.framework in Frameworks */,
				44A317EA168BD34600D9C90E /* Accounts.framework in Frameworks */,
				44A317BF168BD1EF00D9C90E /* UIKit.framework in Frameworks */,
				44A317C1168BD1EF00D9C90E /* Foundation.framework in Frameworks */,
				44A317C3168BD1EF00D9C90E /* CoreGraphics.framework in Frameworks */,
				326DBE8916C9BA860026FCF4 /* FacebookSDK.framework in Frameworks */,
				321EEC3D16C9EB1000EA0BEF /* BuildOpenKitSDK.framework in Frameworks */,
			);
			runOnlyForDeploymentPostprocessing = 0;
		};
/* End PBXFrameworksBuildPhase section */

/* Begin PBXGroup section */
		321EEC1D16C9EB1000EA0BEF /* OpenKitSDK.embeddedframework */ = {
			isa = PBXGroup;
			children = (
				321EEC1E16C9EB1000EA0BEF /* BuildOpenKitSDK.framework */,
				321EEC1F16C9EB1000EA0BEF /* Resources */,
			);
			name = OpenKitSDK.embeddedframework;
			path = "../../../../../Library/Developer/Xcode/DerivedData/BuildOpenKitSDK-aczrtpsavhxrnsfeiggtjyszurqq/Build/Products/Debug-iphoneos/BuildOpenKitSDK.embeddedframework";
			sourceTree = "<group>";
		};
		321EEC1F16C9EB1000EA0BEF /* Resources */ = {
			isa = PBXGroup;
			children = (
				321EEC2016C9EB1000EA0BEF /* cell_border.png */,
				321EEC2116C9EB1000EA0BEF /* cell_border@2x.png */,
				321EEC2216C9EB1000EA0BEF /* close.png */,
				321EEC2316C9EB1000EA0BEF /* close@2x.png */,
				321EEC2416C9EB1000EA0BEF /* doneBtn.png */,
				321EEC2516C9EB1000EA0BEF /* dontBtn@2x.png */,
				321EEC2616C9EB1000EA0BEF /* fbBtn.png */,
				321EEC2716C9EB1000EA0BEF /* fbBtn@2x.png */,
				321EEC2816C9EB1000EA0BEF /* grayBtn.png */,
				321EEC2916C9EB1000EA0BEF /* grayBtn@2x.png */,
				321EEC2A16C9EB1000EA0BEF /* leaderboard_icon.png */,
				321EEC2B16C9EB1000EA0BEF /* leaderboard_icon@2x.png */,
				321EEC2C16C9EB1000EA0BEF /* noThanksBtn.png */,
				321EEC2D16C9EB1000EA0BEF /* noThanksBtn@2x.png */,
				321EEC2E16C9EB1000EA0BEF /* OKLeaderboardsListViewController.nib */,
				321EEC2F16C9EB1000EA0BEF /* OKLeaderboardViewController.nib */,
				321EEC3016C9EB1000EA0BEF /* OKNickViewController.nib */,
				321EEC3116C9EB1000EA0BEF /* OKProfileViewController.nib */,
				321EEC3216C9EB1000EA0BEF /* OKScoreViewController.nib */,
				321EEC3316C9EB1000EA0BEF /* profile.png */,
				321EEC3416C9EB1000EA0BEF /* profile@2x.png */,
				321EEC3516C9EB1000EA0BEF /* segmented_bg.png */,
				321EEC3616C9EB1000EA0BEF /* segmented_bg@2x.png */,
				321EEC3716C9EB1000EA0BEF /* segmented_highlight.png */,
				321EEC3816C9EB1000EA0BEF /* segmented_highlight@2x.png */,
				321EEC3916C9EB1000EA0BEF /* twitterBtn.png */,
				321EEC3A16C9EB1000EA0BEF /* twitterBtn@2x.png */,
				321EEC3B16C9EB1000EA0BEF /* user_icon.png */,
				321EEC3C16C9EB1000EA0BEF /* user_icon@2x.png */,
			);
			path = Resources;
			sourceTree = "<group>";
		};
		326DBE5E16C9BA860026FCF4 /* openkit-vendor */ = {
			isa = PBXGroup;
			children = (
				326DBE5F16C9BA860026FCF4 /* AFNetworking */,
				326DBE7316C9BA860026FCF4 /* FacebookSDK.framework */,
				326DBE7416C9BA860026FCF4 /* JSONKit */,
			);
			name = "openkit-vendor";
			path = "../../openkit-vendor";
			sourceTree = "<group>";
		};
		326DBE5F16C9BA860026FCF4 /* AFNetworking */ = {
			isa = PBXGroup;
			children = (
				326DBE6016C9BA860026FCF4 /* AFHTTPClient.h */,
				326DBE6116C9BA860026FCF4 /* AFHTTPClient.m */,
				326DBE6216C9BA860026FCF4 /* AFHTTPRequestOperation.h */,
				326DBE6316C9BA860026FCF4 /* AFHTTPRequestOperation.m */,
				326DBE6416C9BA860026FCF4 /* AFImageRequestOperation.h */,
				326DBE6516C9BA860026FCF4 /* AFImageRequestOperation.m */,
				326DBE6616C9BA860026FCF4 /* AFJSONRequestOperation.h */,
				326DBE6716C9BA860026FCF4 /* AFJSONRequestOperation.m */,
				326DBE6816C9BA860026FCF4 /* AFNetworkActivityIndicatorManager.h */,
				326DBE6916C9BA860026FCF4 /* AFNetworkActivityIndicatorManager.m */,
				326DBE6A16C9BA860026FCF4 /* AFNetworking.h */,
				326DBE6B16C9BA860026FCF4 /* AFPropertyListRequestOperation.h */,
				326DBE6C16C9BA860026FCF4 /* AFPropertyListRequestOperation.m */,
				326DBE6D16C9BA860026FCF4 /* AFURLConnectionOperation.h */,
				326DBE6E16C9BA860026FCF4 /* AFURLConnectionOperation.m */,
				326DBE6F16C9BA860026FCF4 /* AFXMLRequestOperation.h */,
				326DBE7016C9BA860026FCF4 /* AFXMLRequestOperation.m */,
				326DBE7116C9BA860026FCF4 /* UIImageView+AFNetworking.h */,
				326DBE7216C9BA860026FCF4 /* UIImageView+AFNetworking.m */,
			);
			path = AFNetworking;
			sourceTree = "<group>";
		};
		326DBE7416C9BA860026FCF4 /* JSONKit */ = {
			isa = PBXGroup;
			children = (
				326DBE7516C9BA860026FCF4 /* JSONKit.h */,
				326DBE7616C9BA860026FCF4 /* JSONKit.m */,
			);
			path = JSONKit;
			sourceTree = "<group>";
		};
		326DBE8D16C9BA8E0026FCF4 /* openkit-src */ = {
			isa = PBXGroup;
			children = (
				326DBE8E16C9BA8E0026FCF4 /* classes */,
				326DBEC716C9BA8F0026FCF4 /* images */,
				326DBEE016C9BA8F0026FCF4 /* xib */,
			);
			name = "openkit-src";
			path = "../../openkit-src";
			sourceTree = "<group>";
		};
		326DBE8E16C9BA8E0026FCF4 /* classes */ = {
			isa = PBXGroup;
			children = (
				326DBE8F16C9BA8E0026FCF4 /* AbstractActionSheetPicker.h */,
				326DBE9016C9BA8E0026FCF4 /* AbstractActionSheetPicker.m */,
				326DBE9116C9BA8E0026FCF4 /* ActionSheetStringPicker.h */,
				326DBE9216C9BA8E0026FCF4 /* ActionSheetStringPicker.m */,
				326DBE9316C9BA8E0026FCF4 /* KGModal.h */,
				326DBE9416C9BA8E0026FCF4 /* KGModal.m */,
				326DBE9516C9BA8E0026FCF4 /* OKBaseLoginViewController.h */,
				326DBE9616C9BA8E0026FCF4 /* OKBaseLoginViewController.m */,
				326DBE9716C9BA8E0026FCF4 /* OKCloud.h */,
				326DBE9816C9BA8E0026FCF4 /* OKCloud.m */,
				326DBE9916C9BA8E0026FCF4 /* OKDefines.h */,
				326DBE9A16C9BA8E0026FCF4 /* OKDirector.h */,
				326DBE9B16C9BA8E0026FCF4 /* OKDirector.m */,
				326DBE9C16C9BA8E0026FCF4 /* OKFacebookUtilities.h */,
				326DBE9D16C9BA8E0026FCF4 /* OKFacebookUtilities.m */,
				326DBE9E16C9BA8E0026FCF4 /* OKGUI.h */,
				326DBE9F16C9BA8E0026FCF4 /* OKHelper.h */,
				326DBEA016C9BA8E0026FCF4 /* OKHelper.m */,
				326DBEA116C9BA8E0026FCF4 /* OKLeaderboard.h */,
				326DBEA216C9BA8E0026FCF4 /* OKLeaderboard.m */,
				326DBEA316C9BA8E0026FCF4 /* OKLeaderboardListCell.h */,
				326DBEA416C9BA8E0026FCF4 /* OKLeaderboardListCell.m */,
				326DBEA516C9BA8E0026FCF4 /* OKLeaderboardsListViewController.h */,
				326DBEA616C9BA8F0026FCF4 /* OKLeaderboardsListViewController.m */,
				326DBEA716C9BA8F0026FCF4 /* OKLeaderboardsViewController.h */,
				326DBEA816C9BA8F0026FCF4 /* OKLeaderboardsViewController.m */,
				326DBEA916C9BA8F0026FCF4 /* OKLeaderboardViewController.h */,
				326DBEAA16C9BA8F0026FCF4 /* OKLeaderboardViewController.m */,
				326DBEAB16C9BA8F0026FCF4 /* OKLoginView.h */,
				326DBEAC16C9BA8F0026FCF4 /* OKLoginView.m */,
				326DBEAD16C9BA8F0026FCF4 /* OKMacros.h */,
				326DBEAE16C9BA8F0026FCF4 /* OKNetworker.h */,
				326DBEAF16C9BA8F0026FCF4 /* OKNetworker.m */,
				326DBEB016C9BA8F0026FCF4 /* OKNickViewController.h */,
				326DBEB116C9BA8F0026FCF4 /* OKNickViewController.m */,
				326DBEB216C9BA8F0026FCF4 /* OKProfileViewController.h */,
				326DBEB316C9BA8F0026FCF4 /* OKProfileViewController.m */,
				326DBEB416C9BA8F0026FCF4 /* OKScore.h */,
				326DBEB516C9BA8F0026FCF4 /* OKScore.m */,
				326DBEB616C9BA8F0026FCF4 /* OKScoreCell.h */,
				326DBEB716C9BA8F0026FCF4 /* OKScoreCell.m */,
				326DBEB816C9BA8F0026FCF4 /* OKScoreViewCell.h */,
				326DBEB916C9BA8F0026FCF4 /* OKScoreViewCell.m */,
				326DBEBA16C9BA8F0026FCF4 /* OKScoreViewController.h */,
				326DBEBB16C9BA8F0026FCF4 /* OKScoreViewController.m */,
				326DBEBC16C9BA8F0026FCF4 /* OKTwitterUtilities.h */,
				326DBEBD16C9BA8F0026FCF4 /* OKTwitterUtilities.m */,
				326DBEBE16C9BA8F0026FCF4 /* OKUser.h */,
				326DBEBF16C9BA8F0026FCF4 /* OKUser.m */,
				326DBEC016C9BA8F0026FCF4 /* OKUserProfileImageView.h */,
				326DBEC116C9BA8F0026FCF4 /* OKUserProfileImageView.m */,
				326DBEC216C9BA8F0026FCF4 /* OKUserUtilities.h */,
				326DBEC316C9BA8F0026FCF4 /* OKUserUtilities.m */,
				326DBEC416C9BA8F0026FCF4 /* OpenKit.h */,
				326DBEC516C9BA8F0026FCF4 /* SimpleKeychain.h */,
				326DBEC616C9BA8F0026FCF4 /* SimpleKeychain.m */,
			);
			path = classes;
			sourceTree = "<group>";
		};
		326DBEC716C9BA8F0026FCF4 /* images */ = {
			isa = PBXGroup;
			children = (
				326DBEC816C9BA8F0026FCF4 /* cell_border.png */,
				326DBEC916C9BA8F0026FCF4 /* cell_border@2x.png */,
				326DBECA16C9BA8F0026FCF4 /* close.png */,
				326DBECB16C9BA8F0026FCF4 /* close@2x.png */,
				326DBECC16C9BA8F0026FCF4 /* doneBtn.png */,
				326DBECD16C9BA8F0026FCF4 /* dontBtn@2x.png */,
				326DBECE16C9BA8F0026FCF4 /* fbBtn.png */,
				326DBECF16C9BA8F0026FCF4 /* fbBtn@2x.png */,
				326DBED016C9BA8F0026FCF4 /* grayBtn.png */,
				326DBED116C9BA8F0026FCF4 /* grayBtn@2x.png */,
				326DBED216C9BA8F0026FCF4 /* leaderboard_icon.png */,
				326DBED316C9BA8F0026FCF4 /* leaderboard_icon@2x.png */,
				326DBED416C9BA8F0026FCF4 /* noThanksBtn.png */,
				326DBED516C9BA8F0026FCF4 /* noThanksBtn@2x.png */,
				326DBED616C9BA8F0026FCF4 /* profile.png */,
				326DBED716C9BA8F0026FCF4 /* profile@2x.png */,
				326DBED816C9BA8F0026FCF4 /* segmented_bg.png */,
				326DBED916C9BA8F0026FCF4 /* segmented_bg@2x.png */,
				326DBEDA16C9BA8F0026FCF4 /* segmented_highlight.png */,
				326DBEDB16C9BA8F0026FCF4 /* segmented_highlight@2x.png */,
				326DBEDC16C9BA8F0026FCF4 /* twitterBtn.png */,
				326DBEDD16C9BA8F0026FCF4 /* twitterBtn@2x.png */,
				326DBEDE16C9BA8F0026FCF4 /* user_icon.png */,
				326DBEDF16C9BA8F0026FCF4 /* user_icon@2x.png */,
			);
			path = images;
			sourceTree = "<group>";
		};
		326DBEE016C9BA8F0026FCF4 /* xib */ = {
			isa = PBXGroup;
			children = (
				326DBEE116C9BA8F0026FCF4 /* OKLeaderboardsListViewController.xib */,
				326DBEE216C9BA8F0026FCF4 /* OKLeaderboardViewController.xib */,
				326DBEE316C9BA8F0026FCF4 /* OKNickViewController.xib */,
				326DBEE416C9BA8F0026FCF4 /* OKProfileViewController.xib */,
				326DBEE516C9BA8F0026FCF4 /* OKScoreViewController.xib */,
			);
			path = xib;
			sourceTree = "<group>";
		};
		44A317AF168BD1EF00D9C90E = {
			isa = PBXGroup;
			children = (
				326DC26616C9BC360026FCF4 /* FacebookSDKResources.bundle */,
				321EEC1D16C9EB1000EA0BEF /* OpenKitSDK.embeddedframework */,
				326DBE8D16C9BA8E0026FCF4 /* openkit-src */,
				326DBE5E16C9BA860026FCF4 /* openkit-vendor */,
				44A317C4168BD1EF00D9C90E /* SampleApp */,
				44A317BD168BD1EF00D9C90E /* Frameworks */,
				44A317BB168BD1EF00D9C90E /* Products */,
			);
			sourceTree = "<group>";
		};
		44A317BB168BD1EF00D9C90E /* Products */ = {
			isa = PBXGroup;
			children = (
				44A317BA168BD1EF00D9C90E /* SampleApp.app */,
				321CA81C16C75C9D00240C0F /* SampleAppSrc.app */,
			);
			name = Products;
			sourceTree = "<group>";
		};
		44A317BD168BD1EF00D9C90E /* Frameworks */ = {
			isa = PBXGroup;
			children = (
				32C3AA0C16B9DA39001423A3 /* MobileCoreServices.framework */,
				32C3AA0A16B9DA34001423A3 /* SystemConfiguration.framework */,
				2C87C14C16B746D4004A4F81 /* QuartzCore.framework */,
				4403315D169BAA3E0090B4FA /* Security.framework */,
				44A317F8168D098600D9C90E /* Twitter.framework */,
				44A317ED168BD36100D9C90E /* Social.framework */,
				44A317EB168BD35200D9C90E /* AdSupport.framework */,
				44A317E9168BD34600D9C90E /* Accounts.framework */,
				44A317BE168BD1EF00D9C90E /* UIKit.framework */,
				44A317C0168BD1EF00D9C90E /* Foundation.framework */,
				44A317C2168BD1EF00D9C90E /* CoreGraphics.framework */,
			);
			name = Frameworks;
			sourceTree = "<group>";
		};
		44A317C4168BD1EF00D9C90E /* SampleApp */ = {
			isa = PBXGroup;
			children = (
				32C3AA1216BA0D17001423A3 /* CloudDataTestVC.h */,
				32C3AA1316BA0D17001423A3 /* CloudDataTestVC.m */,
				32C3AA1416BA0D17001423A3 /* CloudDataTestVC.xib */,
				320906B816C396F800878B49 /* KJBindingManager.h */,
				320906B916C396F800878B49 /* KJBindingManager.m */,
				44A317CD168BD1EF00D9C90E /* OKAppDelegate.h */,
				44A317CE168BD1EF00D9C90E /* OKAppDelegate.m */,
				44A317D6168BD1EF00D9C90E /* OKViewController.h */,
				44A317D7168BD1EF00D9C90E /* OKViewController.m */,
				44A317D9168BD1EF00D9C90E /* OKViewController.xib */,
				44FB02E0169E1500003619DD /* ScoreSubmitterVC.h */,
				44FB02E1169E1500003619DD /* ScoreSubmitterVC.m */,
				44FB02E2169E1500003619DD /* ScoreSubmitterVC.xib */,
				44A317C5168BD1EF00D9C90E /* Supporting Files */,
			);
			path = SampleApp;
			sourceTree = "<group>";
		};
		44A317C5168BD1EF00D9C90E /* Supporting Files */ = {
			isa = PBXGroup;
			children = (
				44A317C6168BD1EF00D9C90E /* SampleApp-Info.plist */,
				321CA8D316C761B500240C0F /* SampleAppSrc-Info.plist */,
				44A317C7168BD1EF00D9C90E /* InfoPlist.strings */,
				44A317CA168BD1EF00D9C90E /* main.m */,
				44A317CC168BD1EF00D9C90E /* SampleApp-Prefix.pch */,
				44A317D0168BD1EF00D9C90E /* Default.png */,
				44A317D2168BD1EF00D9C90E /* Default@2x.png */,
				44A317D4168BD1EF00D9C90E /* Default-568h@2x.png */,
			);
			name = "Supporting Files";
			sourceTree = "<group>";
		};
/* End PBXGroup section */

/* Begin PBXNativeTarget section */
		321CA7D316C75C9D00240C0F /* SampleAppSrc */ = {
			isa = PBXNativeTarget;
			buildConfigurationList = 321CA81916C75C9D00240C0F /* Build configuration list for PBXNativeTarget "SampleAppSrc" */;
			buildPhases = (
				321CA7D416C75C9D00240C0F /* Sources */,
				321CA7E516C75C9D00240C0F /* Frameworks */,
				321CA7F316C75C9D00240C0F /* Resources */,
			);
			buildRules = (
			);
			dependencies = (
			);
			name = SampleAppSrc;
			productName = SampleApp;
			productReference = 321CA81C16C75C9D00240C0F /* SampleAppSrc.app */;
			productType = "com.apple.product-type.application";
		};
		44A317B9168BD1EF00D9C90E /* SampleApp */ = {
			isa = PBXNativeTarget;
			buildConfigurationList = 44A317DE168BD1EF00D9C90E /* Build configuration list for PBXNativeTarget "SampleApp" */;
			buildPhases = (
				44A317B6168BD1EF00D9C90E /* Sources */,
				44A317B7168BD1EF00D9C90E /* Frameworks */,
				44A317B8168BD1EF00D9C90E /* Resources */,
			);
			buildRules = (
			);
			dependencies = (
			);
			name = SampleApp;
			productName = SampleApp;
			productReference = 44A317BA168BD1EF00D9C90E /* SampleApp.app */;
			productType = "com.apple.product-type.application";
		};
/* End PBXNativeTarget section */

/* Begin PBXProject section */
		44A317B1168BD1EF00D9C90E /* Project object */ = {
			isa = PBXProject;
			attributes = {
				CLASSPREFIX = OK;
				LastUpgradeCheck = 0450;
				ORGANIZATIONNAME = "Suneet Shah";
			};
			buildConfigurationList = 44A317B4168BD1EF00D9C90E /* Build configuration list for PBXProject "SampleApp" */;
			compatibilityVersion = "Xcode 3.2";
			developmentRegion = English;
			hasScannedForEncodings = 0;
			knownRegions = (
				en,
			);
			mainGroup = 44A317AF168BD1EF00D9C90E;
			productRefGroup = 44A317BB168BD1EF00D9C90E /* Products */;
			projectDirPath = "";
			projectRoot = "";
			targets = (
				44A317B9168BD1EF00D9C90E /* SampleApp */,
				321CA7D316C75C9D00240C0F /* SampleAppSrc */,
			);
		};
/* End PBXProject section */

/* Begin PBXResourcesBuildPhase section */
		321CA7F316C75C9D00240C0F /* Resources */ = {
			isa = PBXResourcesBuildPhase;
			buildActionMask = 2147483647;
			files = (
				321CA7F416C75C9D00240C0F /* InfoPlist.strings in Resources */,
				321CA7F516C75C9D00240C0F /* Default.png in Resources */,
				321CA7F616C75C9D00240C0F /* Default@2x.png in Resources */,
				321CA7F716C75C9D00240C0F /* Default-568h@2x.png in Resources */,
				321CA7F816C75C9D00240C0F /* OKViewController.xib in Resources */,
				321CA7F916C75C9D00240C0F /* ScoreSubmitterVC.xib in Resources */,
				321CA7FA16C75C9D00240C0F /* CloudDataTestVC.xib in Resources */,
				326DBF0016C9BA8F0026FCF4 /* cell_border.png in Resources */,
				326DBF0116C9BA8F0026FCF4 /* cell_border@2x.png in Resources */,
				326DBF0216C9BA8F0026FCF4 /* close.png in Resources */,
				326DBF0316C9BA8F0026FCF4 /* close@2x.png in Resources */,
				326DBF0416C9BA8F0026FCF4 /* doneBtn.png in Resources */,
				326DBF0516C9BA8F0026FCF4 /* dontBtn@2x.png in Resources */,
				326DBF0616C9BA8F0026FCF4 /* fbBtn.png in Resources */,
				326DBF0716C9BA8F0026FCF4 /* fbBtn@2x.png in Resources */,
				326DBF0816C9BA8F0026FCF4 /* grayBtn.png in Resources */,
				326DBF0916C9BA8F0026FCF4 /* grayBtn@2x.png in Resources */,
				326DBF0A16C9BA8F0026FCF4 /* leaderboard_icon.png in Resources */,
				326DBF0B16C9BA8F0026FCF4 /* leaderboard_icon@2x.png in Resources */,
				326DBF0C16C9BA8F0026FCF4 /* noThanksBtn.png in Resources */,
				326DBF0D16C9BA8F0026FCF4 /* noThanksBtn@2x.png in Resources */,
				326DBF0E16C9BA8F0026FCF4 /* profile.png in Resources */,
				326DBF0F16C9BA8F0026FCF4 /* profile@2x.png in Resources */,
				326DBF1016C9BA8F0026FCF4 /* segmented_bg.png in Resources */,
				326DBF1116C9BA8F0026FCF4 /* segmented_bg@2x.png in Resources */,
				326DBF1216C9BA8F0026FCF4 /* segmented_highlight.png in Resources */,
				326DBF1316C9BA8F0026FCF4 /* segmented_highlight@2x.png in Resources */,
				326DBF1416C9BA8F0026FCF4 /* twitterBtn.png in Resources */,
				326DBF1516C9BA8F0026FCF4 /* twitterBtn@2x.png in Resources */,
				326DBF1616C9BA8F0026FCF4 /* user_icon.png in Resources */,
				326DBF1716C9BA8F0026FCF4 /* user_icon@2x.png in Resources */,
				326DBF1816C9BA8F0026FCF4 /* OKLeaderboardsListViewController.xib in Resources */,
				326DBF1916C9BA8F0026FCF4 /* OKLeaderboardViewController.xib in Resources */,
				326DBF1A16C9BA8F0026FCF4 /* OKNickViewController.xib in Resources */,
				326DBF1B16C9BA8F0026FCF4 /* OKProfileViewController.xib in Resources */,
				326DBF1C16C9BA8F0026FCF4 /* OKScoreViewController.xib in Resources */,
				326DC26816C9BC360026FCF4 /* FacebookSDKResources.bundle in Resources */,
			);
			runOnlyForDeploymentPostprocessing = 0;
		};
		44A317B8168BD1EF00D9C90E /* Resources */ = {
			isa = PBXResourcesBuildPhase;
			buildActionMask = 2147483647;
			files = (
				44A317C9168BD1EF00D9C90E /* InfoPlist.strings in Resources */,
				44A317D1168BD1EF00D9C90E /* Default.png in Resources */,
				44A317D3168BD1EF00D9C90E /* Default@2x.png in Resources */,
				44A317D5168BD1EF00D9C90E /* Default-568h@2x.png in Resources */,
				44A317DB168BD1EF00D9C90E /* OKViewController.xib in Resources */,
				44FB02E4169E1500003619DD /* ScoreSubmitterVC.xib in Resources */,
				32C3AA1616BA0D17001423A3 /* CloudDataTestVC.xib in Resources */,
				326DC26716C9BC360026FCF4 /* FacebookSDKResources.bundle in Resources */,
				321EEC3E16C9EB1000EA0BEF /* cell_border.png in Resources */,
				321EEC3F16C9EB1000EA0BEF /* cell_border@2x.png in Resources */,
				321EEC4016C9EB1000EA0BEF /* close.png in Resources */,
				321EEC4116C9EB1000EA0BEF /* close@2x.png in Resources */,
				321EEC4216C9EB1000EA0BEF /* doneBtn.png in Resources */,
				321EEC4316C9EB1000EA0BEF /* dontBtn@2x.png in Resources */,
				321EEC4416C9EB1000EA0BEF /* fbBtn.png in Resources */,
				321EEC4516C9EB1000EA0BEF /* fbBtn@2x.png in Resources */,
				321EEC4616C9EB1000EA0BEF /* grayBtn.png in Resources */,
				321EEC4716C9EB1000EA0BEF /* grayBtn@2x.png in Resources */,
				321EEC4816C9EB1000EA0BEF /* leaderboard_icon.png in Resources */,
				321EEC4916C9EB1000EA0BEF /* leaderboard_icon@2x.png in Resources */,
				321EEC4A16C9EB1000EA0BEF /* noThanksBtn.png in Resources */,
				321EEC4B16C9EB1000EA0BEF /* noThanksBtn@2x.png in Resources */,
				321EEC4C16C9EB1000EA0BEF /* OKLeaderboardsListViewController.nib in Resources */,
				321EEC4D16C9EB1000EA0BEF /* OKLeaderboardViewController.nib in Resources */,
				321EEC4E16C9EB1000EA0BEF /* OKNickViewController.nib in Resources */,
				321EEC4F16C9EB1000EA0BEF /* OKProfileViewController.nib in Resources */,
				321EEC5016C9EB1000EA0BEF /* OKScoreViewController.nib in Resources */,
				321EEC5116C9EB1000EA0BEF /* profile.png in Resources */,
				321EEC5216C9EB1000EA0BEF /* profile@2x.png in Resources */,
				321EEC5316C9EB1000EA0BEF /* segmented_bg.png in Resources */,
				321EEC5416C9EB1000EA0BEF /* segmented_bg@2x.png in Resources */,
				321EEC5516C9EB1000EA0BEF /* segmented_highlight.png in Resources */,
				321EEC5616C9EB1000EA0BEF /* segmented_highlight@2x.png in Resources */,
				321EEC5716C9EB1000EA0BEF /* twitterBtn.png in Resources */,
				321EEC5816C9EB1000EA0BEF /* twitterBtn@2x.png in Resources */,
				321EEC5916C9EB1000EA0BEF /* user_icon.png in Resources */,
				321EEC5A16C9EB1000EA0BEF /* user_icon@2x.png in Resources */,
			);
			runOnlyForDeploymentPostprocessing = 0;
		};
/* End PBXResourcesBuildPhase section */

/* Begin PBXSourcesBuildPhase section */
		321CA7D416C75C9D00240C0F /* Sources */ = {
			isa = PBXSourcesBuildPhase;
			buildActionMask = 2147483647;
			files = (
				321CA7D516C75C9D00240C0F /* main.m in Sources */,
				321CA7D616C75C9D00240C0F /* OKAppDelegate.m in Sources */,
				321CA7D716C75C9D00240C0F /* OKViewController.m in Sources */,
				321CA7D816C75C9D00240C0F /* ScoreSubmitterVC.m in Sources */,
				321CA7D916C75C9D00240C0F /* CloudDataTestVC.m in Sources */,
				326DBE7816C9BA860026FCF4 /* AFHTTPClient.m in Sources */,
				326DBE7A16C9BA860026FCF4 /* AFHTTPRequestOperation.m in Sources */,
				326DBE7C16C9BA860026FCF4 /* AFImageRequestOperation.m in Sources */,
				326DBE7E16C9BA860026FCF4 /* AFJSONRequestOperation.m in Sources */,
				326DBE8016C9BA860026FCF4 /* AFNetworkActivityIndicatorManager.m in Sources */,
				326DBE8216C9BA860026FCF4 /* AFPropertyListRequestOperation.m in Sources */,
				326DBE8416C9BA860026FCF4 /* AFURLConnectionOperation.m in Sources */,
				326DBE8616C9BA860026FCF4 /* AFXMLRequestOperation.m in Sources */,
				326DBE8816C9BA860026FCF4 /* UIImageView+AFNetworking.m in Sources */,
				326DBE8C16C9BA860026FCF4 /* JSONKit.m in Sources */,
				326DBEE616C9BA8F0026FCF4 /* AbstractActionSheetPicker.m in Sources */,
				326DBEE716C9BA8F0026FCF4 /* ActionSheetStringPicker.m in Sources */,
				326DBEE816C9BA8F0026FCF4 /* KGModal.m in Sources */,
				326DBEE916C9BA8F0026FCF4 /* OKBaseLoginViewController.m in Sources */,
				326DBEEA16C9BA8F0026FCF4 /* OKCloud.m in Sources */,
				326DBEEB16C9BA8F0026FCF4 /* OKDirector.m in Sources */,
				326DBEEC16C9BA8F0026FCF4 /* OKFacebookUtilities.m in Sources */,
				326DBEED16C9BA8F0026FCF4 /* OKHelper.m in Sources */,
				326DBEEE16C9BA8F0026FCF4 /* OKLeaderboard.m in Sources */,
				326DBEEF16C9BA8F0026FCF4 /* OKLeaderboardListCell.m in Sources */,
				326DBEF016C9BA8F0026FCF4 /* OKLeaderboardsListViewController.m in Sources */,
				326DBEF116C9BA8F0026FCF4 /* OKLeaderboardsViewController.m in Sources */,
				326DBEF216C9BA8F0026FCF4 /* OKLeaderboardViewController.m in Sources */,
				326DBEF316C9BA8F0026FCF4 /* OKLoginView.m in Sources */,
				326DBEF416C9BA8F0026FCF4 /* OKNetworker.m in Sources */,
				326DBEF516C9BA8F0026FCF4 /* OKNickViewController.m in Sources */,
				326DBEF616C9BA8F0026FCF4 /* OKProfileViewController.m in Sources */,
				326DBEF716C9BA8F0026FCF4 /* OKScore.m in Sources */,
				326DBEF816C9BA8F0026FCF4 /* OKScoreCell.m in Sources */,
				326DBEF916C9BA8F0026FCF4 /* OKScoreViewCell.m in Sources */,
				326DBEFA16C9BA8F0026FCF4 /* OKScoreViewController.m in Sources */,
				326DBEFB16C9BA8F0026FCF4 /* OKTwitterUtilities.m in Sources */,
				326DBEFC16C9BA8F0026FCF4 /* OKUser.m in Sources */,
				326DBEFD16C9BA8F0026FCF4 /* OKUserProfileImageView.m in Sources */,
				326DBEFE16C9BA8F0026FCF4 /* OKUserUtilities.m in Sources */,
				326DBEFF16C9BA8F0026FCF4 /* SimpleKeychain.m in Sources */,
			);
			runOnlyForDeploymentPostprocessing = 0;
		};
		44A317B6168BD1EF00D9C90E /* Sources */ = {
			isa = PBXSourcesBuildPhase;
			buildActionMask = 2147483647;
			files = (
				44A317CB168BD1EF00D9C90E /* main.m in Sources */,
				44A317CF168BD1EF00D9C90E /* OKAppDelegate.m in Sources */,
				44A317D8168BD1EF00D9C90E /* OKViewController.m in Sources */,
				44FB02E3169E1500003619DD /* ScoreSubmitterVC.m in Sources */,
				32C3AA1516BA0D17001423A3 /* CloudDataTestVC.m in Sources */,
				320906BA16C396F800878B49 /* KJBindingManager.m in Sources */,
				326DBE7716C9BA860026FCF4 /* AFHTTPClient.m in Sources */,
				326DBE7916C9BA860026FCF4 /* AFHTTPRequestOperation.m in Sources */,
				326DBE7B16C9BA860026FCF4 /* AFImageRequestOperation.m in Sources */,
				326DBE7D16C9BA860026FCF4 /* AFJSONRequestOperation.m in Sources */,
				326DBE7F16C9BA860026FCF4 /* AFNetworkActivityIndicatorManager.m in Sources */,
				326DBE8116C9BA860026FCF4 /* AFPropertyListRequestOperation.m in Sources */,
				326DBE8316C9BA860026FCF4 /* AFURLConnectionOperation.m in Sources */,
				326DBE8516C9BA860026FCF4 /* AFXMLRequestOperation.m in Sources */,
				326DBE8716C9BA860026FCF4 /* UIImageView+AFNetworking.m in Sources */,
				326DBE8B16C9BA860026FCF4 /* JSONKit.m in Sources */,
			);
			runOnlyForDeploymentPostprocessing = 0;
		};
/* End PBXSourcesBuildPhase section */

/* Begin PBXVariantGroup section */
		44A317C7168BD1EF00D9C90E /* InfoPlist.strings */ = {
			isa = PBXVariantGroup;
			children = (
				44A317C8168BD1EF00D9C90E /* en */,
			);
			name = InfoPlist.strings;
			sourceTree = "<group>";
		};
		44A317D9168BD1EF00D9C90E /* OKViewController.xib */ = {
			isa = PBXVariantGroup;
			children = (
				44A317DA168BD1EF00D9C90E /* en */,
			);
			name = OKViewController.xib;
			sourceTree = "<group>";
		};
/* End PBXVariantGroup section */

/* Begin XCBuildConfiguration section */
		321CA81A16C75C9D00240C0F /* Debug */ = {
			isa = XCBuildConfiguration;
			buildSettings = {
				CODE_SIGN_IDENTITY = "iPhone Developer";
				FRAMEWORK_SEARCH_PATHS = (
					"$(inherited)",
					"\"$(SRCROOT)\"",
					"\"$(SRCROOT)/../../openkit-vendor\"",
				);
				GCC_PRECOMPILE_PREFIX_HEADER = YES;
				GCC_PREFIX_HEADER = "SampleApp/SampleApp-Prefix.pch";
				HEADER_SEARCH_PATHS = "\"$(SRCROOT)/../../openkit-src\"/**";
				INFOPLIST_FILE = "SampleApp/SampleAppSrc-Info.plist";
				LIBRARY_SEARCH_PATHS = "$(inherited)";
				OTHER_LDFLAGS = "-lsqlite3.0";
				PRODUCT_NAME = SampleAppSrc;
				PROVISIONING_PROFILE = "";
				SDKROOT = iphoneos;
				WRAPPER_EXTENSION = app;
			};
			name = Debug;
		};
		321CA81B16C75C9D00240C0F /* Release */ = {
			isa = XCBuildConfiguration;
			buildSettings = {
				FRAMEWORK_SEARCH_PATHS = (
					"$(inherited)",
					"\"$(SRCROOT)\"",
					"\"$(SRCROOT)/../../openkit-vendor\"",
				);
				GCC_PRECOMPILE_PREFIX_HEADER = YES;
				GCC_PREFIX_HEADER = "SampleApp/SampleApp-Prefix.pch";
				HEADER_SEARCH_PATHS = "\"$(SRCROOT)/../../openkit-src\"/**";
				INFOPLIST_FILE = "SampleApp/SampleAppSrc-Info.plist";
				LIBRARY_SEARCH_PATHS = "$(inherited)";
				OTHER_LDFLAGS = "-lsqlite3.0";
				PRODUCT_NAME = SampleAppSrc;
				SDKROOT = iphoneos;
				WRAPPER_EXTENSION = app;
			};
			name = Release;
		};
		44A317DC168BD1EF00D9C90E /* Debug */ = {
			isa = XCBuildConfiguration;
			buildSettings = {
				ALWAYS_SEARCH_USER_PATHS = NO;
				CLANG_CXX_LANGUAGE_STANDARD = "gnu++0x";
				CLANG_CXX_LIBRARY = "libc++";
				CLANG_ENABLE_OBJC_ARC = YES;
				CLANG_WARN_EMPTY_BODY = YES;
				CLANG_WARN__DUPLICATE_METHOD_MATCH = YES;
				CODE_SIGN_IDENTITY = "iPhone Developer: Louis Zell (8BBCV5P67D)";
				"CODE_SIGN_IDENTITY[sdk=iphoneos*]" = "iPhone Developer";
				COPY_PHASE_STRIP = NO;
				GCC_C_LANGUAGE_STANDARD = gnu99;
				GCC_DYNAMIC_NO_PIC = NO;
				GCC_OPTIMIZATION_LEVEL = 0;
				GCC_PREPROCESSOR_DEFINITIONS = (
					"DEBUG=1",
					"$(inherited)",
				);
				GCC_SYMBOLS_PRIVATE_EXTERN = NO;
				GCC_WARN_ABOUT_RETURN_TYPE = YES;
				GCC_WARN_UNINITIALIZED_AUTOS = YES;
				GCC_WARN_UNUSED_VARIABLE = YES;
				IPHONEOS_DEPLOYMENT_TARGET = 6.0;
				ONLY_ACTIVE_ARCH = YES;
				PROVISIONING_PROFILE = "5B100CBB-83B3-4246-AB61-B05A36A0DD1F";
				SDKROOT = iphoneos;
			};
			name = Debug;
		};
		44A317DD168BD1EF00D9C90E /* Release */ = {
			isa = XCBuildConfiguration;
			buildSettings = {
				ALWAYS_SEARCH_USER_PATHS = NO;
				CLANG_CXX_LANGUAGE_STANDARD = "gnu++0x";
				CLANG_CXX_LIBRARY = "libc++";
				CLANG_ENABLE_OBJC_ARC = YES;
				CLANG_WARN_EMPTY_BODY = YES;
				CLANG_WARN__DUPLICATE_METHOD_MATCH = YES;
				"CODE_SIGN_IDENTITY[sdk=iphoneos*]" = "iPhone Developer";
				COPY_PHASE_STRIP = YES;
				GCC_C_LANGUAGE_STANDARD = gnu99;
				GCC_WARN_ABOUT_RETURN_TYPE = YES;
				GCC_WARN_UNINITIALIZED_AUTOS = YES;
				GCC_WARN_UNUSED_VARIABLE = YES;
				IPHONEOS_DEPLOYMENT_TARGET = 6.0;
				OTHER_CFLAGS = "-DNS_BLOCK_ASSERTIONS=1";
				SDKROOT = iphoneos;
				VALIDATE_PRODUCT = YES;
			};
			name = Release;
		};
		44A317DF168BD1EF00D9C90E /* Debug */ = {
			isa = XCBuildConfiguration;
			buildSettings = {
				CODE_SIGN_IDENTITY = "iPhone Developer";
				FRAMEWORK_SEARCH_PATHS = (
					"$(inherited)",
					"\"$(SRCROOT)\"",
					"\"$(SRCROOT)/../../openkit-vendor\"",
					"\"$(SRCROOT)/../../../../../Library/Developer/Xcode/DerivedData/BuildOpenKitSDK-aczrtpsavhxrnsfeiggtjyszurqq/Build/Products/Debug-iphoneos/BuildOpenKitSDK.embeddedframework\"",
				);
				GCC_PRECOMPILE_PREFIX_HEADER = YES;
				GCC_PREFIX_HEADER = "SampleApp/SampleApp-Prefix.pch";
				HEADER_SEARCH_PATHS = "\"$(SRCROOT)/../../openkit-static-lib/OpenKitSDK/include\"";
				INFOPLIST_FILE = "SampleApp/SampleApp-Info.plist";
				LIBRARY_SEARCH_PATHS = (
					"$(inherited)",
					"\"$(SRCROOT)/../../openkit-static-lib/OpenKitSDK\"",
				);
				OTHER_LDFLAGS = "-lsqlite3.0";
				PRODUCT_NAME = "$(TARGET_NAME)";
				PROVISIONING_PROFILE = "";
				SDKROOT = iphoneos;
				WRAPPER_EXTENSION = app;
			};
			name = Debug;
		};
		44A317E0168BD1EF00D9C90E /* Release */ = {
			isa = XCBuildConfiguration;
			buildSettings = {
				FRAMEWORK_SEARCH_PATHS = (
					"$(inherited)",
					"\"$(SRCROOT)\"",
					"\"$(SRCROOT)/../../openkit-vendor\"",
					"\"$(SRCROOT)/../../../../../Library/Developer/Xcode/DerivedData/BuildOpenKitSDK-aczrtpsavhxrnsfeiggtjyszurqq/Build/Products/Debug-iphoneos/BuildOpenKitSDK.embeddedframework\"",
				);
				GCC_PRECOMPILE_PREFIX_HEADER = YES;
				GCC_PREFIX_HEADER = "SampleApp/SampleApp-Prefix.pch";
				HEADER_SEARCH_PATHS = "\"$(SRCROOT)/../../openkit-static-lib/OpenKitSDK/include\"";
				INFOPLIST_FILE = "SampleApp/SampleApp-Info.plist";
				LIBRARY_SEARCH_PATHS = (
					"$(inherited)",
					"\"$(SRCROOT)/../../openkit-static-lib/OpenKitSDK\"",
				);
				OTHER_LDFLAGS = "-lsqlite3.0";
				PRODUCT_NAME = "$(TARGET_NAME)";
				SDKROOT = iphoneos;
				WRAPPER_EXTENSION = app;
			};
			name = Release;
		};
/* End XCBuildConfiguration section */

/* Begin XCConfigurationList section */
		321CA81916C75C9D00240C0F /* Build configuration list for PBXNativeTarget "SampleAppSrc" */ = {
			isa = XCConfigurationList;
			buildConfigurations = (
				321CA81A16C75C9D00240C0F /* Debug */,
				321CA81B16C75C9D00240C0F /* Release */,
			);
			defaultConfigurationIsVisible = 0;
			defaultConfigurationName = Release;
		};
		44A317B4168BD1EF00D9C90E /* Build configuration list for PBXProject "SampleApp" */ = {
			isa = XCConfigurationList;
			buildConfigurations = (
				44A317DC168BD1EF00D9C90E /* Debug */,
				44A317DD168BD1EF00D9C90E /* Release */,
			);
			defaultConfigurationIsVisible = 0;
			defaultConfigurationName = Release;
		};
		44A317DE168BD1EF00D9C90E /* Build configuration list for PBXNativeTarget "SampleApp" */ = {
			isa = XCConfigurationList;
			buildConfigurations = (
				44A317DF168BD1EF00D9C90E /* Debug */,
				44A317E0168BD1EF00D9C90E /* Release */,
			);
			defaultConfigurationIsVisible = 0;
			defaultConfigurationName = Release;
		};
/* End XCConfigurationList section */
	};
	rootObject = 44A317B1168BD1EF00D9C90E /* Project object */;
}
